
Microsoft Visual Studio Solution File, Format Version 12.00
# Visual Studio Version 16
VisualStudioVersion = 16.0.32602.291
MinimumVisualStudioVersion = 10.0.40219.1
Project("{8BC9CEB8-8B4A-11D0-8D11-00A0C91BC942}") = "C_Lang_01", "C_Lang_01\C_Lang_01.vcxproj", "{334DC338-D257-402F-81E5-A42D44E32FF0}"
EndProject
Project("{8BC9CEB8-8B4A-11D0-8D11-00A0C91BC942}") = "Diamond", "Diamond\Diamond.vcxproj", "{82299792-B6E0-4445-8A06-8857610D90FC}"
EndProject
Project("{8BC9CEB8-8B4A-11D0-8D11-00A0C91BC942}") = "HanoiTower", "HanoiTower\HanoiTower.vcxproj", "{759ED052-067F-42D0-915C-0E8DCC5DF90C}"
EndProject
Project("{8BC9CEB8-8B4A-11D0-8D11-00A0C91BC942}") = "MagicSquare", "MagicSquare\MagicSquare.vcxproj", "{B7823C89-702C-48E5-8911-B5AF93B40956}"
EndProject
Project("{2150E333-8FDC-42A3-9474-1A3956D46DE8}") = "C_00_Basic", "C_00_Basic", "{FD0F7367-617D-47DB-9726-DF95EEAB38DF}"
EndProject
Project("{8BC9CEB8-8B4A-11D0-8D11-00A0C91BC942}") = "Student_Mang", "Student_Mang\Student_Mang.vcxproj", "{03D11F8D-F3C7-46A7-8665-FDF46AB06F37}"
EndProject
Project("{8BC9CEB8-8B4A-11D0-8D11-00A0C91BC942}") = "LinkedList", "LinkedList\LinkedList.vcxproj", "{948CB0DF-463E-416D-A235-FCFF408BF66D}"
EndProject
Project("{2150E333-8FDC-42A3-9474-1A3956D46DE8}") = "LinkedList_", "LinkedList_", "{4988A4FC-3407-4659-B747-7398DA807898}"
EndProject
Project("{8BC9CEB8-8B4A-11D0-8D11-00A0C91BC942}") = "Student_LinkedList", "Student_LinkedList\Student_LinkedList.vcxproj", "{5C8E77C3-1287-4F78-8A16-6D0E3CCF42AE}"
EndProject
Project("{8BC9CEB8-8B4A-11D0-8D11-00A0C91BC942}") = "Student_LinkedList_Mk2", "Student_LinkedList_Mk2\Student_LinkedList_Mk2.vcxproj", "{FA0BEEEE-C231-4A96-974D-DCE58F33C263}"
EndProject
Project("{8BC9CEB8-8B4A-11D0-8D11-00A0C91BC942}") = "DualLinkedList", "DualLinkedList\DualLinkedList.vcxproj", "{0A472ABB-BFE5-4A51-BCC7-93C4BAA48DEF}"
EndProject
Project("{8BC9CEB8-8B4A-11D0-8D11-00A0C91BC942}") = "JosepsProblem", "JosepsProblem\JosepsProblem.vcxproj", "{901B3707-71AA-4E22-9715-9A93B7E5EAAF}"
EndProject
Project("{8BC9CEB8-8B4A-11D0-8D11-00A0C91BC942}") = "LinkedListLib", "LinkedListLib\LinkedListLib.vcxproj", "{B67FC869-68C7-4C25-93DB-9DF31FAFC957}"
EndProject
Project("{2150E333-8FDC-42A3-9474-1A3956D46DE8}") = "DataStructure", "DataStructure", "{3912E685-DB5B-4178-96C9-E2EF7BFCE97F}"
EndProject
Project("{8BC9CEB8-8B4A-11D0-8D11-00A0C91BC942}") = "Stack", "Stack\Stack.vcxproj", "{DE388CA8-230B-47AB-9650-7DBE5F24C0C8}"
EndProject
Project("{8BC9CEB8-8B4A-11D0-8D11-00A0C91BC942}") = "Queue", "Queue\Queue.vcxproj", "{A7622A8C-3397-4A64-BF5A-8562CB244601}"
EndProject
Project("{8BC9CEB8-8B4A-11D0-8D11-00A0C91BC942}") = "C_plusplusToy", "C_plusplusToy\C_plusplusToy.vcxproj", "{41C07B6A-5220-4511-A134-1CA0212460F2}"
EndProject
Project("{2150E333-8FDC-42A3-9474-1A3956D46DE8}") = "C++_Basic", "C++_Basic", "{6B388571-1AB3-4905-8343-FA0826A9F262}"
EndProject
Project("{8BC9CEB8-8B4A-11D0-8D11-00A0C91BC942}") = "Beakjoon1712", "Beakjoon1712\Beakjoon1712.vcxproj", "{A87477AB-DC32-4E40-9CB5-A658409518CD}"
EndProject
Project("{2150E333-8FDC-42A3-9474-1A3956D46DE8}") = "BeakJoon", "BeakJoon", "{E28C33C3-51A2-421C-A3C1-C2CB650D2C51}"
EndProject
Project("{8BC9CEB8-8B4A-11D0-8D11-00A0C91BC942}") = "Class", "Class\Class.vcxproj", "{FBFC265A-211E-4BEF-A3EB-E5C750033D67}"
EndProject
Project("{8BC9CEB8-8B4A-11D0-8D11-00A0C91BC942}") = "_Region", "_Region\_Region.vcxproj", "{D07ACAD8-71B7-4810-8DBC-3551AFF52BB2}"
EndProject
Project("{8BC9CEB8-8B4A-11D0-8D11-00A0C91BC942}") = "CopyConstructor", "CopyConstructor\CopyConstructor.vcxproj", "{C60E8DE7-3C78-4FBF-B526-87F14CEE9299}"
EndProject
Project("{8BC9CEB8-8B4A-11D0-8D11-00A0C91BC942}") = "_01template", "_01template\_01template.vcxproj", "{69A13B4A-8AFE-421F-B5E5-52401B708CBE}"
EndProject
Project("{8BC9CEB8-8B4A-11D0-8D11-00A0C91BC942}") = "_02template", "_02template\_02template.vcxproj", "{2160AB11-4CC6-4B0A-B756-F2E144BD7DB3}"
EndProject
Project("{8BC9CEB8-8B4A-11D0-8D11-00A0C91BC942}") = "0725_Assignment", "0725_Assignment\0725_Assignment.vcxproj", "{EA0182D8-4198-4C93-BD87-7FC98D67B580}"
EndProject
Project("{2150E333-8FDC-42A3-9474-1A3956D46DE8}") = "Assingment", "Assingment", "{905597E5-F6B7-4767-B711-30D5185CA05E}"
EndProject
Project("{8BC9CEB8-8B4A-11D0-8D11-00A0C91BC942}") = "CPP_STL", "CPP_STL\CPP_STL.vcxproj", "{1C11CC2C-C827-4672-BCB4-926791AC2EC5}"
EndProject
Project("{8BC9CEB8-8B4A-11D0-8D11-00A0C91BC942}") = "QuickSort", "QuickSort\QuickSort.vcxproj", "{F5AF9B20-A4A4-4135-B3C1-B9F716BBC04B}"
EndProject
Project("{8BC9CEB8-8B4A-11D0-8D11-00A0C91BC942}") = "BTree", "BTree\BTree.vcxproj", "{2AADBF0C-5FF2-4A85-8864-08BBE6D408BA}"
EndProject
Project("{8BC9CEB8-8B4A-11D0-8D11-00A0C91BC942}") = "BSTree", "BSTree\BSTree.vcxproj", "{DD2F1FF9-3672-4F58-9A10-44315D1A6525}"
EndProject
Project("{2150E333-8FDC-42A3-9474-1A3956D46DE8}") = "C++_STL", "C++_STL", "{F848E4FE-9FC8-4D8E-B0D2-5459269F712A}"
EndProject
Project("{8BC9CEB8-8B4A-11D0-8D11-00A0C91BC942}") = "_vector02", "_vector02\_vector02.vcxproj", "{597C129F-F69C-4978-B9B6-AE77DE127C47}"
EndProject
Project("{8BC9CEB8-8B4A-11D0-8D11-00A0C91BC942}") = "QuadTree01", "QuadTree01\QuadTree01.vcxproj", "{F7CCCBBD-B859-45C4-B2AC-0BA0456E4DB4}"
EndProject
Project("{8BC9CEB8-8B4A-11D0-8D11-00A0C91BC942}") = "OcTree01", "OcTree01\OcTree01.vcxproj", "{AE62EB9F-8D66-4246-91F5-A0A258AA788B}"
EndProject
Project("{2150E333-8FDC-42A3-9474-1A3956D46DE8}") = "Math", "Math", "{30B2C237-EE13-4706-9593-F63703CDEDF4}"
EndProject
Project("{8BC9CEB8-8B4A-11D0-8D11-00A0C91BC942}") = "PonitNLines", "PonitNLines\PonitNLines.vcxproj", "{FD1E3A9E-FBF5-43D2-99B0-5EFBD04CD34D}"
EndProject
Project("{8BC9CEB8-8B4A-11D0-8D11-00A0C91BC942}") = "Trigonometry", "Trigonometry\Trigonometry.vcxproj", "{5C08A2B2-F03D-41F7-AB79-038EDC0C8BB8}"
EndProject
Project("{2150E333-8FDC-42A3-9474-1A3956D46DE8}") = "DX", "DX", "{D29CB3BD-5048-4E81-AF24-D603497D7616}"
EndProject
Project("{8BC9CEB8-8B4A-11D0-8D11-00A0C91BC942}") = "CreateWindow", "CreateWindow\CreateWindow.vcxproj", "{EBC2B6D4-5181-4A66-BBD9-8C14D82DAD32}"
EndProject
Project("{8BC9CEB8-8B4A-11D0-8D11-00A0C91BC942}") = "Vector", "Vector\Vector.vcxproj", "{0F5DB9AE-BF34-4BED-9408-85947F8704FA}"
EndProject
Project("{8BC9CEB8-8B4A-11D0-8D11-00A0C91BC942}") = "MatrixOperation", "MatrixOperation\MatrixOperation.vcxproj", "{19D21522-3A73-4795-8312-5E219442610C}"
EndProject
Project("{8BC9CEB8-8B4A-11D0-8D11-00A0C91BC942}") = "CreateTriangle", "CreateTriangle\CreateTriangle.vcxproj", "{80CC7344-3F10-4AB2-BD51-4A9EAB8F5122}"
EndProject
Project("{8BC9CEB8-8B4A-11D0-8D11-00A0C91BC942}") = "CreateTriangle_02", "CreateTriangle_02\CreateTriangle_02.vcxproj", "{7B44864B-B2B4-40C6-9231-1529DC83E8C4}"
EndProject
Project("{8BC9CEB8-8B4A-11D0-8D11-00A0C91BC942}") = "Octree_02", "Octree_02\Octree_02.vcxproj", "{90961399-D015-4CD4-9AC2-B87C744E99BE}"
EndProject
Project("{8BC9CEB8-8B4A-11D0-8D11-00A0C91BC942}") = "CreateDevice", "CreateDevice\CreateDevice.vcxproj", "{AB8F6D24-E174-4C34-A873-092BE7665247}"
EndProject
Project("{8BC9CEB8-8B4A-11D0-8D11-00A0C91BC942}") = "CreateDevice_01", "CreateDevice_01\CreateDevice_01.vcxproj", "{9F130A1F-D23F-44D2-9B85-7A66BB2D4F34}"
EndProject
Project("{8BC9CEB8-8B4A-11D0-8D11-00A0C91BC942}") = "CreateTriangle_03", "CreateTriangle_03\CreateTriangle_03.vcxproj", "{1DC5F81F-7CF2-423A-B998-DA9B4F2D120C}"
EndProject
Project("{8BC9CEB8-8B4A-11D0-8D11-00A0C91BC942}") = "CreateTexture", "CreateTexture\CreateTexture.vcxproj", "{A2EB2359-627B-4A86-8EA4-7CDA9AC59F10}"
EndProject
Project("{8BC9CEB8-8B4A-11D0-8D11-00A0C91BC942}") = "CreateTexture_02", "CreateTexture_02\CreateTexture_02.vcxproj", "{9A5C2566-F39E-42A1-BE19-8C9B7EECF6C8}"
EndProject
Project("{8BC9CEB8-8B4A-11D0-8D11-00A0C91BC942}") = "DirectXTK_Desktop_2019", "..\etc\DirectXTK-main\DirectXTK_Desktop_2019.vcxproj", "{E0B52AE7-E160-4D32-BF3F-910B785E5A8E}"
EndProject
Project("{2150E333-8FDC-42A3-9474-1A3956D46DE8}") = "Device", "Device", "{4260139F-B5AA-4BD7-82BC-F71EF99B18DD}"
EndProject
Project("{2150E333-8FDC-42A3-9474-1A3956D46DE8}") = "Texture", "Texture", "{F9B712CA-840C-4A23-8F08-3FA054DA45DB}"
EndProject
Project("{2150E333-8FDC-42A3-9474-1A3956D46DE8}") = "Triangel", "Triangel", "{4819DCE4-380E-43B0-BB3A-4E6EC7A95169}"
EndProject
Project("{8BC9CEB8-8B4A-11D0-8D11-00A0C91BC942}") = "CreateTexture_03", "CreateTexture_03\CreateTexture_03.vcxproj", "{B753DA50-CA23-4D63-801B-0928D7563140}"
EndProject
Project("{8BC9CEB8-8B4A-11D0-8D11-00A0C91BC942}") = "CreateTexture_04", "CreateTexture_04\CreateTexture_04.vcxproj", "{B0350F84-1C2B-48D8-A4D8-112EA31D150C}"
EndProject
Project("{8BC9CEB8-8B4A-11D0-8D11-00A0C91BC942}") = "CreateObject_01", "CreateObject_01\CreateObject_01.vcxproj", "{2497E3F9-BDB3-44FF-B5D9-9CA08AC638F5}"
EndProject
Project("{8BC9CEB8-8B4A-11D0-8D11-00A0C91BC942}") = "CreateObject_02", "CreateObject_02\CreateObject_02.vcxproj", "{3B25BC25-EEE6-4B95-B0B4-5D332E65E422}"
EndProject
Project("{8BC9CEB8-8B4A-11D0-8D11-00A0C91BC942}") = "CreateWrite_01", "CreateWrite_01\CreateWrite_01.vcxproj", "{DA566032-4499-49D3-9B29-68BDE16E16FF}"
EndProject
Project("{2150E333-8FDC-42A3-9474-1A3956D46DE8}") = "CreateWrite", "CreateWrite", "{201FE5AE-BE8C-405A-98E6-D68526444E7E}"
EndProject
Project("{2150E333-8FDC-42A3-9474-1A3956D46DE8}") = "Lib", "Lib", "{DA3D1D54-D1DC-4FF6-897F-79CE53B89F4E}"
EndProject
Project("{8BC9CEB8-8B4A-11D0-8D11-00A0C91BC942}") = "PJSCore", "PJSCore\PJSCore.vcxproj", "{241139F8-F0D9-4D44-9EE6-322BFBD32E37}"
EndProject
Project("{8BC9CEB8-8B4A-11D0-8D11-00A0C91BC942}") = "TestWindow", "TestWindow\TestWindow.vcxproj", "{D7409C23-F899-4089-8CB3-8BAAF95CAD7B}"
EndProject
Project("{8BC9CEB8-8B4A-11D0-8D11-00A0C91BC942}") = "TestDevice", "TestDevice\TestDevice.vcxproj", "{2045821B-99D1-4876-81C9-BB4E9DF8321C}"
EndProject
Project("{8BC9CEB8-8B4A-11D0-8D11-00A0C91BC942}") = "TestWrite", "TestWrite\TestWrite.vcxproj", "{9AF45099-E585-4229-B06C-095E0228D148}"
EndProject
Project("{8BC9CEB8-8B4A-11D0-8D11-00A0C91BC942}") = "TestTimer", "TestTimer\TestTimer.vcxproj", "{9BC860F3-2BF2-4104-BBB9-DFE61B4E9523}"
EndProject
Project("{8BC9CEB8-8B4A-11D0-8D11-00A0C91BC942}") = "TestInput", "TestInput\TestInput.vcxproj", "{D2BEBB5C-4C09-4A90-8204-5507EE1E5F56}"
EndProject
Project("{2150E333-8FDC-42A3-9474-1A3956D46DE8}") = "Object", "Object", "{BDFF30A8-0D19-4B7E-BA13-2051159EBF4E}"
EndProject
Project("{8BC9CEB8-8B4A-11D0-8D11-00A0C91BC942}") = "CreateObject", "CreateObject\CreateObject.vcxproj", "{E08CC12B-4047-4375-8553-A0DB9E472255}"
EndProject
Global
	GlobalSection(SolutionConfigurationPlatforms) = preSolution
		Debug|ARM64 = Debug|ARM64
		Debug|x64 = Debug|x64
		Debug|x86 = Debug|x86
		Release|ARM64 = Release|ARM64
		Release|x64 = Release|x64
		Release|x86 = Release|x86
	EndGlobalSection
	GlobalSection(ProjectConfigurationPlatforms) = postSolution
		{334DC338-D257-402F-81E5-A42D44E32FF0}.Debug|ARM64.ActiveCfg = Debug|Win32
		{334DC338-D257-402F-81E5-A42D44E32FF0}.Debug|x64.ActiveCfg = Debug|x64
		{334DC338-D257-402F-81E5-A42D44E32FF0}.Debug|x64.Build.0 = Debug|x64
		{334DC338-D257-402F-81E5-A42D44E32FF0}.Debug|x86.ActiveCfg = Debug|Win32
		{334DC338-D257-402F-81E5-A42D44E32FF0}.Debug|x86.Build.0 = Debug|Win32
		{334DC338-D257-402F-81E5-A42D44E32FF0}.Release|ARM64.ActiveCfg = Release|Win32
		{334DC338-D257-402F-81E5-A42D44E32FF0}.Release|x64.ActiveCfg = Release|x64
		{334DC338-D257-402F-81E5-A42D44E32FF0}.Release|x64.Build.0 = Release|x64
		{334DC338-D257-402F-81E5-A42D44E32FF0}.Release|x86.ActiveCfg = Release|Win32
		{334DC338-D257-402F-81E5-A42D44E32FF0}.Release|x86.Build.0 = Release|Win32
		{82299792-B6E0-4445-8A06-8857610D90FC}.Debug|ARM64.ActiveCfg = Debug|Win32
		{82299792-B6E0-4445-8A06-8857610D90FC}.Debug|x64.ActiveCfg = Debug|x64
		{82299792-B6E0-4445-8A06-8857610D90FC}.Debug|x64.Build.0 = Debug|x64
		{82299792-B6E0-4445-8A06-8857610D90FC}.Debug|x86.ActiveCfg = Debug|Win32
		{82299792-B6E0-4445-8A06-8857610D90FC}.Debug|x86.Build.0 = Debug|Win32
		{82299792-B6E0-4445-8A06-8857610D90FC}.Release|ARM64.ActiveCfg = Release|Win32
		{82299792-B6E0-4445-8A06-8857610D90FC}.Release|x64.ActiveCfg = Release|x64
		{82299792-B6E0-4445-8A06-8857610D90FC}.Release|x64.Build.0 = Release|x64
		{82299792-B6E0-4445-8A06-8857610D90FC}.Release|x86.ActiveCfg = Release|Win32
		{82299792-B6E0-4445-8A06-8857610D90FC}.Release|x86.Build.0 = Release|Win32
		{759ED052-067F-42D0-915C-0E8DCC5DF90C}.Debug|ARM64.ActiveCfg = Debug|Win32
		{759ED052-067F-42D0-915C-0E8DCC5DF90C}.Debug|x64.ActiveCfg = Debug|x64
		{759ED052-067F-42D0-915C-0E8DCC5DF90C}.Debug|x64.Build.0 = Debug|x64
		{759ED052-067F-42D0-915C-0E8DCC5DF90C}.Debug|x86.ActiveCfg = Debug|Win32
		{759ED052-067F-42D0-915C-0E8DCC5DF90C}.Debug|x86.Build.0 = Debug|Win32
		{759ED052-067F-42D0-915C-0E8DCC5DF90C}.Release|ARM64.ActiveCfg = Release|Win32
		{759ED052-067F-42D0-915C-0E8DCC5DF90C}.Release|x64.ActiveCfg = Release|x64
		{759ED052-067F-42D0-915C-0E8DCC5DF90C}.Release|x64.Build.0 = Release|x64
		{759ED052-067F-42D0-915C-0E8DCC5DF90C}.Release|x86.ActiveCfg = Release|Win32
		{759ED052-067F-42D0-915C-0E8DCC5DF90C}.Release|x86.Build.0 = Release|Win32
		{B7823C89-702C-48E5-8911-B5AF93B40956}.Debug|ARM64.ActiveCfg = Debug|Win32
		{B7823C89-702C-48E5-8911-B5AF93B40956}.Debug|x64.ActiveCfg = Debug|x64
		{B7823C89-702C-48E5-8911-B5AF93B40956}.Debug|x64.Build.0 = Debug|x64
		{B7823C89-702C-48E5-8911-B5AF93B40956}.Debug|x86.ActiveCfg = Debug|Win32
		{B7823C89-702C-48E5-8911-B5AF93B40956}.Debug|x86.Build.0 = Debug|Win32
		{B7823C89-702C-48E5-8911-B5AF93B40956}.Release|ARM64.ActiveCfg = Release|Win32
		{B7823C89-702C-48E5-8911-B5AF93B40956}.Release|x64.ActiveCfg = Release|x64
		{B7823C89-702C-48E5-8911-B5AF93B40956}.Release|x64.Build.0 = Release|x64
		{B7823C89-702C-48E5-8911-B5AF93B40956}.Release|x86.ActiveCfg = Release|Win32
		{B7823C89-702C-48E5-8911-B5AF93B40956}.Release|x86.Build.0 = Release|Win32
		{03D11F8D-F3C7-46A7-8665-FDF46AB06F37}.Debug|ARM64.ActiveCfg = Debug|Win32
		{03D11F8D-F3C7-46A7-8665-FDF46AB06F37}.Debug|x64.ActiveCfg = Debug|x64
		{03D11F8D-F3C7-46A7-8665-FDF46AB06F37}.Debug|x64.Build.0 = Debug|x64
		{03D11F8D-F3C7-46A7-8665-FDF46AB06F37}.Debug|x86.ActiveCfg = Debug|Win32
		{03D11F8D-F3C7-46A7-8665-FDF46AB06F37}.Debug|x86.Build.0 = Debug|Win32
		{03D11F8D-F3C7-46A7-8665-FDF46AB06F37}.Release|ARM64.ActiveCfg = Release|Win32
		{03D11F8D-F3C7-46A7-8665-FDF46AB06F37}.Release|x64.ActiveCfg = Release|x64
		{03D11F8D-F3C7-46A7-8665-FDF46AB06F37}.Release|x64.Build.0 = Release|x64
		{03D11F8D-F3C7-46A7-8665-FDF46AB06F37}.Release|x86.ActiveCfg = Release|Win32
		{03D11F8D-F3C7-46A7-8665-FDF46AB06F37}.Release|x86.Build.0 = Release|Win32
		{948CB0DF-463E-416D-A235-FCFF408BF66D}.Debug|ARM64.ActiveCfg = Debug|Win32
		{948CB0DF-463E-416D-A235-FCFF408BF66D}.Debug|x64.ActiveCfg = Debug|x64
		{948CB0DF-463E-416D-A235-FCFF408BF66D}.Debug|x64.Build.0 = Debug|x64
		{948CB0DF-463E-416D-A235-FCFF408BF66D}.Debug|x86.ActiveCfg = Debug|Win32
		{948CB0DF-463E-416D-A235-FCFF408BF66D}.Debug|x86.Build.0 = Debug|Win32
		{948CB0DF-463E-416D-A235-FCFF408BF66D}.Release|ARM64.ActiveCfg = Release|Win32
		{948CB0DF-463E-416D-A235-FCFF408BF66D}.Release|x64.ActiveCfg = Release|x64
		{948CB0DF-463E-416D-A235-FCFF408BF66D}.Release|x64.Build.0 = Release|x64
		{948CB0DF-463E-416D-A235-FCFF408BF66D}.Release|x86.ActiveCfg = Release|Win32
		{948CB0DF-463E-416D-A235-FCFF408BF66D}.Release|x86.Build.0 = Release|Win32
		{5C8E77C3-1287-4F78-8A16-6D0E3CCF42AE}.Debug|ARM64.ActiveCfg = Debug|Win32
		{5C8E77C3-1287-4F78-8A16-6D0E3CCF42AE}.Debug|x64.ActiveCfg = Debug|x64
		{5C8E77C3-1287-4F78-8A16-6D0E3CCF42AE}.Debug|x64.Build.0 = Debug|x64
		{5C8E77C3-1287-4F78-8A16-6D0E3CCF42AE}.Debug|x86.ActiveCfg = Debug|Win32
		{5C8E77C3-1287-4F78-8A16-6D0E3CCF42AE}.Debug|x86.Build.0 = Debug|Win32
		{5C8E77C3-1287-4F78-8A16-6D0E3CCF42AE}.Release|ARM64.ActiveCfg = Release|Win32
		{5C8E77C3-1287-4F78-8A16-6D0E3CCF42AE}.Release|x64.ActiveCfg = Release|x64
		{5C8E77C3-1287-4F78-8A16-6D0E3CCF42AE}.Release|x64.Build.0 = Release|x64
		{5C8E77C3-1287-4F78-8A16-6D0E3CCF42AE}.Release|x86.ActiveCfg = Release|Win32
		{5C8E77C3-1287-4F78-8A16-6D0E3CCF42AE}.Release|x86.Build.0 = Release|Win32
		{FA0BEEEE-C231-4A96-974D-DCE58F33C263}.Debug|ARM64.ActiveCfg = Debug|Win32
		{FA0BEEEE-C231-4A96-974D-DCE58F33C263}.Debug|x64.ActiveCfg = Debug|x64
		{FA0BEEEE-C231-4A96-974D-DCE58F33C263}.Debug|x64.Build.0 = Debug|x64
		{FA0BEEEE-C231-4A96-974D-DCE58F33C263}.Debug|x86.ActiveCfg = Debug|Win32
		{FA0BEEEE-C231-4A96-974D-DCE58F33C263}.Debug|x86.Build.0 = Debug|Win32
		{FA0BEEEE-C231-4A96-974D-DCE58F33C263}.Release|ARM64.ActiveCfg = Release|Win32
		{FA0BEEEE-C231-4A96-974D-DCE58F33C263}.Release|x64.ActiveCfg = Release|x64
		{FA0BEEEE-C231-4A96-974D-DCE58F33C263}.Release|x64.Build.0 = Release|x64
		{FA0BEEEE-C231-4A96-974D-DCE58F33C263}.Release|x86.ActiveCfg = Release|Win32
		{FA0BEEEE-C231-4A96-974D-DCE58F33C263}.Release|x86.Build.0 = Release|Win32
		{0A472ABB-BFE5-4A51-BCC7-93C4BAA48DEF}.Debug|ARM64.ActiveCfg = Debug|Win32
		{0A472ABB-BFE5-4A51-BCC7-93C4BAA48DEF}.Debug|x64.ActiveCfg = Debug|x64
		{0A472ABB-BFE5-4A51-BCC7-93C4BAA48DEF}.Debug|x64.Build.0 = Debug|x64
		{0A472ABB-BFE5-4A51-BCC7-93C4BAA48DEF}.Debug|x86.ActiveCfg = Debug|Win32
		{0A472ABB-BFE5-4A51-BCC7-93C4BAA48DEF}.Debug|x86.Build.0 = Debug|Win32
		{0A472ABB-BFE5-4A51-BCC7-93C4BAA48DEF}.Release|ARM64.ActiveCfg = Release|Win32
		{0A472ABB-BFE5-4A51-BCC7-93C4BAA48DEF}.Release|x64.ActiveCfg = Release|x64
		{0A472ABB-BFE5-4A51-BCC7-93C4BAA48DEF}.Release|x64.Build.0 = Release|x64
		{0A472ABB-BFE5-4A51-BCC7-93C4BAA48DEF}.Release|x86.ActiveCfg = Release|Win32
		{0A472ABB-BFE5-4A51-BCC7-93C4BAA48DEF}.Release|x86.Build.0 = Release|Win32
		{901B3707-71AA-4E22-9715-9A93B7E5EAAF}.Debug|ARM64.ActiveCfg = Debug|Win32
		{901B3707-71AA-4E22-9715-9A93B7E5EAAF}.Debug|x64.ActiveCfg = Debug|x64
		{901B3707-71AA-4E22-9715-9A93B7E5EAAF}.Debug|x64.Build.0 = Debug|x64
		{901B3707-71AA-4E22-9715-9A93B7E5EAAF}.Debug|x86.ActiveCfg = Debug|Win32
		{901B3707-71AA-4E22-9715-9A93B7E5EAAF}.Debug|x86.Build.0 = Debug|Win32
		{901B3707-71AA-4E22-9715-9A93B7E5EAAF}.Release|ARM64.ActiveCfg = Release|Win32
		{901B3707-71AA-4E22-9715-9A93B7E5EAAF}.Release|x64.ActiveCfg = Release|x64
		{901B3707-71AA-4E22-9715-9A93B7E5EAAF}.Release|x64.Build.0 = Release|x64
		{901B3707-71AA-4E22-9715-9A93B7E5EAAF}.Release|x86.ActiveCfg = Release|Win32
		{901B3707-71AA-4E22-9715-9A93B7E5EAAF}.Release|x86.Build.0 = Release|Win32
		{B67FC869-68C7-4C25-93DB-9DF31FAFC957}.Debug|ARM64.ActiveCfg = Debug|Win32
		{B67FC869-68C7-4C25-93DB-9DF31FAFC957}.Debug|x64.ActiveCfg = Debug|x64
		{B67FC869-68C7-4C25-93DB-9DF31FAFC957}.Debug|x64.Build.0 = Debug|x64
		{B67FC869-68C7-4C25-93DB-9DF31FAFC957}.Debug|x86.ActiveCfg = Debug|Win32
		{B67FC869-68C7-4C25-93DB-9DF31FAFC957}.Debug|x86.Build.0 = Debug|Win32
		{B67FC869-68C7-4C25-93DB-9DF31FAFC957}.Release|ARM64.ActiveCfg = Release|Win32
		{B67FC869-68C7-4C25-93DB-9DF31FAFC957}.Release|x64.ActiveCfg = Release|x64
		{B67FC869-68C7-4C25-93DB-9DF31FAFC957}.Release|x64.Build.0 = Release|x64
		{B67FC869-68C7-4C25-93DB-9DF31FAFC957}.Release|x86.ActiveCfg = Release|Win32
		{B67FC869-68C7-4C25-93DB-9DF31FAFC957}.Release|x86.Build.0 = Release|Win32
		{DE388CA8-230B-47AB-9650-7DBE5F24C0C8}.Debug|ARM64.ActiveCfg = Debug|Win32
		{DE388CA8-230B-47AB-9650-7DBE5F24C0C8}.Debug|x64.ActiveCfg = Debug|x64
		{DE388CA8-230B-47AB-9650-7DBE5F24C0C8}.Debug|x64.Build.0 = Debug|x64
		{DE388CA8-230B-47AB-9650-7DBE5F24C0C8}.Debug|x86.ActiveCfg = Debug|Win32
		{DE388CA8-230B-47AB-9650-7DBE5F24C0C8}.Debug|x86.Build.0 = Debug|Win32
		{DE388CA8-230B-47AB-9650-7DBE5F24C0C8}.Release|ARM64.ActiveCfg = Release|Win32
		{DE388CA8-230B-47AB-9650-7DBE5F24C0C8}.Release|x64.ActiveCfg = Release|x64
		{DE388CA8-230B-47AB-9650-7DBE5F24C0C8}.Release|x64.Build.0 = Release|x64
		{DE388CA8-230B-47AB-9650-7DBE5F24C0C8}.Release|x86.ActiveCfg = Release|Win32
		{DE388CA8-230B-47AB-9650-7DBE5F24C0C8}.Release|x86.Build.0 = Release|Win32
		{A7622A8C-3397-4A64-BF5A-8562CB244601}.Debug|ARM64.ActiveCfg = Debug|Win32
		{A7622A8C-3397-4A64-BF5A-8562CB244601}.Debug|x64.ActiveCfg = Debug|x64
		{A7622A8C-3397-4A64-BF5A-8562CB244601}.Debug|x64.Build.0 = Debug|x64
		{A7622A8C-3397-4A64-BF5A-8562CB244601}.Debug|x86.ActiveCfg = Debug|Win32
		{A7622A8C-3397-4A64-BF5A-8562CB244601}.Debug|x86.Build.0 = Debug|Win32
		{A7622A8C-3397-4A64-BF5A-8562CB244601}.Release|ARM64.ActiveCfg = Release|Win32
		{A7622A8C-3397-4A64-BF5A-8562CB244601}.Release|x64.ActiveCfg = Release|x64
		{A7622A8C-3397-4A64-BF5A-8562CB244601}.Release|x64.Build.0 = Release|x64
		{A7622A8C-3397-4A64-BF5A-8562CB244601}.Release|x86.ActiveCfg = Release|Win32
		{A7622A8C-3397-4A64-BF5A-8562CB244601}.Release|x86.Build.0 = Release|Win32
		{41C07B6A-5220-4511-A134-1CA0212460F2}.Debug|ARM64.ActiveCfg = Debug|Win32
		{41C07B6A-5220-4511-A134-1CA0212460F2}.Debug|x64.ActiveCfg = Debug|x64
		{41C07B6A-5220-4511-A134-1CA0212460F2}.Debug|x64.Build.0 = Debug|x64
		{41C07B6A-5220-4511-A134-1CA0212460F2}.Debug|x86.ActiveCfg = Debug|Win32
		{41C07B6A-5220-4511-A134-1CA0212460F2}.Debug|x86.Build.0 = Debug|Win32
		{41C07B6A-5220-4511-A134-1CA0212460F2}.Release|ARM64.ActiveCfg = Release|Win32
		{41C07B6A-5220-4511-A134-1CA0212460F2}.Release|x64.ActiveCfg = Release|x64
		{41C07B6A-5220-4511-A134-1CA0212460F2}.Release|x64.Build.0 = Release|x64
		{41C07B6A-5220-4511-A134-1CA0212460F2}.Release|x86.ActiveCfg = Release|Win32
		{41C07B6A-5220-4511-A134-1CA0212460F2}.Release|x86.Build.0 = Release|Win32
		{A87477AB-DC32-4E40-9CB5-A658409518CD}.Debug|ARM64.ActiveCfg = Debug|Win32
		{A87477AB-DC32-4E40-9CB5-A658409518CD}.Debug|x64.ActiveCfg = Debug|x64
		{A87477AB-DC32-4E40-9CB5-A658409518CD}.Debug|x64.Build.0 = Debug|x64
		{A87477AB-DC32-4E40-9CB5-A658409518CD}.Debug|x86.ActiveCfg = Debug|Win32
		{A87477AB-DC32-4E40-9CB5-A658409518CD}.Debug|x86.Build.0 = Debug|Win32
		{A87477AB-DC32-4E40-9CB5-A658409518CD}.Release|ARM64.ActiveCfg = Release|Win32
		{A87477AB-DC32-4E40-9CB5-A658409518CD}.Release|x64.ActiveCfg = Release|x64
		{A87477AB-DC32-4E40-9CB5-A658409518CD}.Release|x64.Build.0 = Release|x64
		{A87477AB-DC32-4E40-9CB5-A658409518CD}.Release|x86.ActiveCfg = Release|Win32
		{A87477AB-DC32-4E40-9CB5-A658409518CD}.Release|x86.Build.0 = Release|Win32
		{FBFC265A-211E-4BEF-A3EB-E5C750033D67}.Debug|ARM64.ActiveCfg = Debug|Win32
		{FBFC265A-211E-4BEF-A3EB-E5C750033D67}.Debug|x64.ActiveCfg = Debug|x64
		{FBFC265A-211E-4BEF-A3EB-E5C750033D67}.Debug|x64.Build.0 = Debug|x64
		{FBFC265A-211E-4BEF-A3EB-E5C750033D67}.Debug|x86.ActiveCfg = Debug|Win32
		{FBFC265A-211E-4BEF-A3EB-E5C750033D67}.Debug|x86.Build.0 = Debug|Win32
		{FBFC265A-211E-4BEF-A3EB-E5C750033D67}.Release|ARM64.ActiveCfg = Release|Win32
		{FBFC265A-211E-4BEF-A3EB-E5C750033D67}.Release|x64.ActiveCfg = Release|x64
		{FBFC265A-211E-4BEF-A3EB-E5C750033D67}.Release|x64.Build.0 = Release|x64
		{FBFC265A-211E-4BEF-A3EB-E5C750033D67}.Release|x86.ActiveCfg = Release|Win32
		{FBFC265A-211E-4BEF-A3EB-E5C750033D67}.Release|x86.Build.0 = Release|Win32
		{D07ACAD8-71B7-4810-8DBC-3551AFF52BB2}.Debug|ARM64.ActiveCfg = Debug|Win32
		{D07ACAD8-71B7-4810-8DBC-3551AFF52BB2}.Debug|x64.ActiveCfg = Debug|x64
		{D07ACAD8-71B7-4810-8DBC-3551AFF52BB2}.Debug|x64.Build.0 = Debug|x64
		{D07ACAD8-71B7-4810-8DBC-3551AFF52BB2}.Debug|x86.ActiveCfg = Debug|Win32
		{D07ACAD8-71B7-4810-8DBC-3551AFF52BB2}.Debug|x86.Build.0 = Debug|Win32
		{D07ACAD8-71B7-4810-8DBC-3551AFF52BB2}.Release|ARM64.ActiveCfg = Release|Win32
		{D07ACAD8-71B7-4810-8DBC-3551AFF52BB2}.Release|x64.ActiveCfg = Release|x64
		{D07ACAD8-71B7-4810-8DBC-3551AFF52BB2}.Release|x64.Build.0 = Release|x64
		{D07ACAD8-71B7-4810-8DBC-3551AFF52BB2}.Release|x86.ActiveCfg = Release|Win32
		{D07ACAD8-71B7-4810-8DBC-3551AFF52BB2}.Release|x86.Build.0 = Release|Win32
		{C60E8DE7-3C78-4FBF-B526-87F14CEE9299}.Debug|ARM64.ActiveCfg = Debug|Win32
		{C60E8DE7-3C78-4FBF-B526-87F14CEE9299}.Debug|x64.ActiveCfg = Debug|x64
		{C60E8DE7-3C78-4FBF-B526-87F14CEE9299}.Debug|x64.Build.0 = Debug|x64
		{C60E8DE7-3C78-4FBF-B526-87F14CEE9299}.Debug|x86.ActiveCfg = Debug|Win32
		{C60E8DE7-3C78-4FBF-B526-87F14CEE9299}.Debug|x86.Build.0 = Debug|Win32
		{C60E8DE7-3C78-4FBF-B526-87F14CEE9299}.Release|ARM64.ActiveCfg = Release|Win32
		{C60E8DE7-3C78-4FBF-B526-87F14CEE9299}.Release|x64.ActiveCfg = Release|x64
		{C60E8DE7-3C78-4FBF-B526-87F14CEE9299}.Release|x64.Build.0 = Release|x64
		{C60E8DE7-3C78-4FBF-B526-87F14CEE9299}.Release|x86.ActiveCfg = Release|Win32
		{C60E8DE7-3C78-4FBF-B526-87F14CEE9299}.Release|x86.Build.0 = Release|Win32
		{69A13B4A-8AFE-421F-B5E5-52401B708CBE}.Debug|ARM64.ActiveCfg = Debug|Win32
		{69A13B4A-8AFE-421F-B5E5-52401B708CBE}.Debug|x64.ActiveCfg = Debug|x64
		{69A13B4A-8AFE-421F-B5E5-52401B708CBE}.Debug|x64.Build.0 = Debug|x64
		{69A13B4A-8AFE-421F-B5E5-52401B708CBE}.Debug|x86.ActiveCfg = Debug|Win32
		{69A13B4A-8AFE-421F-B5E5-52401B708CBE}.Debug|x86.Build.0 = Debug|Win32
		{69A13B4A-8AFE-421F-B5E5-52401B708CBE}.Release|ARM64.ActiveCfg = Release|Win32
		{69A13B4A-8AFE-421F-B5E5-52401B708CBE}.Release|x64.ActiveCfg = Release|x64
		{69A13B4A-8AFE-421F-B5E5-52401B708CBE}.Release|x64.Build.0 = Release|x64
		{69A13B4A-8AFE-421F-B5E5-52401B708CBE}.Release|x86.ActiveCfg = Release|Win32
		{69A13B4A-8AFE-421F-B5E5-52401B708CBE}.Release|x86.Build.0 = Release|Win32
		{2160AB11-4CC6-4B0A-B756-F2E144BD7DB3}.Debug|ARM64.ActiveCfg = Debug|Win32
		{2160AB11-4CC6-4B0A-B756-F2E144BD7DB3}.Debug|x64.ActiveCfg = Debug|x64
		{2160AB11-4CC6-4B0A-B756-F2E144BD7DB3}.Debug|x64.Build.0 = Debug|x64
		{2160AB11-4CC6-4B0A-B756-F2E144BD7DB3}.Debug|x86.ActiveCfg = Debug|Win32
		{2160AB11-4CC6-4B0A-B756-F2E144BD7DB3}.Debug|x86.Build.0 = Debug|Win32
		{2160AB11-4CC6-4B0A-B756-F2E144BD7DB3}.Release|ARM64.ActiveCfg = Release|Win32
		{2160AB11-4CC6-4B0A-B756-F2E144BD7DB3}.Release|x64.ActiveCfg = Release|x64
		{2160AB11-4CC6-4B0A-B756-F2E144BD7DB3}.Release|x64.Build.0 = Release|x64
		{2160AB11-4CC6-4B0A-B756-F2E144BD7DB3}.Release|x86.ActiveCfg = Release|Win32
		{2160AB11-4CC6-4B0A-B756-F2E144BD7DB3}.Release|x86.Build.0 = Release|Win32
		{EA0182D8-4198-4C93-BD87-7FC98D67B580}.Debug|ARM64.ActiveCfg = Debug|Win32
		{EA0182D8-4198-4C93-BD87-7FC98D67B580}.Debug|x64.ActiveCfg = Debug|x64
		{EA0182D8-4198-4C93-BD87-7FC98D67B580}.Debug|x64.Build.0 = Debug|x64
		{EA0182D8-4198-4C93-BD87-7FC98D67B580}.Debug|x86.ActiveCfg = Debug|Win32
		{EA0182D8-4198-4C93-BD87-7FC98D67B580}.Debug|x86.Build.0 = Debug|Win32
		{EA0182D8-4198-4C93-BD87-7FC98D67B580}.Release|ARM64.ActiveCfg = Release|Win32
		{EA0182D8-4198-4C93-BD87-7FC98D67B580}.Release|x64.ActiveCfg = Release|x64
		{EA0182D8-4198-4C93-BD87-7FC98D67B580}.Release|x64.Build.0 = Release|x64
		{EA0182D8-4198-4C93-BD87-7FC98D67B580}.Release|x86.ActiveCfg = Release|Win32
		{EA0182D8-4198-4C93-BD87-7FC98D67B580}.Release|x86.Build.0 = Release|Win32
		{1C11CC2C-C827-4672-BCB4-926791AC2EC5}.Debug|ARM64.ActiveCfg = Debug|Win32
		{1C11CC2C-C827-4672-BCB4-926791AC2EC5}.Debug|x64.ActiveCfg = Debug|x64
		{1C11CC2C-C827-4672-BCB4-926791AC2EC5}.Debug|x64.Build.0 = Debug|x64
		{1C11CC2C-C827-4672-BCB4-926791AC2EC5}.Debug|x86.ActiveCfg = Debug|Win32
		{1C11CC2C-C827-4672-BCB4-926791AC2EC5}.Debug|x86.Build.0 = Debug|Win32
		{1C11CC2C-C827-4672-BCB4-926791AC2EC5}.Release|ARM64.ActiveCfg = Release|Win32
		{1C11CC2C-C827-4672-BCB4-926791AC2EC5}.Release|x64.ActiveCfg = Release|x64
		{1C11CC2C-C827-4672-BCB4-926791AC2EC5}.Release|x64.Build.0 = Release|x64
		{1C11CC2C-C827-4672-BCB4-926791AC2EC5}.Release|x86.ActiveCfg = Release|Win32
		{1C11CC2C-C827-4672-BCB4-926791AC2EC5}.Release|x86.Build.0 = Release|Win32
		{F5AF9B20-A4A4-4135-B3C1-B9F716BBC04B}.Debug|ARM64.ActiveCfg = Debug|Win32
		{F5AF9B20-A4A4-4135-B3C1-B9F716BBC04B}.Debug|x64.ActiveCfg = Debug|x64
		{F5AF9B20-A4A4-4135-B3C1-B9F716BBC04B}.Debug|x64.Build.0 = Debug|x64
		{F5AF9B20-A4A4-4135-B3C1-B9F716BBC04B}.Debug|x86.ActiveCfg = Debug|Win32
		{F5AF9B20-A4A4-4135-B3C1-B9F716BBC04B}.Debug|x86.Build.0 = Debug|Win32
		{F5AF9B20-A4A4-4135-B3C1-B9F716BBC04B}.Release|ARM64.ActiveCfg = Release|Win32
		{F5AF9B20-A4A4-4135-B3C1-B9F716BBC04B}.Release|x64.ActiveCfg = Release|x64
		{F5AF9B20-A4A4-4135-B3C1-B9F716BBC04B}.Release|x64.Build.0 = Release|x64
		{F5AF9B20-A4A4-4135-B3C1-B9F716BBC04B}.Release|x86.ActiveCfg = Release|Win32
		{F5AF9B20-A4A4-4135-B3C1-B9F716BBC04B}.Release|x86.Build.0 = Release|Win32
		{2AADBF0C-5FF2-4A85-8864-08BBE6D408BA}.Debug|ARM64.ActiveCfg = Debug|Win32
		{2AADBF0C-5FF2-4A85-8864-08BBE6D408BA}.Debug|x64.ActiveCfg = Debug|x64
		{2AADBF0C-5FF2-4A85-8864-08BBE6D408BA}.Debug|x64.Build.0 = Debug|x64
		{2AADBF0C-5FF2-4A85-8864-08BBE6D408BA}.Debug|x86.ActiveCfg = Debug|Win32
		{2AADBF0C-5FF2-4A85-8864-08BBE6D408BA}.Debug|x86.Build.0 = Debug|Win32
		{2AADBF0C-5FF2-4A85-8864-08BBE6D408BA}.Release|ARM64.ActiveCfg = Release|Win32
		{2AADBF0C-5FF2-4A85-8864-08BBE6D408BA}.Release|x64.ActiveCfg = Release|x64
		{2AADBF0C-5FF2-4A85-8864-08BBE6D408BA}.Release|x64.Build.0 = Release|x64
		{2AADBF0C-5FF2-4A85-8864-08BBE6D408BA}.Release|x86.ActiveCfg = Release|Win32
		{2AADBF0C-5FF2-4A85-8864-08BBE6D408BA}.Release|x86.Build.0 = Release|Win32
		{DD2F1FF9-3672-4F58-9A10-44315D1A6525}.Debug|ARM64.ActiveCfg = Debug|Win32
		{DD2F1FF9-3672-4F58-9A10-44315D1A6525}.Debug|x64.ActiveCfg = Debug|x64
		{DD2F1FF9-3672-4F58-9A10-44315D1A6525}.Debug|x64.Build.0 = Debug|x64
		{DD2F1FF9-3672-4F58-9A10-44315D1A6525}.Debug|x86.ActiveCfg = Debug|Win32
		{DD2F1FF9-3672-4F58-9A10-44315D1A6525}.Debug|x86.Build.0 = Debug|Win32
		{DD2F1FF9-3672-4F58-9A10-44315D1A6525}.Release|ARM64.ActiveCfg = Release|Win32
		{DD2F1FF9-3672-4F58-9A10-44315D1A6525}.Release|x64.ActiveCfg = Release|x64
		{DD2F1FF9-3672-4F58-9A10-44315D1A6525}.Release|x64.Build.0 = Release|x64
		{DD2F1FF9-3672-4F58-9A10-44315D1A6525}.Release|x86.ActiveCfg = Release|Win32
		{DD2F1FF9-3672-4F58-9A10-44315D1A6525}.Release|x86.Build.0 = Release|Win32
		{597C129F-F69C-4978-B9B6-AE77DE127C47}.Debug|ARM64.ActiveCfg = Debug|Win32
		{597C129F-F69C-4978-B9B6-AE77DE127C47}.Debug|x64.ActiveCfg = Debug|x64
		{597C129F-F69C-4978-B9B6-AE77DE127C47}.Debug|x64.Build.0 = Debug|x64
		{597C129F-F69C-4978-B9B6-AE77DE127C47}.Debug|x86.ActiveCfg = Debug|Win32
		{597C129F-F69C-4978-B9B6-AE77DE127C47}.Debug|x86.Build.0 = Debug|Win32
		{597C129F-F69C-4978-B9B6-AE77DE127C47}.Release|ARM64.ActiveCfg = Release|Win32
		{597C129F-F69C-4978-B9B6-AE77DE127C47}.Release|x64.ActiveCfg = Release|x64
		{597C129F-F69C-4978-B9B6-AE77DE127C47}.Release|x64.Build.0 = Release|x64
		{597C129F-F69C-4978-B9B6-AE77DE127C47}.Release|x86.ActiveCfg = Release|Win32
		{597C129F-F69C-4978-B9B6-AE77DE127C47}.Release|x86.Build.0 = Release|Win32
		{F7CCCBBD-B859-45C4-B2AC-0BA0456E4DB4}.Debug|ARM64.ActiveCfg = Debug|Win32
		{F7CCCBBD-B859-45C4-B2AC-0BA0456E4DB4}.Debug|x64.ActiveCfg = Debug|x64
		{F7CCCBBD-B859-45C4-B2AC-0BA0456E4DB4}.Debug|x64.Build.0 = Debug|x64
		{F7CCCBBD-B859-45C4-B2AC-0BA0456E4DB4}.Debug|x86.ActiveCfg = Debug|Win32
		{F7CCCBBD-B859-45C4-B2AC-0BA0456E4DB4}.Debug|x86.Build.0 = Debug|Win32
		{F7CCCBBD-B859-45C4-B2AC-0BA0456E4DB4}.Release|ARM64.ActiveCfg = Release|Win32
		{F7CCCBBD-B859-45C4-B2AC-0BA0456E4DB4}.Release|x64.ActiveCfg = Release|x64
		{F7CCCBBD-B859-45C4-B2AC-0BA0456E4DB4}.Release|x64.Build.0 = Release|x64
		{F7CCCBBD-B859-45C4-B2AC-0BA0456E4DB4}.Release|x86.ActiveCfg = Release|Win32
		{F7CCCBBD-B859-45C4-B2AC-0BA0456E4DB4}.Release|x86.Build.0 = Release|Win32
		{AE62EB9F-8D66-4246-91F5-A0A258AA788B}.Debug|ARM64.ActiveCfg = Debug|Win32
		{AE62EB9F-8D66-4246-91F5-A0A258AA788B}.Debug|x64.ActiveCfg = Debug|x64
		{AE62EB9F-8D66-4246-91F5-A0A258AA788B}.Debug|x64.Build.0 = Debug|x64
		{AE62EB9F-8D66-4246-91F5-A0A258AA788B}.Debug|x86.ActiveCfg = Debug|Win32
		{AE62EB9F-8D66-4246-91F5-A0A258AA788B}.Debug|x86.Build.0 = Debug|Win32
		{AE62EB9F-8D66-4246-91F5-A0A258AA788B}.Release|ARM64.ActiveCfg = Release|Win32
		{AE62EB9F-8D66-4246-91F5-A0A258AA788B}.Release|x64.ActiveCfg = Release|x64
		{AE62EB9F-8D66-4246-91F5-A0A258AA788B}.Release|x64.Build.0 = Release|x64
		{AE62EB9F-8D66-4246-91F5-A0A258AA788B}.Release|x86.ActiveCfg = Release|Win32
		{AE62EB9F-8D66-4246-91F5-A0A258AA788B}.Release|x86.Build.0 = Release|Win32
		{FD1E3A9E-FBF5-43D2-99B0-5EFBD04CD34D}.Debug|ARM64.ActiveCfg = Debug|Win32
		{FD1E3A9E-FBF5-43D2-99B0-5EFBD04CD34D}.Debug|x64.ActiveCfg = Debug|x64
		{FD1E3A9E-FBF5-43D2-99B0-5EFBD04CD34D}.Debug|x64.Build.0 = Debug|x64
		{FD1E3A9E-FBF5-43D2-99B0-5EFBD04CD34D}.Debug|x86.ActiveCfg = Debug|Win32
		{FD1E3A9E-FBF5-43D2-99B0-5EFBD04CD34D}.Debug|x86.Build.0 = Debug|Win32
		{FD1E3A9E-FBF5-43D2-99B0-5EFBD04CD34D}.Release|ARM64.ActiveCfg = Release|Win32
		{FD1E3A9E-FBF5-43D2-99B0-5EFBD04CD34D}.Release|x64.ActiveCfg = Release|x64
		{FD1E3A9E-FBF5-43D2-99B0-5EFBD04CD34D}.Release|x64.Build.0 = Release|x64
		{FD1E3A9E-FBF5-43D2-99B0-5EFBD04CD34D}.Release|x86.ActiveCfg = Release|Win32
		{FD1E3A9E-FBF5-43D2-99B0-5EFBD04CD34D}.Release|x86.Build.0 = Release|Win32
		{5C08A2B2-F03D-41F7-AB79-038EDC0C8BB8}.Debug|ARM64.ActiveCfg = Debug|Win32
		{5C08A2B2-F03D-41F7-AB79-038EDC0C8BB8}.Debug|x64.ActiveCfg = Debug|x64
		{5C08A2B2-F03D-41F7-AB79-038EDC0C8BB8}.Debug|x64.Build.0 = Debug|x64
		{5C08A2B2-F03D-41F7-AB79-038EDC0C8BB8}.Debug|x86.ActiveCfg = Debug|Win32
		{5C08A2B2-F03D-41F7-AB79-038EDC0C8BB8}.Debug|x86.Build.0 = Debug|Win32
		{5C08A2B2-F03D-41F7-AB79-038EDC0C8BB8}.Release|ARM64.ActiveCfg = Release|Win32
		{5C08A2B2-F03D-41F7-AB79-038EDC0C8BB8}.Release|x64.ActiveCfg = Release|x64
		{5C08A2B2-F03D-41F7-AB79-038EDC0C8BB8}.Release|x64.Build.0 = Release|x64
		{5C08A2B2-F03D-41F7-AB79-038EDC0C8BB8}.Release|x86.ActiveCfg = Release|Win32
		{5C08A2B2-F03D-41F7-AB79-038EDC0C8BB8}.Release|x86.Build.0 = Release|Win32
		{EBC2B6D4-5181-4A66-BBD9-8C14D82DAD32}.Debug|ARM64.ActiveCfg = Debug|Win32
		{EBC2B6D4-5181-4A66-BBD9-8C14D82DAD32}.Debug|x64.ActiveCfg = Debug|x64
		{EBC2B6D4-5181-4A66-BBD9-8C14D82DAD32}.Debug|x64.Build.0 = Debug|x64
		{EBC2B6D4-5181-4A66-BBD9-8C14D82DAD32}.Debug|x86.ActiveCfg = Debug|Win32
		{EBC2B6D4-5181-4A66-BBD9-8C14D82DAD32}.Debug|x86.Build.0 = Debug|Win32
		{EBC2B6D4-5181-4A66-BBD9-8C14D82DAD32}.Release|ARM64.ActiveCfg = Release|Win32
		{EBC2B6D4-5181-4A66-BBD9-8C14D82DAD32}.Release|x64.ActiveCfg = Release|x64
		{EBC2B6D4-5181-4A66-BBD9-8C14D82DAD32}.Release|x64.Build.0 = Release|x64
		{EBC2B6D4-5181-4A66-BBD9-8C14D82DAD32}.Release|x86.ActiveCfg = Release|Win32
		{EBC2B6D4-5181-4A66-BBD9-8C14D82DAD32}.Release|x86.Build.0 = Release|Win32
		{0F5DB9AE-BF34-4BED-9408-85947F8704FA}.Debug|ARM64.ActiveCfg = Debug|Win32
		{0F5DB9AE-BF34-4BED-9408-85947F8704FA}.Debug|x64.ActiveCfg = Debug|x64
		{0F5DB9AE-BF34-4BED-9408-85947F8704FA}.Debug|x64.Build.0 = Debug|x64
		{0F5DB9AE-BF34-4BED-9408-85947F8704FA}.Debug|x86.ActiveCfg = Debug|Win32
		{0F5DB9AE-BF34-4BED-9408-85947F8704FA}.Debug|x86.Build.0 = Debug|Win32
		{0F5DB9AE-BF34-4BED-9408-85947F8704FA}.Release|ARM64.ActiveCfg = Release|Win32
		{0F5DB9AE-BF34-4BED-9408-85947F8704FA}.Release|x64.ActiveCfg = Release|x64
		{0F5DB9AE-BF34-4BED-9408-85947F8704FA}.Release|x64.Build.0 = Release|x64
		{0F5DB9AE-BF34-4BED-9408-85947F8704FA}.Release|x86.ActiveCfg = Release|Win32
		{0F5DB9AE-BF34-4BED-9408-85947F8704FA}.Release|x86.Build.0 = Release|Win32
		{19D21522-3A73-4795-8312-5E219442610C}.Debug|ARM64.ActiveCfg = Debug|Win32
		{19D21522-3A73-4795-8312-5E219442610C}.Debug|x64.ActiveCfg = Debug|x64
		{19D21522-3A73-4795-8312-5E219442610C}.Debug|x64.Build.0 = Debug|x64
		{19D21522-3A73-4795-8312-5E219442610C}.Debug|x86.ActiveCfg = Debug|Win32
		{19D21522-3A73-4795-8312-5E219442610C}.Debug|x86.Build.0 = Debug|Win32
		{19D21522-3A73-4795-8312-5E219442610C}.Release|ARM64.ActiveCfg = Release|Win32
		{19D21522-3A73-4795-8312-5E219442610C}.Release|x64.ActiveCfg = Release|x64
		{19D21522-3A73-4795-8312-5E219442610C}.Release|x64.Build.0 = Release|x64
		{19D21522-3A73-4795-8312-5E219442610C}.Release|x86.ActiveCfg = Release|Win32
		{19D21522-3A73-4795-8312-5E219442610C}.Release|x86.Build.0 = Release|Win32
		{80CC7344-3F10-4AB2-BD51-4A9EAB8F5122}.Debug|ARM64.ActiveCfg = Debug|Win32
		{80CC7344-3F10-4AB2-BD51-4A9EAB8F5122}.Debug|x64.ActiveCfg = Debug|x64
		{80CC7344-3F10-4AB2-BD51-4A9EAB8F5122}.Debug|x64.Build.0 = Debug|x64
		{80CC7344-3F10-4AB2-BD51-4A9EAB8F5122}.Debug|x86.ActiveCfg = Debug|Win32
		{80CC7344-3F10-4AB2-BD51-4A9EAB8F5122}.Debug|x86.Build.0 = Debug|Win32
		{80CC7344-3F10-4AB2-BD51-4A9EAB8F5122}.Release|ARM64.ActiveCfg = Release|Win32
		{80CC7344-3F10-4AB2-BD51-4A9EAB8F5122}.Release|x64.ActiveCfg = Release|x64
		{80CC7344-3F10-4AB2-BD51-4A9EAB8F5122}.Release|x64.Build.0 = Release|x64
		{80CC7344-3F10-4AB2-BD51-4A9EAB8F5122}.Release|x86.ActiveCfg = Release|Win32
		{80CC7344-3F10-4AB2-BD51-4A9EAB8F5122}.Release|x86.Build.0 = Release|Win32
		{7B44864B-B2B4-40C6-9231-1529DC83E8C4}.Debug|ARM64.ActiveCfg = Debug|Win32
		{7B44864B-B2B4-40C6-9231-1529DC83E8C4}.Debug|x64.ActiveCfg = Debug|x64
		{7B44864B-B2B4-40C6-9231-1529DC83E8C4}.Debug|x64.Build.0 = Debug|x64
		{7B44864B-B2B4-40C6-9231-1529DC83E8C4}.Debug|x86.ActiveCfg = Debug|Win32
		{7B44864B-B2B4-40C6-9231-1529DC83E8C4}.Debug|x86.Build.0 = Debug|Win32
		{7B44864B-B2B4-40C6-9231-1529DC83E8C4}.Release|ARM64.ActiveCfg = Release|Win32
		{7B44864B-B2B4-40C6-9231-1529DC83E8C4}.Release|x64.ActiveCfg = Release|x64
		{7B44864B-B2B4-40C6-9231-1529DC83E8C4}.Release|x64.Build.0 = Release|x64
		{7B44864B-B2B4-40C6-9231-1529DC83E8C4}.Release|x86.ActiveCfg = Release|Win32
		{7B44864B-B2B4-40C6-9231-1529DC83E8C4}.Release|x86.Build.0 = Release|Win32
		{90961399-D015-4CD4-9AC2-B87C744E99BE}.Debug|ARM64.ActiveCfg = Debug|Win32
		{90961399-D015-4CD4-9AC2-B87C744E99BE}.Debug|x64.ActiveCfg = Debug|x64
		{90961399-D015-4CD4-9AC2-B87C744E99BE}.Debug|x64.Build.0 = Debug|x64
		{90961399-D015-4CD4-9AC2-B87C744E99BE}.Debug|x86.ActiveCfg = Debug|Win32
		{90961399-D015-4CD4-9AC2-B87C744E99BE}.Debug|x86.Build.0 = Debug|Win32
		{90961399-D015-4CD4-9AC2-B87C744E99BE}.Release|ARM64.ActiveCfg = Release|Win32
		{90961399-D015-4CD4-9AC2-B87C744E99BE}.Release|x64.ActiveCfg = Release|x64
		{90961399-D015-4CD4-9AC2-B87C744E99BE}.Release|x64.Build.0 = Release|x64
		{90961399-D015-4CD4-9AC2-B87C744E99BE}.Release|x86.ActiveCfg = Release|Win32
		{90961399-D015-4CD4-9AC2-B87C744E99BE}.Release|x86.Build.0 = Release|Win32
		{AB8F6D24-E174-4C34-A873-092BE7665247}.Debug|ARM64.ActiveCfg = Debug|Win32
		{AB8F6D24-E174-4C34-A873-092BE7665247}.Debug|x64.ActiveCfg = Debug|x64
		{AB8F6D24-E174-4C34-A873-092BE7665247}.Debug|x64.Build.0 = Debug|x64
		{AB8F6D24-E174-4C34-A873-092BE7665247}.Debug|x86.ActiveCfg = Debug|Win32
		{AB8F6D24-E174-4C34-A873-092BE7665247}.Debug|x86.Build.0 = Debug|Win32
		{AB8F6D24-E174-4C34-A873-092BE7665247}.Release|ARM64.ActiveCfg = Release|Win32
		{AB8F6D24-E174-4C34-A873-092BE7665247}.Release|x64.ActiveCfg = Release|x64
		{AB8F6D24-E174-4C34-A873-092BE7665247}.Release|x64.Build.0 = Release|x64
		{AB8F6D24-E174-4C34-A873-092BE7665247}.Release|x86.ActiveCfg = Release|Win32
		{AB8F6D24-E174-4C34-A873-092BE7665247}.Release|x86.Build.0 = Release|Win32
		{9F130A1F-D23F-44D2-9B85-7A66BB2D4F34}.Debug|ARM64.ActiveCfg = Debug|Win32
		{9F130A1F-D23F-44D2-9B85-7A66BB2D4F34}.Debug|x64.ActiveCfg = Debug|x64
		{9F130A1F-D23F-44D2-9B85-7A66BB2D4F34}.Debug|x64.Build.0 = Debug|x64
		{9F130A1F-D23F-44D2-9B85-7A66BB2D4F34}.Debug|x86.ActiveCfg = Debug|Win32
		{9F130A1F-D23F-44D2-9B85-7A66BB2D4F34}.Debug|x86.Build.0 = Debug|Win32
		{9F130A1F-D23F-44D2-9B85-7A66BB2D4F34}.Release|ARM64.ActiveCfg = Release|Win32
		{9F130A1F-D23F-44D2-9B85-7A66BB2D4F34}.Release|x64.ActiveCfg = Release|x64
		{9F130A1F-D23F-44D2-9B85-7A66BB2D4F34}.Release|x64.Build.0 = Release|x64
		{9F130A1F-D23F-44D2-9B85-7A66BB2D4F34}.Release|x86.ActiveCfg = Release|Win32
		{9F130A1F-D23F-44D2-9B85-7A66BB2D4F34}.Release|x86.Build.0 = Release|Win32
		{1DC5F81F-7CF2-423A-B998-DA9B4F2D120C}.Debug|ARM64.ActiveCfg = Debug|Win32
		{1DC5F81F-7CF2-423A-B998-DA9B4F2D120C}.Debug|x64.ActiveCfg = Debug|x64
		{1DC5F81F-7CF2-423A-B998-DA9B4F2D120C}.Debug|x64.Build.0 = Debug|x64
		{1DC5F81F-7CF2-423A-B998-DA9B4F2D120C}.Debug|x86.ActiveCfg = Debug|Win32
		{1DC5F81F-7CF2-423A-B998-DA9B4F2D120C}.Debug|x86.Build.0 = Debug|Win32
		{1DC5F81F-7CF2-423A-B998-DA9B4F2D120C}.Release|ARM64.ActiveCfg = Release|Win32
		{1DC5F81F-7CF2-423A-B998-DA9B4F2D120C}.Release|x64.ActiveCfg = Release|x64
		{1DC5F81F-7CF2-423A-B998-DA9B4F2D120C}.Release|x64.Build.0 = Release|x64
		{1DC5F81F-7CF2-423A-B998-DA9B4F2D120C}.Release|x86.ActiveCfg = Release|Win32
		{1DC5F81F-7CF2-423A-B998-DA9B4F2D120C}.Release|x86.Build.0 = Release|Win32
		{A2EB2359-627B-4A86-8EA4-7CDA9AC59F10}.Debug|ARM64.ActiveCfg = Debug|Win32
		{A2EB2359-627B-4A86-8EA4-7CDA9AC59F10}.Debug|x64.ActiveCfg = Debug|x64
		{A2EB2359-627B-4A86-8EA4-7CDA9AC59F10}.Debug|x64.Build.0 = Debug|x64
		{A2EB2359-627B-4A86-8EA4-7CDA9AC59F10}.Debug|x86.ActiveCfg = Debug|Win32
		{A2EB2359-627B-4A86-8EA4-7CDA9AC59F10}.Debug|x86.Build.0 = Debug|Win32
		{A2EB2359-627B-4A86-8EA4-7CDA9AC59F10}.Release|ARM64.ActiveCfg = Release|Win32
		{A2EB2359-627B-4A86-8EA4-7CDA9AC59F10}.Release|x64.ActiveCfg = Release|x64
		{A2EB2359-627B-4A86-8EA4-7CDA9AC59F10}.Release|x64.Build.0 = Release|x64
		{A2EB2359-627B-4A86-8EA4-7CDA9AC59F10}.Release|x86.ActiveCfg = Release|Win32
		{A2EB2359-627B-4A86-8EA4-7CDA9AC59F10}.Release|x86.Build.0 = Release|Win32
		{9A5C2566-F39E-42A1-BE19-8C9B7EECF6C8}.Debug|ARM64.ActiveCfg = Debug|Win32
		{9A5C2566-F39E-42A1-BE19-8C9B7EECF6C8}.Debug|x64.ActiveCfg = Debug|x64
		{9A5C2566-F39E-42A1-BE19-8C9B7EECF6C8}.Debug|x64.Build.0 = Debug|x64
		{9A5C2566-F39E-42A1-BE19-8C9B7EECF6C8}.Debug|x86.ActiveCfg = Debug|Win32
		{9A5C2566-F39E-42A1-BE19-8C9B7EECF6C8}.Debug|x86.Build.0 = Debug|Win32
		{9A5C2566-F39E-42A1-BE19-8C9B7EECF6C8}.Release|ARM64.ActiveCfg = Release|Win32
		{9A5C2566-F39E-42A1-BE19-8C9B7EECF6C8}.Release|x64.ActiveCfg = Release|x64
		{9A5C2566-F39E-42A1-BE19-8C9B7EECF6C8}.Release|x64.Build.0 = Release|x64
		{9A5C2566-F39E-42A1-BE19-8C9B7EECF6C8}.Release|x86.ActiveCfg = Release|Win32
		{9A5C2566-F39E-42A1-BE19-8C9B7EECF6C8}.Release|x86.Build.0 = Release|Win32
		{E0B52AE7-E160-4D32-BF3F-910B785E5A8E}.Debug|ARM64.ActiveCfg = Debug|Win32
		{E0B52AE7-E160-4D32-BF3F-910B785E5A8E}.Debug|x64.ActiveCfg = Debug|x64
		{E0B52AE7-E160-4D32-BF3F-910B785E5A8E}.Debug|x64.Build.0 = Debug|x64
		{E0B52AE7-E160-4D32-BF3F-910B785E5A8E}.Debug|x86.ActiveCfg = Debug|Win32
		{E0B52AE7-E160-4D32-BF3F-910B785E5A8E}.Debug|x86.Build.0 = Debug|Win32
		{E0B52AE7-E160-4D32-BF3F-910B785E5A8E}.Release|ARM64.ActiveCfg = Release|Win32
		{E0B52AE7-E160-4D32-BF3F-910B785E5A8E}.Release|x64.ActiveCfg = Release|x64
		{E0B52AE7-E160-4D32-BF3F-910B785E5A8E}.Release|x64.Build.0 = Release|x64
		{E0B52AE7-E160-4D32-BF3F-910B785E5A8E}.Release|x86.ActiveCfg = Release|Win32
		{E0B52AE7-E160-4D32-BF3F-910B785E5A8E}.Release|x86.Build.0 = Release|Win32
		{B753DA50-CA23-4D63-801B-0928D7563140}.Debug|ARM64.ActiveCfg = Debug|Win32
		{B753DA50-CA23-4D63-801B-0928D7563140}.Debug|x64.ActiveCfg = Debug|x64
		{B753DA50-CA23-4D63-801B-0928D7563140}.Debug|x64.Build.0 = Debug|x64
		{B753DA50-CA23-4D63-801B-0928D7563140}.Debug|x86.ActiveCfg = Debug|Win32
		{B753DA50-CA23-4D63-801B-0928D7563140}.Debug|x86.Build.0 = Debug|Win32
		{B753DA50-CA23-4D63-801B-0928D7563140}.Release|ARM64.ActiveCfg = Release|Win32
		{B753DA50-CA23-4D63-801B-0928D7563140}.Release|x64.ActiveCfg = Release|x64
		{B753DA50-CA23-4D63-801B-0928D7563140}.Release|x64.Build.0 = Release|x64
		{B753DA50-CA23-4D63-801B-0928D7563140}.Release|x86.ActiveCfg = Release|Win32
		{B753DA50-CA23-4D63-801B-0928D7563140}.Release|x86.Build.0 = Release|Win32
		{B0350F84-1C2B-48D8-A4D8-112EA31D150C}.Debug|ARM64.ActiveCfg = Debug|Win32
		{B0350F84-1C2B-48D8-A4D8-112EA31D150C}.Debug|x64.ActiveCfg = Debug|x64
		{B0350F84-1C2B-48D8-A4D8-112EA31D150C}.Debug|x64.Build.0 = Debug|x64
		{B0350F84-1C2B-48D8-A4D8-112EA31D150C}.Debug|x86.ActiveCfg = Debug|Win32
		{B0350F84-1C2B-48D8-A4D8-112EA31D150C}.Debug|x86.Build.0 = Debug|Win32
		{B0350F84-1C2B-48D8-A4D8-112EA31D150C}.Release|ARM64.ActiveCfg = Release|Win32
		{B0350F84-1C2B-48D8-A4D8-112EA31D150C}.Release|x64.ActiveCfg = Release|x64
		{B0350F84-1C2B-48D8-A4D8-112EA31D150C}.Release|x64.Build.0 = Release|x64
		{B0350F84-1C2B-48D8-A4D8-112EA31D150C}.Release|x86.ActiveCfg = Release|Win32
		{B0350F84-1C2B-48D8-A4D8-112EA31D150C}.Release|x86.Build.0 = Release|Win32
		{2497E3F9-BDB3-44FF-B5D9-9CA08AC638F5}.Debug|ARM64.ActiveCfg = Debug|Win32
		{2497E3F9-BDB3-44FF-B5D9-9CA08AC638F5}.Debug|x64.ActiveCfg = Debug|x64
		{2497E3F9-BDB3-44FF-B5D9-9CA08AC638F5}.Debug|x64.Build.0 = Debug|x64
		{2497E3F9-BDB3-44FF-B5D9-9CA08AC638F5}.Debug|x86.ActiveCfg = Debug|Win32
		{2497E3F9-BDB3-44FF-B5D9-9CA08AC638F5}.Debug|x86.Build.0 = Debug|Win32
		{2497E3F9-BDB3-44FF-B5D9-9CA08AC638F5}.Release|ARM64.ActiveCfg = Release|Win32
		{2497E3F9-BDB3-44FF-B5D9-9CA08AC638F5}.Release|x64.ActiveCfg = Release|x64
		{2497E3F9-BDB3-44FF-B5D9-9CA08AC638F5}.Release|x64.Build.0 = Release|x64
		{2497E3F9-BDB3-44FF-B5D9-9CA08AC638F5}.Release|x86.ActiveCfg = Release|Win32
		{2497E3F9-BDB3-44FF-B5D9-9CA08AC638F5}.Release|x86.Build.0 = Release|Win32
		{3B25BC25-EEE6-4B95-B0B4-5D332E65E422}.Debug|ARM64.ActiveCfg = Debug|Win32
		{3B25BC25-EEE6-4B95-B0B4-5D332E65E422}.Debug|x64.ActiveCfg = Debug|x64
		{3B25BC25-EEE6-4B95-B0B4-5D332E65E422}.Debug|x64.Build.0 = Debug|x64
		{3B25BC25-EEE6-4B95-B0B4-5D332E65E422}.Debug|x86.ActiveCfg = Debug|Win32
		{3B25BC25-EEE6-4B95-B0B4-5D332E65E422}.Debug|x86.Build.0 = Debug|Win32
		{3B25BC25-EEE6-4B95-B0B4-5D332E65E422}.Release|ARM64.ActiveCfg = Release|Win32
		{3B25BC25-EEE6-4B95-B0B4-5D332E65E422}.Release|x64.ActiveCfg = Release|x64
		{3B25BC25-EEE6-4B95-B0B4-5D332E65E422}.Release|x64.Build.0 = Release|x64
		{3B25BC25-EEE6-4B95-B0B4-5D332E65E422}.Release|x86.ActiveCfg = Release|Win32
		{3B25BC25-EEE6-4B95-B0B4-5D332E65E422}.Release|x86.Build.0 = Release|Win32
		{DA566032-4499-49D3-9B29-68BDE16E16FF}.Debug|ARM64.ActiveCfg = Debug|Win32
		{DA566032-4499-49D3-9B29-68BDE16E16FF}.Debug|x64.ActiveCfg = Debug|x64
		{DA566032-4499-49D3-9B29-68BDE16E16FF}.Debug|x64.Build.0 = Debug|x64
		{DA566032-4499-49D3-9B29-68BDE16E16FF}.Debug|x86.ActiveCfg = Debug|Win32
		{DA566032-4499-49D3-9B29-68BDE16E16FF}.Debug|x86.Build.0 = Debug|Win32
		{DA566032-4499-49D3-9B29-68BDE16E16FF}.Release|ARM64.ActiveCfg = Release|Win32
		{DA566032-4499-49D3-9B29-68BDE16E16FF}.Release|x64.ActiveCfg = Release|x64
		{DA566032-4499-49D3-9B29-68BDE16E16FF}.Release|x64.Build.0 = Release|x64
		{DA566032-4499-49D3-9B29-68BDE16E16FF}.Release|x86.ActiveCfg = Release|Win32
		{DA566032-4499-49D3-9B29-68BDE16E16FF}.Release|x86.Build.0 = Release|Win32
		{241139F8-F0D9-4D44-9EE6-322BFBD32E37}.Debug|ARM64.ActiveCfg = Debug|Win32
		{241139F8-F0D9-4D44-9EE6-322BFBD32E37}.Debug|x64.ActiveCfg = Debug|x64
		{241139F8-F0D9-4D44-9EE6-322BFBD32E37}.Debug|x64.Build.0 = Debug|x64
		{241139F8-F0D9-4D44-9EE6-322BFBD32E37}.Debug|x86.ActiveCfg = Debug|Win32
		{241139F8-F0D9-4D44-9EE6-322BFBD32E37}.Debug|x86.Build.0 = Debug|Win32
		{241139F8-F0D9-4D44-9EE6-322BFBD32E37}.Release|ARM64.ActiveCfg = Release|Win32
		{241139F8-F0D9-4D44-9EE6-322BFBD32E37}.Release|x64.ActiveCfg = Release|x64
		{241139F8-F0D9-4D44-9EE6-322BFBD32E37}.Release|x64.Build.0 = Release|x64
		{241139F8-F0D9-4D44-9EE6-322BFBD32E37}.Release|x86.ActiveCfg = Release|Win32
		{241139F8-F0D9-4D44-9EE6-322BFBD32E37}.Release|x86.Build.0 = Release|Win32
		{D7409C23-F899-4089-8CB3-8BAAF95CAD7B}.Debug|ARM64.ActiveCfg = Debug|Win32
		{D7409C23-F899-4089-8CB3-8BAAF95CAD7B}.Debug|x64.ActiveCfg = Debug|x64
		{D7409C23-F899-4089-8CB3-8BAAF95CAD7B}.Debug|x64.Build.0 = Debug|x64
		{D7409C23-F899-4089-8CB3-8BAAF95CAD7B}.Debug|x86.ActiveCfg = Debug|Win32
		{D7409C23-F899-4089-8CB3-8BAAF95CAD7B}.Debug|x86.Build.0 = Debug|Win32
		{D7409C23-F899-4089-8CB3-8BAAF95CAD7B}.Release|ARM64.ActiveCfg = Release|Win32
		{D7409C23-F899-4089-8CB3-8BAAF95CAD7B}.Release|x64.ActiveCfg = Release|x64
		{D7409C23-F899-4089-8CB3-8BAAF95CAD7B}.Release|x64.Build.0 = Release|x64
		{D7409C23-F899-4089-8CB3-8BAAF95CAD7B}.Release|x86.ActiveCfg = Release|Win32
		{D7409C23-F899-4089-8CB3-8BAAF95CAD7B}.Release|x86.Build.0 = Release|Win32
		{2045821B-99D1-4876-81C9-BB4E9DF8321C}.Debug|ARM64.ActiveCfg = Debug|Win32
		{2045821B-99D1-4876-81C9-BB4E9DF8321C}.Debug|x64.ActiveCfg = Debug|x64
		{2045821B-99D1-4876-81C9-BB4E9DF8321C}.Debug|x64.Build.0 = Debug|x64
		{2045821B-99D1-4876-81C9-BB4E9DF8321C}.Debug|x86.ActiveCfg = Debug|Win32
		{2045821B-99D1-4876-81C9-BB4E9DF8321C}.Debug|x86.Build.0 = Debug|Win32
		{2045821B-99D1-4876-81C9-BB4E9DF8321C}.Release|ARM64.ActiveCfg = Release|Win32
		{2045821B-99D1-4876-81C9-BB4E9DF8321C}.Release|x64.ActiveCfg = Release|x64
		{2045821B-99D1-4876-81C9-BB4E9DF8321C}.Release|x64.Build.0 = Release|x64
		{2045821B-99D1-4876-81C9-BB4E9DF8321C}.Release|x86.ActiveCfg = Release|Win32
		{2045821B-99D1-4876-81C9-BB4E9DF8321C}.Release|x86.Build.0 = Release|Win32
		{9AF45099-E585-4229-B06C-095E0228D148}.Debug|ARM64.ActiveCfg = Debug|Win32
		{9AF45099-E585-4229-B06C-095E0228D148}.Debug|x64.ActiveCfg = Debug|x64
		{9AF45099-E585-4229-B06C-095E0228D148}.Debug|x64.Build.0 = Debug|x64
		{9AF45099-E585-4229-B06C-095E0228D148}.Debug|x86.ActiveCfg = Debug|Win32
		{9AF45099-E585-4229-B06C-095E0228D148}.Debug|x86.Build.0 = Debug|Win32
		{9AF45099-E585-4229-B06C-095E0228D148}.Release|ARM64.ActiveCfg = Release|Win32
		{9AF45099-E585-4229-B06C-095E0228D148}.Release|x64.ActiveCfg = Release|x64
		{9AF45099-E585-4229-B06C-095E0228D148}.Release|x64.Build.0 = Release|x64
		{9AF45099-E585-4229-B06C-095E0228D148}.Release|x86.ActiveCfg = Release|Win32
		{9AF45099-E585-4229-B06C-095E0228D148}.Release|x86.Build.0 = Release|Win32
		{9BC860F3-2BF2-4104-BBB9-DFE61B4E9523}.Debug|ARM64.ActiveCfg = Debug|Win32
		{9BC860F3-2BF2-4104-BBB9-DFE61B4E9523}.Debug|x64.ActiveCfg = Debug|x64
		{9BC860F3-2BF2-4104-BBB9-DFE61B4E9523}.Debug|x64.Build.0 = Debug|x64
		{9BC860F3-2BF2-4104-BBB9-DFE61B4E9523}.Debug|x86.ActiveCfg = Debug|Win32
		{9BC860F3-2BF2-4104-BBB9-DFE61B4E9523}.Debug|x86.Build.0 = Debug|Win32
		{9BC860F3-2BF2-4104-BBB9-DFE61B4E9523}.Release|ARM64.ActiveCfg = Release|Win32
		{9BC860F3-2BF2-4104-BBB9-DFE61B4E9523}.Release|x64.ActiveCfg = Release|x64
		{9BC860F3-2BF2-4104-BBB9-DFE61B4E9523}.Release|x64.Build.0 = Release|x64
		{9BC860F3-2BF2-4104-BBB9-DFE61B4E9523}.Release|x86.ActiveCfg = Release|Win32
		{9BC860F3-2BF2-4104-BBB9-DFE61B4E9523}.Release|x86.Build.0 = Release|Win32
		{D2BEBB5C-4C09-4A90-8204-5507EE1E5F56}.Debug|ARM64.ActiveCfg = Debug|Win32
		{D2BEBB5C-4C09-4A90-8204-5507EE1E5F56}.Debug|x64.ActiveCfg = Debug|x64
		{D2BEBB5C-4C09-4A90-8204-5507EE1E5F56}.Debug|x64.Build.0 = Debug|x64
		{D2BEBB5C-4C09-4A90-8204-5507EE1E5F56}.Debug|x86.ActiveCfg = Debug|Win32
		{D2BEBB5C-4C09-4A90-8204-5507EE1E5F56}.Debug|x86.Build.0 = Debug|Win32
		{D2BEBB5C-4C09-4A90-8204-5507EE1E5F56}.Release|ARM64.ActiveCfg = Release|Win32
		{D2BEBB5C-4C09-4A90-8204-5507EE1E5F56}.Release|x64.ActiveCfg = Release|x64
		{D2BEBB5C-4C09-4A90-8204-5507EE1E5F56}.Release|x64.Build.0 = Release|x64
		{D2BEBB5C-4C09-4A90-8204-5507EE1E5F56}.Release|x86.ActiveCfg = Release|Win32
		{D2BEBB5C-4C09-4A90-8204-5507EE1E5F56}.Release|x86.Build.0 = Release|Win32
		{E08CC12B-4047-4375-8553-A0DB9E472255}.Debug|ARM64.ActiveCfg = Debug|Win32
		{E08CC12B-4047-4375-8553-A0DB9E472255}.Debug|x64.ActiveCfg = Debug|x64
		{E08CC12B-4047-4375-8553-A0DB9E472255}.Debug|x64.Build.0 = Debug|x64
		{E08CC12B-4047-4375-8553-A0DB9E472255}.Debug|x86.ActiveCfg = Debug|Win32
		{E08CC12B-4047-4375-8553-A0DB9E472255}.Debug|x86.Build.0 = Debug|Win32
		{E08CC12B-4047-4375-8553-A0DB9E472255}.Release|ARM64.ActiveCfg = Release|Win32
		{E08CC12B-4047-4375-8553-A0DB9E472255}.Release|x64.ActiveCfg = Release|x64
		{E08CC12B-4047-4375-8553-A0DB9E472255}.Release|x64.Build.0 = Release|x64
		{E08CC12B-4047-4375-8553-A0DB9E472255}.Release|x86.ActiveCfg = Release|Win32
		{E08CC12B-4047-4375-8553-A0DB9E472255}.Release|x86.Build.0 = Release|Win32
	EndGlobalSection
	GlobalSection(SolutionProperties) = preSolution
		HideSolutionNode = FALSE
	EndGlobalSection
	GlobalSection(NestedProjects) = preSolution
		{334DC338-D257-402F-81E5-A42D44E32FF0} = {FD0F7367-617D-47DB-9726-DF95EEAB38DF}
		{82299792-B6E0-4445-8A06-8857610D90FC} = {FD0F7367-617D-47DB-9726-DF95EEAB38DF}
		{759ED052-067F-42D0-915C-0E8DCC5DF90C} = {FD0F7367-617D-47DB-9726-DF95EEAB38DF}
		{B7823C89-702C-48E5-8911-B5AF93B40956} = {FD0F7367-617D-47DB-9726-DF95EEAB38DF}
		{03D11F8D-F3C7-46A7-8665-FDF46AB06F37} = {FD0F7367-617D-47DB-9726-DF95EEAB38DF}
		{948CB0DF-463E-416D-A235-FCFF408BF66D} = {4988A4FC-3407-4659-B747-7398DA807898}
		{5C8E77C3-1287-4F78-8A16-6D0E3CCF42AE} = {4988A4FC-3407-4659-B747-7398DA807898}
		{FA0BEEEE-C231-4A96-974D-DCE58F33C263} = {4988A4FC-3407-4659-B747-7398DA807898}
		{0A472ABB-BFE5-4A51-BCC7-93C4BAA48DEF} = {4988A4FC-3407-4659-B747-7398DA807898}
		{901B3707-71AA-4E22-9715-9A93B7E5EAAF} = {4988A4FC-3407-4659-B747-7398DA807898}
		{B67FC869-68C7-4C25-93DB-9DF31FAFC957} = {4988A4FC-3407-4659-B747-7398DA807898}
		{DE388CA8-230B-47AB-9650-7DBE5F24C0C8} = {3912E685-DB5B-4178-96C9-E2EF7BFCE97F}
		{A7622A8C-3397-4A64-BF5A-8562CB244601} = {3912E685-DB5B-4178-96C9-E2EF7BFCE97F}
		{41C07B6A-5220-4511-A134-1CA0212460F2} = {6B388571-1AB3-4905-8343-FA0826A9F262}
		{A87477AB-DC32-4E40-9CB5-A658409518CD} = {E28C33C3-51A2-421C-A3C1-C2CB650D2C51}
		{FBFC265A-211E-4BEF-A3EB-E5C750033D67} = {6B388571-1AB3-4905-8343-FA0826A9F262}
		{D07ACAD8-71B7-4810-8DBC-3551AFF52BB2} = {6B388571-1AB3-4905-8343-FA0826A9F262}
		{C60E8DE7-3C78-4FBF-B526-87F14CEE9299} = {6B388571-1AB3-4905-8343-FA0826A9F262}
		{69A13B4A-8AFE-421F-B5E5-52401B708CBE} = {6B388571-1AB3-4905-8343-FA0826A9F262}
		{2160AB11-4CC6-4B0A-B756-F2E144BD7DB3} = {6B388571-1AB3-4905-8343-FA0826A9F262}
		{EA0182D8-4198-4C93-BD87-7FC98D67B580} = {905597E5-F6B7-4767-B711-30D5185CA05E}
		{1C11CC2C-C827-4672-BCB4-926791AC2EC5} = {F848E4FE-9FC8-4D8E-B0D2-5459269F712A}
		{F5AF9B20-A4A4-4135-B3C1-B9F716BBC04B} = {3912E685-DB5B-4178-96C9-E2EF7BFCE97F}
		{2AADBF0C-5FF2-4A85-8864-08BBE6D408BA} = {3912E685-DB5B-4178-96C9-E2EF7BFCE97F}
		{DD2F1FF9-3672-4F58-9A10-44315D1A6525} = {3912E685-DB5B-4178-96C9-E2EF7BFCE97F}
		{597C129F-F69C-4978-B9B6-AE77DE127C47} = {F848E4FE-9FC8-4D8E-B0D2-5459269F712A}
		{F7CCCBBD-B859-45C4-B2AC-0BA0456E4DB4} = {3912E685-DB5B-4178-96C9-E2EF7BFCE97F}
		{AE62EB9F-8D66-4246-91F5-A0A258AA788B} = {3912E685-DB5B-4178-96C9-E2EF7BFCE97F}
		{FD1E3A9E-FBF5-43D2-99B0-5EFBD04CD34D} = {30B2C237-EE13-4706-9593-F63703CDEDF4}
		{5C08A2B2-F03D-41F7-AB79-038EDC0C8BB8} = {30B2C237-EE13-4706-9593-F63703CDEDF4}
		{EBC2B6D4-5181-4A66-BBD9-8C14D82DAD32} = {4260139F-B5AA-4BD7-82BC-F71EF99B18DD}
		{0F5DB9AE-BF34-4BED-9408-85947F8704FA} = {30B2C237-EE13-4706-9593-F63703CDEDF4}
		{19D21522-3A73-4795-8312-5E219442610C} = {30B2C237-EE13-4706-9593-F63703CDEDF4}
		{80CC7344-3F10-4AB2-BD51-4A9EAB8F5122} = {4819DCE4-380E-43B0-BB3A-4E6EC7A95169}
		{7B44864B-B2B4-40C6-9231-1529DC83E8C4} = {4819DCE4-380E-43B0-BB3A-4E6EC7A95169}
		{90961399-D015-4CD4-9AC2-B87C744E99BE} = {3912E685-DB5B-4178-96C9-E2EF7BFCE97F}
		{AB8F6D24-E174-4C34-A873-092BE7665247} = {4260139F-B5AA-4BD7-82BC-F71EF99B18DD}
		{9F130A1F-D23F-44D2-9B85-7A66BB2D4F34} = {4260139F-B5AA-4BD7-82BC-F71EF99B18DD}
		{1DC5F81F-7CF2-423A-B998-DA9B4F2D120C} = {4819DCE4-380E-43B0-BB3A-4E6EC7A95169}
		{A2EB2359-627B-4A86-8EA4-7CDA9AC59F10} = {F9B712CA-840C-4A23-8F08-3FA054DA45DB}
		{9A5C2566-F39E-42A1-BE19-8C9B7EECF6C8} = {F9B712CA-840C-4A23-8F08-3FA054DA45DB}
		{4260139F-B5AA-4BD7-82BC-F71EF99B18DD} = {D29CB3BD-5048-4E81-AF24-D603497D7616}
		{F9B712CA-840C-4A23-8F08-3FA054DA45DB} = {D29CB3BD-5048-4E81-AF24-D603497D7616}
		{4819DCE4-380E-43B0-BB3A-4E6EC7A95169} = {D29CB3BD-5048-4E81-AF24-D603497D7616}
		{B753DA50-CA23-4D63-801B-0928D7563140} = {F9B712CA-840C-4A23-8F08-3FA054DA45DB}
		{B0350F84-1C2B-48D8-A4D8-112EA31D150C} = {F9B712CA-840C-4A23-8F08-3FA054DA45DB}
		{2497E3F9-BDB3-44FF-B5D9-9CA08AC638F5} = {201FE5AE-BE8C-405A-98E6-D68526444E7E}
		{3B25BC25-EEE6-4B95-B0B4-5D332E65E422} = {201FE5AE-BE8C-405A-98E6-D68526444E7E}
		{DA566032-4499-49D3-9B29-68BDE16E16FF} = {201FE5AE-BE8C-405A-98E6-D68526444E7E}
		{201FE5AE-BE8C-405A-98E6-D68526444E7E} = {D29CB3BD-5048-4E81-AF24-D603497D7616}
		{DA3D1D54-D1DC-4FF6-897F-79CE53B89F4E} = {D29CB3BD-5048-4E81-AF24-D603497D7616}
		{241139F8-F0D9-4D44-9EE6-322BFBD32E37} = {DA3D1D54-D1DC-4FF6-897F-79CE53B89F4E}
		{D7409C23-F899-4089-8CB3-8BAAF95CAD7B} = {DA3D1D54-D1DC-4FF6-897F-79CE53B89F4E}
		{2045821B-99D1-4876-81C9-BB4E9DF8321C} = {DA3D1D54-D1DC-4FF6-897F-79CE53B89F4E}
		{9AF45099-E585-4229-B06C-095E0228D148} = {DA3D1D54-D1DC-4FF6-897F-79CE53B89F4E}
		{9BC860F3-2BF2-4104-BBB9-DFE61B4E9523} = {DA3D1D54-D1DC-4FF6-897F-79CE53B89F4E}
		{D2BEBB5C-4C09-4A90-8204-5507EE1E5F56} = {DA3D1D54-D1DC-4FF6-897F-79CE53B89F4E}
		{BDFF30A8-0D19-4B7E-BA13-2051159EBF4E} = {D29CB3BD-5048-4E81-AF24-D603497D7616}
		{E08CC12B-4047-4375-8553-A0DB9E472255} = {BDFF30A8-0D19-4B7E-BA13-2051159EBF4E}
	EndGlobalSection
	GlobalSection(ExtensibilityGlobals) = postSolution
		SolutionGuid = {6DE561A5-9334-4A92-946E-FFC4B2309276}
	EndGlobalSection
EndGlobal
