
Microsoft Visual Studio Solution File, Format Version 12.00
# Visual Studio Version 16
VisualStudioVersion = 16.0.32602.291
MinimumVisualStudioVersion = 10.0.40219.1
Project("{8BC9CEB8-8B4A-11D0-8D11-00A0C91BC942}") = "C_Lang_01", "C_Lang_01\C_Lang_01.vcxproj", "{334DC338-D257-402F-81E5-A42D44E32FF0}"
EndProject
Project("{8BC9CEB8-8B4A-11D0-8D11-00A0C91BC942}") = "Diamond", "Diamond\Diamond.vcxproj", "{82299792-B6E0-4445-8A06-8857610D90FC}"
EndProject
Project("{8BC9CEB8-8B4A-11D0-8D11-00A0C91BC942}") = "HanoiTower", "HanoiTower\HanoiTower.vcxproj", "{759ED052-067F-42D0-915C-0E8DCC5DF90C}"
EndProject
Project("{8BC9CEB8-8B4A-11D0-8D11-00A0C91BC942}") = "MagicSquare", "MagicSquare\MagicSquare.vcxproj", "{B7823C89-702C-48E5-8911-B5AF93B40956}"
EndProject
Project("{2150E333-8FDC-42A3-9474-1A3956D46DE8}") = "C_00_Basic", "C_00_Basic", "{FD0F7367-617D-47DB-9726-DF95EEAB38DF}"
EndProject
Project("{8BC9CEB8-8B4A-11D0-8D11-00A0C91BC942}") = "Student_Mang", "Student_Mang\Student_Mang.vcxproj", "{03D11F8D-F3C7-46A7-8665-FDF46AB06F37}"
EndProject
Project("{8BC9CEB8-8B4A-11D0-8D11-00A0C91BC942}") = "LinkedList", "LinkedList\LinkedList.vcxproj", "{948CB0DF-463E-416D-A235-FCFF408BF66D}"
EndProject
Project("{2150E333-8FDC-42A3-9474-1A3956D46DE8}") = "LinkedList_", "LinkedList_", "{4988A4FC-3407-4659-B747-7398DA807898}"
EndProject
Project("{8BC9CEB8-8B4A-11D0-8D11-00A0C91BC942}") = "Student_LinkedList", "Student_LinkedList\Student_LinkedList.vcxproj", "{5C8E77C3-1287-4F78-8A16-6D0E3CCF42AE}"
EndProject
Project("{8BC9CEB8-8B4A-11D0-8D11-00A0C91BC942}") = "Student_LinkedList_Mk2", "Student_LinkedList_Mk2\Student_LinkedList_Mk2.vcxproj", "{FA0BEEEE-C231-4A96-974D-DCE58F33C263}"
EndProject
Project("{8BC9CEB8-8B4A-11D0-8D11-00A0C91BC942}") = "DualLinkedList", "DualLinkedList\DualLinkedList.vcxproj", "{0A472ABB-BFE5-4A51-BCC7-93C4BAA48DEF}"
EndProject
Project("{8BC9CEB8-8B4A-11D0-8D11-00A0C91BC942}") = "JosepsProblem", "JosepsProblem\JosepsProblem.vcxproj", "{901B3707-71AA-4E22-9715-9A93B7E5EAAF}"
EndProject
Project("{8BC9CEB8-8B4A-11D0-8D11-00A0C91BC942}") = "LinkedListLib", "LinkedListLib\LinkedListLib.vcxproj", "{B67FC869-68C7-4C25-93DB-9DF31FAFC957}"
EndProject
Project("{2150E333-8FDC-42A3-9474-1A3956D46DE8}") = "DataStructure", "DataStructure", "{3912E685-DB5B-4178-96C9-E2EF7BFCE97F}"
EndProject
Project("{8BC9CEB8-8B4A-11D0-8D11-00A0C91BC942}") = "Stack", "Stack\Stack.vcxproj", "{DE388CA8-230B-47AB-9650-7DBE5F24C0C8}"
EndProject
Project("{8BC9CEB8-8B4A-11D0-8D11-00A0C91BC942}") = "Queue", "Queue\Queue.vcxproj", "{A7622A8C-3397-4A64-BF5A-8562CB244601}"
EndProject
Project("{8BC9CEB8-8B4A-11D0-8D11-00A0C91BC942}") = "C_plusplusToy", "C_plusplusToy\C_plusplusToy.vcxproj", "{41C07B6A-5220-4511-A134-1CA0212460F2}"
EndProject
Project("{2150E333-8FDC-42A3-9474-1A3956D46DE8}") = "C++_Basic", "C++_Basic", "{6B388571-1AB3-4905-8343-FA0826A9F262}"
EndProject
Project("{8BC9CEB8-8B4A-11D0-8D11-00A0C91BC942}") = "Class", "Class\Class.vcxproj", "{FBFC265A-211E-4BEF-A3EB-E5C750033D67}"
EndProject
Project("{8BC9CEB8-8B4A-11D0-8D11-00A0C91BC942}") = "_Region", "_Region\_Region.vcxproj", "{D07ACAD8-71B7-4810-8DBC-3551AFF52BB2}"
EndProject
Project("{8BC9CEB8-8B4A-11D0-8D11-00A0C91BC942}") = "CopyConstructor", "CopyConstructor\CopyConstructor.vcxproj", "{C60E8DE7-3C78-4FBF-B526-87F14CEE9299}"
EndProject
Project("{8BC9CEB8-8B4A-11D0-8D11-00A0C91BC942}") = "_01template", "_01template\_01template.vcxproj", "{69A13B4A-8AFE-421F-B5E5-52401B708CBE}"
EndProject
Project("{8BC9CEB8-8B4A-11D0-8D11-00A0C91BC942}") = "_02template", "_02template\_02template.vcxproj", "{2160AB11-4CC6-4B0A-B756-F2E144BD7DB3}"
EndProject
Project("{8BC9CEB8-8B4A-11D0-8D11-00A0C91BC942}") = "0725_Assignment", "0725_Assignment\0725_Assignment.vcxproj", "{EA0182D8-4198-4C93-BD87-7FC98D67B580}"
EndProject
Project("{2150E333-8FDC-42A3-9474-1A3956D46DE8}") = "Assingment", "Assingment", "{905597E5-F6B7-4767-B711-30D5185CA05E}"
EndProject
Project("{8BC9CEB8-8B4A-11D0-8D11-00A0C91BC942}") = "QuickSort", "QuickSort\QuickSort.vcxproj", "{F5AF9B20-A4A4-4135-B3C1-B9F716BBC04B}"
EndProject
Project("{8BC9CEB8-8B4A-11D0-8D11-00A0C91BC942}") = "BTree", "BTree\BTree.vcxproj", "{2AADBF0C-5FF2-4A85-8864-08BBE6D408BA}"
EndProject
Project("{8BC9CEB8-8B4A-11D0-8D11-00A0C91BC942}") = "BSTree", "BSTree\BSTree.vcxproj", "{DD2F1FF9-3672-4F58-9A10-44315D1A6525}"
EndProject
Project("{8BC9CEB8-8B4A-11D0-8D11-00A0C91BC942}") = "QuadTree01", "QuadTree01\QuadTree01.vcxproj", "{F7CCCBBD-B859-45C4-B2AC-0BA0456E4DB4}"
EndProject
Project("{8BC9CEB8-8B4A-11D0-8D11-00A0C91BC942}") = "OcTree01", "OcTree01\OcTree01.vcxproj", "{AE62EB9F-8D66-4246-91F5-A0A258AA788B}"
EndProject
Project("{2150E333-8FDC-42A3-9474-1A3956D46DE8}") = "Math", "Math", "{30B2C237-EE13-4706-9593-F63703CDEDF4}"
EndProject
Project("{8BC9CEB8-8B4A-11D0-8D11-00A0C91BC942}") = "PonitNLines", "PonitNLines\PonitNLines.vcxproj", "{FD1E3A9E-FBF5-43D2-99B0-5EFBD04CD34D}"
EndProject
Project("{8BC9CEB8-8B4A-11D0-8D11-00A0C91BC942}") = "Trigonometry", "Trigonometry\Trigonometry.vcxproj", "{5C08A2B2-F03D-41F7-AB79-038EDC0C8BB8}"
EndProject
Project("{2150E333-8FDC-42A3-9474-1A3956D46DE8}") = "DX", "DX", "{D29CB3BD-5048-4E81-AF24-D603497D7616}"
EndProject
Project("{8BC9CEB8-8B4A-11D0-8D11-00A0C91BC942}") = "CreateWindow", "CreateWindow\CreateWindow.vcxproj", "{EBC2B6D4-5181-4A66-BBD9-8C14D82DAD32}"
EndProject
Project("{8BC9CEB8-8B4A-11D0-8D11-00A0C91BC942}") = "Vector", "Vector\Vector.vcxproj", "{0F5DB9AE-BF34-4BED-9408-85947F8704FA}"
EndProject
Project("{8BC9CEB8-8B4A-11D0-8D11-00A0C91BC942}") = "MatrixOperation", "MatrixOperation\MatrixOperation.vcxproj", "{19D21522-3A73-4795-8312-5E219442610C}"
EndProject
Project("{8BC9CEB8-8B4A-11D0-8D11-00A0C91BC942}") = "CreateTriangle", "CreateTriangle\CreateTriangle.vcxproj", "{80CC7344-3F10-4AB2-BD51-4A9EAB8F5122}"
EndProject
Project("{8BC9CEB8-8B4A-11D0-8D11-00A0C91BC942}") = "CreateTriangle_02", "CreateTriangle_02\CreateTriangle_02.vcxproj", "{7B44864B-B2B4-40C6-9231-1529DC83E8C4}"
EndProject
Project("{8BC9CEB8-8B4A-11D0-8D11-00A0C91BC942}") = "Octree_02", "Octree_02\Octree_02.vcxproj", "{90961399-D015-4CD4-9AC2-B87C744E99BE}"
EndProject
Project("{8BC9CEB8-8B4A-11D0-8D11-00A0C91BC942}") = "CreateDevice", "CreateDevice\CreateDevice.vcxproj", "{AB8F6D24-E174-4C34-A873-092BE7665247}"
EndProject
Project("{8BC9CEB8-8B4A-11D0-8D11-00A0C91BC942}") = "CreateDevice_01", "CreateDevice_01\CreateDevice_01.vcxproj", "{9F130A1F-D23F-44D2-9B85-7A66BB2D4F34}"
EndProject
Project("{8BC9CEB8-8B4A-11D0-8D11-00A0C91BC942}") = "CreateTriangle_03", "CreateTriangle_03\CreateTriangle_03.vcxproj", "{1DC5F81F-7CF2-423A-B998-DA9B4F2D120C}"
EndProject
Project("{8BC9CEB8-8B4A-11D0-8D11-00A0C91BC942}") = "CreateTexture", "CreateTexture\CreateTexture.vcxproj", "{A2EB2359-627B-4A86-8EA4-7CDA9AC59F10}"
EndProject
Project("{8BC9CEB8-8B4A-11D0-8D11-00A0C91BC942}") = "CreateTexture_02", "CreateTexture_02\CreateTexture_02.vcxproj", "{9A5C2566-F39E-42A1-BE19-8C9B7EECF6C8}"
EndProject
Project("{8BC9CEB8-8B4A-11D0-8D11-00A0C91BC942}") = "DirectXTK_Desktop_2019", "..\etc\DirectXTK-main\DirectXTK_Desktop_2019.vcxproj", "{E0B52AE7-E160-4D32-BF3F-910B785E5A8E}"
EndProject
Project("{2150E333-8FDC-42A3-9474-1A3956D46DE8}") = "Device", "Device", "{4260139F-B5AA-4BD7-82BC-F71EF99B18DD}"
EndProject
Project("{2150E333-8FDC-42A3-9474-1A3956D46DE8}") = "Texture", "Texture", "{F9B712CA-840C-4A23-8F08-3FA054DA45DB}"
EndProject
Project("{2150E333-8FDC-42A3-9474-1A3956D46DE8}") = "Triangel", "Triangel", "{4819DCE4-380E-43B0-BB3A-4E6EC7A95169}"
EndProject
Project("{8BC9CEB8-8B4A-11D0-8D11-00A0C91BC942}") = "CreateTexture_03", "CreateTexture_03\CreateTexture_03.vcxproj", "{B753DA50-CA23-4D63-801B-0928D7563140}"
EndProject
Project("{8BC9CEB8-8B4A-11D0-8D11-00A0C91BC942}") = "CreateTexture_04", "CreateTexture_04\CreateTexture_04.vcxproj", "{B0350F84-1C2B-48D8-A4D8-112EA31D150C}"
EndProject
Project("{8BC9CEB8-8B4A-11D0-8D11-00A0C91BC942}") = "CreateObject_01", "CreateObject_01\CreateObject_01.vcxproj", "{2497E3F9-BDB3-44FF-B5D9-9CA08AC638F5}"
EndProject
Project("{8BC9CEB8-8B4A-11D0-8D11-00A0C91BC942}") = "CreateObject_02", "CreateObject_02\CreateObject_02.vcxproj", "{3B25BC25-EEE6-4B95-B0B4-5D332E65E422}"
EndProject
Project("{8BC9CEB8-8B4A-11D0-8D11-00A0C91BC942}") = "CreateWrite_01", "CreateWrite_01\CreateWrite_01.vcxproj", "{DA566032-4499-49D3-9B29-68BDE16E16FF}"
EndProject
Project("{2150E333-8FDC-42A3-9474-1A3956D46DE8}") = "CreateWrite", "CreateWrite", "{201FE5AE-BE8C-405A-98E6-D68526444E7E}"
EndProject
Project("{2150E333-8FDC-42A3-9474-1A3956D46DE8}") = "Lib", "Lib", "{DA3D1D54-D1DC-4FF6-897F-79CE53B89F4E}"
EndProject
Project("{8BC9CEB8-8B4A-11D0-8D11-00A0C91BC942}") = "PJSCore", "PJSCore\PJSCore.vcxproj", "{241139F8-F0D9-4D44-9EE6-322BFBD32E37}"
EndProject
Project("{8BC9CEB8-8B4A-11D0-8D11-00A0C91BC942}") = "TestWindow", "TestWindow\TestWindow.vcxproj", "{D7409C23-F899-4089-8CB3-8BAAF95CAD7B}"
EndProject
Project("{8BC9CEB8-8B4A-11D0-8D11-00A0C91BC942}") = "TestDevice", "TestDevice\TestDevice.vcxproj", "{2045821B-99D1-4876-81C9-BB4E9DF8321C}"
EndProject
Project("{8BC9CEB8-8B4A-11D0-8D11-00A0C91BC942}") = "TestWrite", "TestWrite\TestWrite.vcxproj", "{9AF45099-E585-4229-B06C-095E0228D148}"
EndProject
Project("{8BC9CEB8-8B4A-11D0-8D11-00A0C91BC942}") = "TestTimer", "TestTimer\TestTimer.vcxproj", "{9BC860F3-2BF2-4104-BBB9-DFE61B4E9523}"
EndProject
Project("{8BC9CEB8-8B4A-11D0-8D11-00A0C91BC942}") = "TestInput", "TestInput\TestInput.vcxproj", "{D2BEBB5C-4C09-4A90-8204-5507EE1E5F56}"
EndProject
Project("{2150E333-8FDC-42A3-9474-1A3956D46DE8}") = "Object", "Object", "{BDFF30A8-0D19-4B7E-BA13-2051159EBF4E}"
EndProject
Project("{8BC9CEB8-8B4A-11D0-8D11-00A0C91BC942}") = "CreateObject", "CreateObject\CreateObject.vcxproj", "{E08CC12B-4047-4375-8553-A0DB9E472255}"
EndProject
Project("{8BC9CEB8-8B4A-11D0-8D11-00A0C91BC942}") = "TestSound", "TestSound\TestSound.vcxproj", "{2D8EF391-A354-40FB-A2D8-4DFCB087F4F7}"
EndProject
Project("{8BC9CEB8-8B4A-11D0-8D11-00A0C91BC942}") = "TestSound2", "TestSound2\TestSound2.vcxproj", "{446083D8-41B9-4D4C-96CF-D81D741F8DDF}"
EndProject
Project("{2150E333-8FDC-42A3-9474-1A3956D46DE8}") = "Test", "Test", "{1DACE1C1-29AB-4377-B06C-453105086B25}"
EndProject
Project("{8BC9CEB8-8B4A-11D0-8D11-00A0C91BC942}") = "TestRig", "TestRig\TestRig.vcxproj", "{0F101401-E395-41A3-90B3-0309F390C6C5}"
EndProject
Project("{8BC9CEB8-8B4A-11D0-8D11-00A0C91BC942}") = "CreateCamera_01", "CreateCamera_01\CreateCamera_01.vcxproj", "{CBC70C5B-A916-47AE-8FDA-89562DCBA5F5}"
EndProject
Project("{8BC9CEB8-8B4A-11D0-8D11-00A0C91BC942}") = "CreateAnimation", "CreateAnimation\CreateAnimation.vcxproj", "{AF8AE729-8DFE-4295-8504-16121F5E924C}"
EndProject
Project("{8BC9CEB8-8B4A-11D0-8D11-00A0C91BC942}") = "CreateCamera_02", "CreateCamera_02\CreateCamera_02.vcxproj", "{6C19F161-0C6B-407E-91D6-BFBB3A36330C}"
EndProject
Project("{8BC9CEB8-8B4A-11D0-8D11-00A0C91BC942}") = "CreateGrounCollision", "CreateCamera_021\CreateCamera_021.vcxproj", "{C2F3F54A-A9F8-47E1-880E-350E0D2818D6}"
EndProject
Project("{8BC9CEB8-8B4A-11D0-8D11-00A0C91BC942}") = "CreateInterface_01", "CreateInterface_01\CreateInterface_01.vcxproj", "{27339ADC-110A-49D2-A4EB-97AB9DD8AE1F}"
EndProject
Project("{8BC9CEB8-8B4A-11D0-8D11-00A0C91BC942}") = "CreateGameSound", "CreateGameSound\CreateGameSound.vcxproj", "{975639CA-E7A7-4187-9CBF-7D97266E0DDE}"
EndProject
Project("{2150E333-8FDC-42A3-9474-1A3956D46DE8}") = "DX3D", "DX3D", "{34A3124B-4CAB-4C5A-AC9E-9A329E96D2E1}"
EndProject
Project("{2150E333-8FDC-42A3-9474-1A3956D46DE8}") = "Lib", "Lib", "{54A5663B-11F4-47BB-8686-DF52F73E6853}"
EndProject
Project("{8BC9CEB8-8B4A-11D0-8D11-00A0C91BC942}") = "PJSCore3D", "PJSCore3D\PJSCore3D.vcxproj", "{19F63CCA-3EF2-4579-8BA3-E321B554C16F}"
EndProject
Project("{2150E333-8FDC-42A3-9474-1A3956D46DE8}") = "DeviceResize", "DeviceResize", "{DECAD148-DF08-42FC-A3F5-D79D0D5CF42E}"
EndProject
Project("{8BC9CEB8-8B4A-11D0-8D11-00A0C91BC942}") = "DeviceResize_01", "DeviceResize_01\DeviceResize_01.vcxproj", "{66B8EB18-39BC-415D-8B36-EAB49A029872}"
EndProject
Project("{8BC9CEB8-8B4A-11D0-8D11-00A0C91BC942}") = "CreateCamera3D", "CreateCamera3D\CreateCamera3D.vcxproj", "{A3EA171A-C629-4C41-9C55-5A14CDCED643}"
EndProject
Project("{8BC9CEB8-8B4A-11D0-8D11-00A0C91BC942}") = "CreateMapTile3D", "CreateMapTile3D\CreateMapTile3D.vcxproj", "{E88CE145-58A1-459F-934D-7DE8E0D0FC41}"
EndProject
Project("{8BC9CEB8-8B4A-11D0-8D11-00A0C91BC942}") = "PJSCore3DBase", "PJSCore3DBase\PJSCore3DBase.vcxproj", "{C95766DD-957A-4485-A3D1-B297B567EE8A}"
EndProject
Project("{2150E333-8FDC-42A3-9474-1A3956D46DE8}") = "3DPrj", "3DPrj", "{7032B1C9-E19E-45E1-B8B1-C35CE2E054BE}"
EndProject
Project("{8BC9CEB8-8B4A-11D0-8D11-00A0C91BC942}") = "001_CreateWindow", "001_CreateWindow\001_CreateWindow.vcxproj", "{EFA08A64-DBC8-42DA-BEA1-D9C06A7745DD}"
EndProject
Project("{8BC9CEB8-8B4A-11D0-8D11-00A0C91BC942}") = "002_CreateDevice", "002_CreateDevice\002_CreateDevice.vcxproj", "{68CD5CF4-9175-4DC6-8670-4794978218F8}"
EndProject
Project("{8BC9CEB8-8B4A-11D0-8D11-00A0C91BC942}") = "003_CreateDXwrite", "003_CreateDXwrite\003_CreateDXwrite.vcxproj", "{1684B16E-49C6-4FDA-9F2D-4328C54B098F}"
EndProject
Project("{8BC9CEB8-8B4A-11D0-8D11-00A0C91BC942}") = "004_CreateConstanBuffer", "004_CreateConstanBuffer\004_CreateConstanBuffer.vcxproj", "{9FAF937E-9421-4E50-9D67-F99EA231671A}"
EndProject
Project("{8BC9CEB8-8B4A-11D0-8D11-00A0C91BC942}") = "001_CreateObject", "001_CreateObject\001_CreateObject.vcxproj", "{4050C09B-1CBE-4DCC-BB26-05E86544DB0E}"
EndProject
Project("{8BC9CEB8-8B4A-11D0-8D11-00A0C91BC942}") = "002_CreateMapTile", "002_CreateMapTile\002_CreateMapTile.vcxproj", "{6EC06FC9-3C8F-4AA1-8A67-B172D0A0C844}"
EndProject
Project("{8BC9CEB8-8B4A-11D0-8D11-00A0C91BC942}") = "003_CreatQuadTree", "003_CreatQuadTree\003_CreatQuadTree.vcxproj", "{85DE47F9-8D7B-4C91-A64C-FF4793EE6210}"
EndProject
Project("{8BC9CEB8-8B4A-11D0-8D11-00A0C91BC942}") = "004_fbxLoader", "004_fbxLoader\004_fbxLoader.vcxproj", "{A2E47488-35E5-4F27-8E67-93A10CFF4D23}"
EndProject
Project("{8BC9CEB8-8B4A-11D0-8D11-00A0C91BC942}") = "005_fbxAnim", "005_fbxAnim\005_fbxAnim.vcxproj", "{AB1C86B9-16E3-4790-9DFD-2CDEE532D29A}"
EndProject
Project("{8BC9CEB8-8B4A-11D0-8D11-00A0C91BC942}") = "006_CreateMapHeight", "006_CreateMapHeight\006_CreateMapHeight.vcxproj", "{EA427DAB-0F85-46E3-89C9-62C3E06ACF63}"
EndProject
Project("{8BC9CEB8-8B4A-11D0-8D11-00A0C91BC942}") = "007_CreateSkyBox", "007_CreateSkyBox\007_CreateSkyBox.vcxproj", "{3A8ABA83-7515-4CA3-84AE-DB4968584903}"
EndProject
Project("{8BC9CEB8-8B4A-11D0-8D11-00A0C91BC942}") = "001_BehaviorTree", "001_BehaviorTree\001_BehaviorTree.vcxproj", "{598B0F47-F47A-4E95-80B6-30E730321D03}"
EndProject
Project("{2150E333-8FDC-42A3-9474-1A3956D46DE8}") = "DX_TOOL_Prj", "DX_TOOL_Prj", "{6DC56D91-2B1E-48B4-AC41-6AD520EEFFC8}"
EndProject
Project("{8BC9CEB8-8B4A-11D0-8D11-00A0C91BC942}") = "DirectXGame", "DirectXGame\DirectXGame.vcxproj", "{BE737B39-50F7-4EAD-AC37-7E33CE6F76FB}"
EndProject
Project("{2150E333-8FDC-42A3-9474-1A3956D46DE8}") = "AI", "AI", "{EA922ABE-10FC-4AE8-9F88-1F2F2AE2C133}"
EndProject
Project("{8BC9CEB8-8B4A-11D0-8D11-00A0C91BC942}") = "FiniteState", "FiniteState\FiniteState.vcxproj", "{84BF9154-7C0E-4E4A-B6DC-92C01A30BC92}"
EndProject
Project("{8BC9CEB8-8B4A-11D0-8D11-00A0C91BC942}") = "PloydAL", "PloydAL\PloydAL.vcxproj", "{095D2852-0CE8-460A-B99B-340622C65157}"
EndProject
Project("{8BC9CEB8-8B4A-11D0-8D11-00A0C91BC942}") = "DirectXShooter", "DirectXShooter\DirectXShooter.vcxproj", "{7EB3C7DF-E4A0-4091-A093-142028225A47}"
EndProject
Project("{8BC9CEB8-8B4A-11D0-8D11-00A0C91BC942}") = "DirectXSpace", "DirectXSpace\DirectXSpace.vcxproj", "{849ADDE4-6726-42AB-A6E2-60DF88562A97}"
EndProject
Project("{8BC9CEB8-8B4A-11D0-8D11-00A0C91BC942}") = "DirectXToolKit", "DirectXToolKit\DirectXToolKit.vcxproj", "{BA6DD01D-7C53-4DE9-9E0B-36376DA33FDA}"
EndProject
Global
	GlobalSection(SolutionConfigurationPlatforms) = preSolution
		Debug|ARM64 = Debug|ARM64
		Debug|x64 = Debug|x64
		Debug|x86 = Debug|x86
		Release|ARM64 = Release|ARM64
		Release|x64 = Release|x64
		Release|x86 = Release|x86
	EndGlobalSection
	GlobalSection(ProjectConfigurationPlatforms) = postSolution
		{334DC338-D257-402F-81E5-A42D44E32FF0}.Debug|ARM64.ActiveCfg = Debug|Win32
		{334DC338-D257-402F-81E5-A42D44E32FF0}.Debug|x64.ActiveCfg = Debug|x64
		{334DC338-D257-402F-81E5-A42D44E32FF0}.Debug|x64.Build.0 = Debug|x64
		{334DC338-D257-402F-81E5-A42D44E32FF0}.Debug|x86.ActiveCfg = Debug|Win32
		{334DC338-D257-402F-81E5-A42D44E32FF0}.Debug|x86.Build.0 = Debug|Win32
		{334DC338-D257-402F-81E5-A42D44E32FF0}.Release|ARM64.ActiveCfg = Release|Win32
		{334DC338-D257-402F-81E5-A42D44E32FF0}.Release|x64.ActiveCfg = Release|x64
		{334DC338-D257-402F-81E5-A42D44E32FF0}.Release|x64.Build.0 = Release|x64
		{334DC338-D257-402F-81E5-A42D44E32FF0}.Release|x86.ActiveCfg = Release|Win32
		{334DC338-D257-402F-81E5-A42D44E32FF0}.Release|x86.Build.0 = Release|Win32
		{82299792-B6E0-4445-8A06-8857610D90FC}.Debug|ARM64.ActiveCfg = Debug|Win32
		{82299792-B6E0-4445-8A06-8857610D90FC}.Debug|x64.ActiveCfg = Debug|x64
		{82299792-B6E0-4445-8A06-8857610D90FC}.Debug|x64.Build.0 = Debug|x64
		{82299792-B6E0-4445-8A06-8857610D90FC}.Debug|x86.ActiveCfg = Debug|Win32
		{82299792-B6E0-4445-8A06-8857610D90FC}.Debug|x86.Build.0 = Debug|Win32
		{82299792-B6E0-4445-8A06-8857610D90FC}.Release|ARM64.ActiveCfg = Release|Win32
		{82299792-B6E0-4445-8A06-8857610D90FC}.Release|x64.ActiveCfg = Release|x64
		{82299792-B6E0-4445-8A06-8857610D90FC}.Release|x64.Build.0 = Release|x64
		{82299792-B6E0-4445-8A06-8857610D90FC}.Release|x86.ActiveCfg = Release|Win32
		{82299792-B6E0-4445-8A06-8857610D90FC}.Release|x86.Build.0 = Release|Win32
		{759ED052-067F-42D0-915C-0E8DCC5DF90C}.Debug|ARM64.ActiveCfg = Debug|Win32
		{759ED052-067F-42D0-915C-0E8DCC5DF90C}.Debug|x64.ActiveCfg = Debug|x64
		{759ED052-067F-42D0-915C-0E8DCC5DF90C}.Debug|x64.Build.0 = Debug|x64
		{759ED052-067F-42D0-915C-0E8DCC5DF90C}.Debug|x86.ActiveCfg = Debug|Win32
		{759ED052-067F-42D0-915C-0E8DCC5DF90C}.Debug|x86.Build.0 = Debug|Win32
		{759ED052-067F-42D0-915C-0E8DCC5DF90C}.Release|ARM64.ActiveCfg = Release|Win32
		{759ED052-067F-42D0-915C-0E8DCC5DF90C}.Release|x64.ActiveCfg = Release|x64
		{759ED052-067F-42D0-915C-0E8DCC5DF90C}.Release|x64.Build.0 = Release|x64
		{759ED052-067F-42D0-915C-0E8DCC5DF90C}.Release|x86.ActiveCfg = Release|Win32
		{759ED052-067F-42D0-915C-0E8DCC5DF90C}.Release|x86.Build.0 = Release|Win32
		{B7823C89-702C-48E5-8911-B5AF93B40956}.Debug|ARM64.ActiveCfg = Debug|Win32
		{B7823C89-702C-48E5-8911-B5AF93B40956}.Debug|x64.ActiveCfg = Debug|x64
		{B7823C89-702C-48E5-8911-B5AF93B40956}.Debug|x64.Build.0 = Debug|x64
		{B7823C89-702C-48E5-8911-B5AF93B40956}.Debug|x86.ActiveCfg = Debug|Win32
		{B7823C89-702C-48E5-8911-B5AF93B40956}.Debug|x86.Build.0 = Debug|Win32
		{B7823C89-702C-48E5-8911-B5AF93B40956}.Release|ARM64.ActiveCfg = Release|Win32
		{B7823C89-702C-48E5-8911-B5AF93B40956}.Release|x64.ActiveCfg = Release|x64
		{B7823C89-702C-48E5-8911-B5AF93B40956}.Release|x64.Build.0 = Release|x64
		{B7823C89-702C-48E5-8911-B5AF93B40956}.Release|x86.ActiveCfg = Release|Win32
		{B7823C89-702C-48E5-8911-B5AF93B40956}.Release|x86.Build.0 = Release|Win32
		{03D11F8D-F3C7-46A7-8665-FDF46AB06F37}.Debug|ARM64.ActiveCfg = Debug|Win32
		{03D11F8D-F3C7-46A7-8665-FDF46AB06F37}.Debug|x64.ActiveCfg = Debug|x64
		{03D11F8D-F3C7-46A7-8665-FDF46AB06F37}.Debug|x64.Build.0 = Debug|x64
		{03D11F8D-F3C7-46A7-8665-FDF46AB06F37}.Debug|x86.ActiveCfg = Debug|Win32
		{03D11F8D-F3C7-46A7-8665-FDF46AB06F37}.Debug|x86.Build.0 = Debug|Win32
		{03D11F8D-F3C7-46A7-8665-FDF46AB06F37}.Release|ARM64.ActiveCfg = Release|Win32
		{03D11F8D-F3C7-46A7-8665-FDF46AB06F37}.Release|x64.ActiveCfg = Release|x64
		{03D11F8D-F3C7-46A7-8665-FDF46AB06F37}.Release|x64.Build.0 = Release|x64
		{03D11F8D-F3C7-46A7-8665-FDF46AB06F37}.Release|x86.ActiveCfg = Release|Win32
		{03D11F8D-F3C7-46A7-8665-FDF46AB06F37}.Release|x86.Build.0 = Release|Win32
		{948CB0DF-463E-416D-A235-FCFF408BF66D}.Debug|ARM64.ActiveCfg = Debug|Win32
		{948CB0DF-463E-416D-A235-FCFF408BF66D}.Debug|x64.ActiveCfg = Debug|x64
		{948CB0DF-463E-416D-A235-FCFF408BF66D}.Debug|x64.Build.0 = Debug|x64
		{948CB0DF-463E-416D-A235-FCFF408BF66D}.Debug|x86.ActiveCfg = Debug|Win32
		{948CB0DF-463E-416D-A235-FCFF408BF66D}.Debug|x86.Build.0 = Debug|Win32
		{948CB0DF-463E-416D-A235-FCFF408BF66D}.Release|ARM64.ActiveCfg = Release|Win32
		{948CB0DF-463E-416D-A235-FCFF408BF66D}.Release|x64.ActiveCfg = Release|x64
		{948CB0DF-463E-416D-A235-FCFF408BF66D}.Release|x64.Build.0 = Release|x64
		{948CB0DF-463E-416D-A235-FCFF408BF66D}.Release|x86.ActiveCfg = Release|Win32
		{948CB0DF-463E-416D-A235-FCFF408BF66D}.Release|x86.Build.0 = Release|Win32
		{5C8E77C3-1287-4F78-8A16-6D0E3CCF42AE}.Debug|ARM64.ActiveCfg = Debug|Win32
		{5C8E77C3-1287-4F78-8A16-6D0E3CCF42AE}.Debug|x64.ActiveCfg = Debug|x64
		{5C8E77C3-1287-4F78-8A16-6D0E3CCF42AE}.Debug|x64.Build.0 = Debug|x64
		{5C8E77C3-1287-4F78-8A16-6D0E3CCF42AE}.Debug|x86.ActiveCfg = Debug|Win32
		{5C8E77C3-1287-4F78-8A16-6D0E3CCF42AE}.Debug|x86.Build.0 = Debug|Win32
		{5C8E77C3-1287-4F78-8A16-6D0E3CCF42AE}.Release|ARM64.ActiveCfg = Release|Win32
		{5C8E77C3-1287-4F78-8A16-6D0E3CCF42AE}.Release|x64.ActiveCfg = Release|x64
		{5C8E77C3-1287-4F78-8A16-6D0E3CCF42AE}.Release|x64.Build.0 = Release|x64
		{5C8E77C3-1287-4F78-8A16-6D0E3CCF42AE}.Release|x86.ActiveCfg = Release|Win32
		{5C8E77C3-1287-4F78-8A16-6D0E3CCF42AE}.Release|x86.Build.0 = Release|Win32
		{FA0BEEEE-C231-4A96-974D-DCE58F33C263}.Debug|ARM64.ActiveCfg = Debug|Win32
		{FA0BEEEE-C231-4A96-974D-DCE58F33C263}.Debug|x64.ActiveCfg = Debug|x64
		{FA0BEEEE-C231-4A96-974D-DCE58F33C263}.Debug|x64.Build.0 = Debug|x64
		{FA0BEEEE-C231-4A96-974D-DCE58F33C263}.Debug|x86.ActiveCfg = Debug|Win32
		{FA0BEEEE-C231-4A96-974D-DCE58F33C263}.Debug|x86.Build.0 = Debug|Win32
		{FA0BEEEE-C231-4A96-974D-DCE58F33C263}.Release|ARM64.ActiveCfg = Release|Win32
		{FA0BEEEE-C231-4A96-974D-DCE58F33C263}.Release|x64.ActiveCfg = Release|x64
		{FA0BEEEE-C231-4A96-974D-DCE58F33C263}.Release|x64.Build.0 = Release|x64
		{FA0BEEEE-C231-4A96-974D-DCE58F33C263}.Release|x86.ActiveCfg = Release|Win32
		{FA0BEEEE-C231-4A96-974D-DCE58F33C263}.Release|x86.Build.0 = Release|Win32
		{0A472ABB-BFE5-4A51-BCC7-93C4BAA48DEF}.Debug|ARM64.ActiveCfg = Debug|Win32
		{0A472ABB-BFE5-4A51-BCC7-93C4BAA48DEF}.Debug|x64.ActiveCfg = Debug|x64
		{0A472ABB-BFE5-4A51-BCC7-93C4BAA48DEF}.Debug|x64.Build.0 = Debug|x64
		{0A472ABB-BFE5-4A51-BCC7-93C4BAA48DEF}.Debug|x86.ActiveCfg = Debug|Win32
		{0A472ABB-BFE5-4A51-BCC7-93C4BAA48DEF}.Debug|x86.Build.0 = Debug|Win32
		{0A472ABB-BFE5-4A51-BCC7-93C4BAA48DEF}.Release|ARM64.ActiveCfg = Release|Win32
		{0A472ABB-BFE5-4A51-BCC7-93C4BAA48DEF}.Release|x64.ActiveCfg = Release|x64
		{0A472ABB-BFE5-4A51-BCC7-93C4BAA48DEF}.Release|x64.Build.0 = Release|x64
		{0A472ABB-BFE5-4A51-BCC7-93C4BAA48DEF}.Release|x86.ActiveCfg = Release|Win32
		{0A472ABB-BFE5-4A51-BCC7-93C4BAA48DEF}.Release|x86.Build.0 = Release|Win32
		{901B3707-71AA-4E22-9715-9A93B7E5EAAF}.Debug|ARM64.ActiveCfg = Debug|Win32
		{901B3707-71AA-4E22-9715-9A93B7E5EAAF}.Debug|x64.ActiveCfg = Debug|x64
		{901B3707-71AA-4E22-9715-9A93B7E5EAAF}.Debug|x64.Build.0 = Debug|x64
		{901B3707-71AA-4E22-9715-9A93B7E5EAAF}.Debug|x86.ActiveCfg = Debug|Win32
		{901B3707-71AA-4E22-9715-9A93B7E5EAAF}.Debug|x86.Build.0 = Debug|Win32
		{901B3707-71AA-4E22-9715-9A93B7E5EAAF}.Release|ARM64.ActiveCfg = Release|Win32
		{901B3707-71AA-4E22-9715-9A93B7E5EAAF}.Release|x64.ActiveCfg = Release|x64
		{901B3707-71AA-4E22-9715-9A93B7E5EAAF}.Release|x64.Build.0 = Release|x64
		{901B3707-71AA-4E22-9715-9A93B7E5EAAF}.Release|x86.ActiveCfg = Release|Win32
		{901B3707-71AA-4E22-9715-9A93B7E5EAAF}.Release|x86.Build.0 = Release|Win32
		{B67FC869-68C7-4C25-93DB-9DF31FAFC957}.Debug|ARM64.ActiveCfg = Debug|Win32
		{B67FC869-68C7-4C25-93DB-9DF31FAFC957}.Debug|x64.ActiveCfg = Debug|x64
		{B67FC869-68C7-4C25-93DB-9DF31FAFC957}.Debug|x64.Build.0 = Debug|x64
		{B67FC869-68C7-4C25-93DB-9DF31FAFC957}.Debug|x86.ActiveCfg = Debug|Win32
		{B67FC869-68C7-4C25-93DB-9DF31FAFC957}.Debug|x86.Build.0 = Debug|Win32
		{B67FC869-68C7-4C25-93DB-9DF31FAFC957}.Release|ARM64.ActiveCfg = Release|Win32
		{B67FC869-68C7-4C25-93DB-9DF31FAFC957}.Release|x64.ActiveCfg = Release|x64
		{B67FC869-68C7-4C25-93DB-9DF31FAFC957}.Release|x64.Build.0 = Release|x64
		{B67FC869-68C7-4C25-93DB-9DF31FAFC957}.Release|x86.ActiveCfg = Release|Win32
		{B67FC869-68C7-4C25-93DB-9DF31FAFC957}.Release|x86.Build.0 = Release|Win32
		{DE388CA8-230B-47AB-9650-7DBE5F24C0C8}.Debug|ARM64.ActiveCfg = Debug|Win32
		{DE388CA8-230B-47AB-9650-7DBE5F24C0C8}.Debug|x64.ActiveCfg = Debug|x64
		{DE388CA8-230B-47AB-9650-7DBE5F24C0C8}.Debug|x64.Build.0 = Debug|x64
		{DE388CA8-230B-47AB-9650-7DBE5F24C0C8}.Debug|x86.ActiveCfg = Debug|Win32
		{DE388CA8-230B-47AB-9650-7DBE5F24C0C8}.Debug|x86.Build.0 = Debug|Win32
		{DE388CA8-230B-47AB-9650-7DBE5F24C0C8}.Release|ARM64.ActiveCfg = Release|Win32
		{DE388CA8-230B-47AB-9650-7DBE5F24C0C8}.Release|x64.ActiveCfg = Release|x64
		{DE388CA8-230B-47AB-9650-7DBE5F24C0C8}.Release|x64.Build.0 = Release|x64
		{DE388CA8-230B-47AB-9650-7DBE5F24C0C8}.Release|x86.ActiveCfg = Release|Win32
		{DE388CA8-230B-47AB-9650-7DBE5F24C0C8}.Release|x86.Build.0 = Release|Win32
		{A7622A8C-3397-4A64-BF5A-8562CB244601}.Debug|ARM64.ActiveCfg = Debug|Win32
		{A7622A8C-3397-4A64-BF5A-8562CB244601}.Debug|x64.ActiveCfg = Debug|x64
		{A7622A8C-3397-4A64-BF5A-8562CB244601}.Debug|x64.Build.0 = Debug|x64
		{A7622A8C-3397-4A64-BF5A-8562CB244601}.Debug|x86.ActiveCfg = Debug|Win32
		{A7622A8C-3397-4A64-BF5A-8562CB244601}.Debug|x86.Build.0 = Debug|Win32
		{A7622A8C-3397-4A64-BF5A-8562CB244601}.Release|ARM64.ActiveCfg = Release|Win32
		{A7622A8C-3397-4A64-BF5A-8562CB244601}.Release|x64.ActiveCfg = Release|x64
		{A7622A8C-3397-4A64-BF5A-8562CB244601}.Release|x64.Build.0 = Release|x64
		{A7622A8C-3397-4A64-BF5A-8562CB244601}.Release|x86.ActiveCfg = Release|Win32
		{A7622A8C-3397-4A64-BF5A-8562CB244601}.Release|x86.Build.0 = Release|Win32
		{41C07B6A-5220-4511-A134-1CA0212460F2}.Debug|ARM64.ActiveCfg = Debug|Win32
		{41C07B6A-5220-4511-A134-1CA0212460F2}.Debug|x64.ActiveCfg = Debug|x64
		{41C07B6A-5220-4511-A134-1CA0212460F2}.Debug|x64.Build.0 = Debug|x64
		{41C07B6A-5220-4511-A134-1CA0212460F2}.Debug|x86.ActiveCfg = Debug|Win32
		{41C07B6A-5220-4511-A134-1CA0212460F2}.Debug|x86.Build.0 = Debug|Win32
		{41C07B6A-5220-4511-A134-1CA0212460F2}.Release|ARM64.ActiveCfg = Release|Win32
		{41C07B6A-5220-4511-A134-1CA0212460F2}.Release|x64.ActiveCfg = Release|x64
		{41C07B6A-5220-4511-A134-1CA0212460F2}.Release|x64.Build.0 = Release|x64
		{41C07B6A-5220-4511-A134-1CA0212460F2}.Release|x86.ActiveCfg = Release|Win32
		{41C07B6A-5220-4511-A134-1CA0212460F2}.Release|x86.Build.0 = Release|Win32
		{FBFC265A-211E-4BEF-A3EB-E5C750033D67}.Debug|ARM64.ActiveCfg = Debug|Win32
		{FBFC265A-211E-4BEF-A3EB-E5C750033D67}.Debug|x64.ActiveCfg = Debug|x64
		{FBFC265A-211E-4BEF-A3EB-E5C750033D67}.Debug|x64.Build.0 = Debug|x64
		{FBFC265A-211E-4BEF-A3EB-E5C750033D67}.Debug|x86.ActiveCfg = Debug|Win32
		{FBFC265A-211E-4BEF-A3EB-E5C750033D67}.Debug|x86.Build.0 = Debug|Win32
		{FBFC265A-211E-4BEF-A3EB-E5C750033D67}.Release|ARM64.ActiveCfg = Release|Win32
		{FBFC265A-211E-4BEF-A3EB-E5C750033D67}.Release|x64.ActiveCfg = Release|x64
		{FBFC265A-211E-4BEF-A3EB-E5C750033D67}.Release|x64.Build.0 = Release|x64
		{FBFC265A-211E-4BEF-A3EB-E5C750033D67}.Release|x86.ActiveCfg = Release|Win32
		{FBFC265A-211E-4BEF-A3EB-E5C750033D67}.Release|x86.Build.0 = Release|Win32
		{D07ACAD8-71B7-4810-8DBC-3551AFF52BB2}.Debug|ARM64.ActiveCfg = Debug|Win32
		{D07ACAD8-71B7-4810-8DBC-3551AFF52BB2}.Debug|x64.ActiveCfg = Debug|x64
		{D07ACAD8-71B7-4810-8DBC-3551AFF52BB2}.Debug|x64.Build.0 = Debug|x64
		{D07ACAD8-71B7-4810-8DBC-3551AFF52BB2}.Debug|x86.ActiveCfg = Debug|Win32
		{D07ACAD8-71B7-4810-8DBC-3551AFF52BB2}.Debug|x86.Build.0 = Debug|Win32
		{D07ACAD8-71B7-4810-8DBC-3551AFF52BB2}.Release|ARM64.ActiveCfg = Release|Win32
		{D07ACAD8-71B7-4810-8DBC-3551AFF52BB2}.Release|x64.ActiveCfg = Release|x64
		{D07ACAD8-71B7-4810-8DBC-3551AFF52BB2}.Release|x64.Build.0 = Release|x64
		{D07ACAD8-71B7-4810-8DBC-3551AFF52BB2}.Release|x86.ActiveCfg = Release|Win32
		{D07ACAD8-71B7-4810-8DBC-3551AFF52BB2}.Release|x86.Build.0 = Release|Win32
		{C60E8DE7-3C78-4FBF-B526-87F14CEE9299}.Debug|ARM64.ActiveCfg = Debug|Win32
		{C60E8DE7-3C78-4FBF-B526-87F14CEE9299}.Debug|x64.ActiveCfg = Debug|x64
		{C60E8DE7-3C78-4FBF-B526-87F14CEE9299}.Debug|x64.Build.0 = Debug|x64
		{C60E8DE7-3C78-4FBF-B526-87F14CEE9299}.Debug|x86.ActiveCfg = Debug|Win32
		{C60E8DE7-3C78-4FBF-B526-87F14CEE9299}.Debug|x86.Build.0 = Debug|Win32
		{C60E8DE7-3C78-4FBF-B526-87F14CEE9299}.Release|ARM64.ActiveCfg = Release|Win32
		{C60E8DE7-3C78-4FBF-B526-87F14CEE9299}.Release|x64.ActiveCfg = Release|x64
		{C60E8DE7-3C78-4FBF-B526-87F14CEE9299}.Release|x64.Build.0 = Release|x64
		{C60E8DE7-3C78-4FBF-B526-87F14CEE9299}.Release|x86.ActiveCfg = Release|Win32
		{C60E8DE7-3C78-4FBF-B526-87F14CEE9299}.Release|x86.Build.0 = Release|Win32
		{69A13B4A-8AFE-421F-B5E5-52401B708CBE}.Debug|ARM64.ActiveCfg = Debug|Win32
		{69A13B4A-8AFE-421F-B5E5-52401B708CBE}.Debug|x64.ActiveCfg = Debug|x64
		{69A13B4A-8AFE-421F-B5E5-52401B708CBE}.Debug|x64.Build.0 = Debug|x64
		{69A13B4A-8AFE-421F-B5E5-52401B708CBE}.Debug|x86.ActiveCfg = Debug|Win32
		{69A13B4A-8AFE-421F-B5E5-52401B708CBE}.Debug|x86.Build.0 = Debug|Win32
		{69A13B4A-8AFE-421F-B5E5-52401B708CBE}.Release|ARM64.ActiveCfg = Release|Win32
		{69A13B4A-8AFE-421F-B5E5-52401B708CBE}.Release|x64.ActiveCfg = Release|x64
		{69A13B4A-8AFE-421F-B5E5-52401B708CBE}.Release|x64.Build.0 = Release|x64
		{69A13B4A-8AFE-421F-B5E5-52401B708CBE}.Release|x86.ActiveCfg = Release|Win32
		{69A13B4A-8AFE-421F-B5E5-52401B708CBE}.Release|x86.Build.0 = Release|Win32
		{2160AB11-4CC6-4B0A-B756-F2E144BD7DB3}.Debug|ARM64.ActiveCfg = Debug|Win32
		{2160AB11-4CC6-4B0A-B756-F2E144BD7DB3}.Debug|x64.ActiveCfg = Debug|x64
		{2160AB11-4CC6-4B0A-B756-F2E144BD7DB3}.Debug|x64.Build.0 = Debug|x64
		{2160AB11-4CC6-4B0A-B756-F2E144BD7DB3}.Debug|x86.ActiveCfg = Debug|Win32
		{2160AB11-4CC6-4B0A-B756-F2E144BD7DB3}.Debug|x86.Build.0 = Debug|Win32
		{2160AB11-4CC6-4B0A-B756-F2E144BD7DB3}.Release|ARM64.ActiveCfg = Release|Win32
		{2160AB11-4CC6-4B0A-B756-F2E144BD7DB3}.Release|x64.ActiveCfg = Release|x64
		{2160AB11-4CC6-4B0A-B756-F2E144BD7DB3}.Release|x64.Build.0 = Release|x64
		{2160AB11-4CC6-4B0A-B756-F2E144BD7DB3}.Release|x86.ActiveCfg = Release|Win32
		{2160AB11-4CC6-4B0A-B756-F2E144BD7DB3}.Release|x86.Build.0 = Release|Win32
		{EA0182D8-4198-4C93-BD87-7FC98D67B580}.Debug|ARM64.ActiveCfg = Debug|Win32
		{EA0182D8-4198-4C93-BD87-7FC98D67B580}.Debug|x64.ActiveCfg = Debug|x64
		{EA0182D8-4198-4C93-BD87-7FC98D67B580}.Debug|x64.Build.0 = Debug|x64
		{EA0182D8-4198-4C93-BD87-7FC98D67B580}.Debug|x86.ActiveCfg = Debug|Win32
		{EA0182D8-4198-4C93-BD87-7FC98D67B580}.Debug|x86.Build.0 = Debug|Win32
		{EA0182D8-4198-4C93-BD87-7FC98D67B580}.Release|ARM64.ActiveCfg = Release|Win32
		{EA0182D8-4198-4C93-BD87-7FC98D67B580}.Release|x64.ActiveCfg = Release|x64
		{EA0182D8-4198-4C93-BD87-7FC98D67B580}.Release|x64.Build.0 = Release|x64
		{EA0182D8-4198-4C93-BD87-7FC98D67B580}.Release|x86.ActiveCfg = Release|Win32
		{EA0182D8-4198-4C93-BD87-7FC98D67B580}.Release|x86.Build.0 = Release|Win32
		{F5AF9B20-A4A4-4135-B3C1-B9F716BBC04B}.Debug|ARM64.ActiveCfg = Debug|Win32
		{F5AF9B20-A4A4-4135-B3C1-B9F716BBC04B}.Debug|x64.ActiveCfg = Debug|x64
		{F5AF9B20-A4A4-4135-B3C1-B9F716BBC04B}.Debug|x64.Build.0 = Debug|x64
		{F5AF9B20-A4A4-4135-B3C1-B9F716BBC04B}.Debug|x86.ActiveCfg = Debug|Win32
		{F5AF9B20-A4A4-4135-B3C1-B9F716BBC04B}.Debug|x86.Build.0 = Debug|Win32
		{F5AF9B20-A4A4-4135-B3C1-B9F716BBC04B}.Release|ARM64.ActiveCfg = Release|Win32
		{F5AF9B20-A4A4-4135-B3C1-B9F716BBC04B}.Release|x64.ActiveCfg = Release|x64
		{F5AF9B20-A4A4-4135-B3C1-B9F716BBC04B}.Release|x64.Build.0 = Release|x64
		{F5AF9B20-A4A4-4135-B3C1-B9F716BBC04B}.Release|x86.ActiveCfg = Release|Win32
		{F5AF9B20-A4A4-4135-B3C1-B9F716BBC04B}.Release|x86.Build.0 = Release|Win32
		{2AADBF0C-5FF2-4A85-8864-08BBE6D408BA}.Debug|ARM64.ActiveCfg = Debug|Win32
		{2AADBF0C-5FF2-4A85-8864-08BBE6D408BA}.Debug|x64.ActiveCfg = Debug|x64
		{2AADBF0C-5FF2-4A85-8864-08BBE6D408BA}.Debug|x64.Build.0 = Debug|x64
		{2AADBF0C-5FF2-4A85-8864-08BBE6D408BA}.Debug|x86.ActiveCfg = Debug|Win32
		{2AADBF0C-5FF2-4A85-8864-08BBE6D408BA}.Debug|x86.Build.0 = Debug|Win32
		{2AADBF0C-5FF2-4A85-8864-08BBE6D408BA}.Release|ARM64.ActiveCfg = Release|Win32
		{2AADBF0C-5FF2-4A85-8864-08BBE6D408BA}.Release|x64.ActiveCfg = Release|x64
		{2AADBF0C-5FF2-4A85-8864-08BBE6D408BA}.Release|x64.Build.0 = Release|x64
		{2AADBF0C-5FF2-4A85-8864-08BBE6D408BA}.Release|x86.ActiveCfg = Release|Win32
		{2AADBF0C-5FF2-4A85-8864-08BBE6D408BA}.Release|x86.Build.0 = Release|Win32
		{DD2F1FF9-3672-4F58-9A10-44315D1A6525}.Debug|ARM64.ActiveCfg = Debug|Win32
		{DD2F1FF9-3672-4F58-9A10-44315D1A6525}.Debug|x64.ActiveCfg = Debug|x64
		{DD2F1FF9-3672-4F58-9A10-44315D1A6525}.Debug|x64.Build.0 = Debug|x64
		{DD2F1FF9-3672-4F58-9A10-44315D1A6525}.Debug|x86.ActiveCfg = Debug|Win32
		{DD2F1FF9-3672-4F58-9A10-44315D1A6525}.Debug|x86.Build.0 = Debug|Win32
		{DD2F1FF9-3672-4F58-9A10-44315D1A6525}.Release|ARM64.ActiveCfg = Release|Win32
		{DD2F1FF9-3672-4F58-9A10-44315D1A6525}.Release|x64.ActiveCfg = Release|x64
		{DD2F1FF9-3672-4F58-9A10-44315D1A6525}.Release|x64.Build.0 = Release|x64
		{DD2F1FF9-3672-4F58-9A10-44315D1A6525}.Release|x86.ActiveCfg = Release|Win32
		{DD2F1FF9-3672-4F58-9A10-44315D1A6525}.Release|x86.Build.0 = Release|Win32
		{F7CCCBBD-B859-45C4-B2AC-0BA0456E4DB4}.Debug|ARM64.ActiveCfg = Debug|Win32
		{F7CCCBBD-B859-45C4-B2AC-0BA0456E4DB4}.Debug|x64.ActiveCfg = Debug|x64
		{F7CCCBBD-B859-45C4-B2AC-0BA0456E4DB4}.Debug|x64.Build.0 = Debug|x64
		{F7CCCBBD-B859-45C4-B2AC-0BA0456E4DB4}.Debug|x86.ActiveCfg = Debug|Win32
		{F7CCCBBD-B859-45C4-B2AC-0BA0456E4DB4}.Debug|x86.Build.0 = Debug|Win32
		{F7CCCBBD-B859-45C4-B2AC-0BA0456E4DB4}.Release|ARM64.ActiveCfg = Release|Win32
		{F7CCCBBD-B859-45C4-B2AC-0BA0456E4DB4}.Release|x64.ActiveCfg = Release|x64
		{F7CCCBBD-B859-45C4-B2AC-0BA0456E4DB4}.Release|x64.Build.0 = Release|x64
		{F7CCCBBD-B859-45C4-B2AC-0BA0456E4DB4}.Release|x86.ActiveCfg = Release|Win32
		{F7CCCBBD-B859-45C4-B2AC-0BA0456E4DB4}.Release|x86.Build.0 = Release|Win32
		{AE62EB9F-8D66-4246-91F5-A0A258AA788B}.Debug|ARM64.ActiveCfg = Debug|Win32
		{AE62EB9F-8D66-4246-91F5-A0A258AA788B}.Debug|x64.ActiveCfg = Debug|x64
		{AE62EB9F-8D66-4246-91F5-A0A258AA788B}.Debug|x64.Build.0 = Debug|x64
		{AE62EB9F-8D66-4246-91F5-A0A258AA788B}.Debug|x86.ActiveCfg = Debug|Win32
		{AE62EB9F-8D66-4246-91F5-A0A258AA788B}.Debug|x86.Build.0 = Debug|Win32
		{AE62EB9F-8D66-4246-91F5-A0A258AA788B}.Release|ARM64.ActiveCfg = Release|Win32
		{AE62EB9F-8D66-4246-91F5-A0A258AA788B}.Release|x64.ActiveCfg = Release|x64
		{AE62EB9F-8D66-4246-91F5-A0A258AA788B}.Release|x64.Build.0 = Release|x64
		{AE62EB9F-8D66-4246-91F5-A0A258AA788B}.Release|x86.ActiveCfg = Release|Win32
		{AE62EB9F-8D66-4246-91F5-A0A258AA788B}.Release|x86.Build.0 = Release|Win32
		{FD1E3A9E-FBF5-43D2-99B0-5EFBD04CD34D}.Debug|ARM64.ActiveCfg = Debug|Win32
		{FD1E3A9E-FBF5-43D2-99B0-5EFBD04CD34D}.Debug|x64.ActiveCfg = Debug|x64
		{FD1E3A9E-FBF5-43D2-99B0-5EFBD04CD34D}.Debug|x64.Build.0 = Debug|x64
		{FD1E3A9E-FBF5-43D2-99B0-5EFBD04CD34D}.Debug|x86.ActiveCfg = Debug|Win32
		{FD1E3A9E-FBF5-43D2-99B0-5EFBD04CD34D}.Debug|x86.Build.0 = Debug|Win32
		{FD1E3A9E-FBF5-43D2-99B0-5EFBD04CD34D}.Release|ARM64.ActiveCfg = Release|Win32
		{FD1E3A9E-FBF5-43D2-99B0-5EFBD04CD34D}.Release|x64.ActiveCfg = Release|x64
		{FD1E3A9E-FBF5-43D2-99B0-5EFBD04CD34D}.Release|x64.Build.0 = Release|x64
		{FD1E3A9E-FBF5-43D2-99B0-5EFBD04CD34D}.Release|x86.ActiveCfg = Release|Win32
		{FD1E3A9E-FBF5-43D2-99B0-5EFBD04CD34D}.Release|x86.Build.0 = Release|Win32
		{5C08A2B2-F03D-41F7-AB79-038EDC0C8BB8}.Debug|ARM64.ActiveCfg = Debug|Win32
		{5C08A2B2-F03D-41F7-AB79-038EDC0C8BB8}.Debug|x64.ActiveCfg = Debug|x64
		{5C08A2B2-F03D-41F7-AB79-038EDC0C8BB8}.Debug|x64.Build.0 = Debug|x64
		{5C08A2B2-F03D-41F7-AB79-038EDC0C8BB8}.Debug|x86.ActiveCfg = Debug|Win32
		{5C08A2B2-F03D-41F7-AB79-038EDC0C8BB8}.Debug|x86.Build.0 = Debug|Win32
		{5C08A2B2-F03D-41F7-AB79-038EDC0C8BB8}.Release|ARM64.ActiveCfg = Release|Win32
		{5C08A2B2-F03D-41F7-AB79-038EDC0C8BB8}.Release|x64.ActiveCfg = Release|x64
		{5C08A2B2-F03D-41F7-AB79-038EDC0C8BB8}.Release|x64.Build.0 = Release|x64
		{5C08A2B2-F03D-41F7-AB79-038EDC0C8BB8}.Release|x86.ActiveCfg = Release|Win32
		{5C08A2B2-F03D-41F7-AB79-038EDC0C8BB8}.Release|x86.Build.0 = Release|Win32
		{EBC2B6D4-5181-4A66-BBD9-8C14D82DAD32}.Debug|ARM64.ActiveCfg = Debug|Win32
		{EBC2B6D4-5181-4A66-BBD9-8C14D82DAD32}.Debug|x64.ActiveCfg = Debug|x64
		{EBC2B6D4-5181-4A66-BBD9-8C14D82DAD32}.Debug|x64.Build.0 = Debug|x64
		{EBC2B6D4-5181-4A66-BBD9-8C14D82DAD32}.Debug|x86.ActiveCfg = Debug|Win32
		{EBC2B6D4-5181-4A66-BBD9-8C14D82DAD32}.Debug|x86.Build.0 = Debug|Win32
		{EBC2B6D4-5181-4A66-BBD9-8C14D82DAD32}.Release|ARM64.ActiveCfg = Release|Win32
		{EBC2B6D4-5181-4A66-BBD9-8C14D82DAD32}.Release|x64.ActiveCfg = Release|x64
		{EBC2B6D4-5181-4A66-BBD9-8C14D82DAD32}.Release|x64.Build.0 = Release|x64
		{EBC2B6D4-5181-4A66-BBD9-8C14D82DAD32}.Release|x86.ActiveCfg = Release|Win32
		{EBC2B6D4-5181-4A66-BBD9-8C14D82DAD32}.Release|x86.Build.0 = Release|Win32
		{0F5DB9AE-BF34-4BED-9408-85947F8704FA}.Debug|ARM64.ActiveCfg = Debug|Win32
		{0F5DB9AE-BF34-4BED-9408-85947F8704FA}.Debug|x64.ActiveCfg = Debug|x64
		{0F5DB9AE-BF34-4BED-9408-85947F8704FA}.Debug|x64.Build.0 = Debug|x64
		{0F5DB9AE-BF34-4BED-9408-85947F8704FA}.Debug|x86.ActiveCfg = Debug|Win32
		{0F5DB9AE-BF34-4BED-9408-85947F8704FA}.Debug|x86.Build.0 = Debug|Win32
		{0F5DB9AE-BF34-4BED-9408-85947F8704FA}.Release|ARM64.ActiveCfg = Release|Win32
		{0F5DB9AE-BF34-4BED-9408-85947F8704FA}.Release|x64.ActiveCfg = Release|x64
		{0F5DB9AE-BF34-4BED-9408-85947F8704FA}.Release|x64.Build.0 = Release|x64
		{0F5DB9AE-BF34-4BED-9408-85947F8704FA}.Release|x86.ActiveCfg = Release|Win32
		{0F5DB9AE-BF34-4BED-9408-85947F8704FA}.Release|x86.Build.0 = Release|Win32
		{19D21522-3A73-4795-8312-5E219442610C}.Debug|ARM64.ActiveCfg = Debug|Win32
		{19D21522-3A73-4795-8312-5E219442610C}.Debug|x64.ActiveCfg = Debug|x64
		{19D21522-3A73-4795-8312-5E219442610C}.Debug|x64.Build.0 = Debug|x64
		{19D21522-3A73-4795-8312-5E219442610C}.Debug|x86.ActiveCfg = Debug|Win32
		{19D21522-3A73-4795-8312-5E219442610C}.Debug|x86.Build.0 = Debug|Win32
		{19D21522-3A73-4795-8312-5E219442610C}.Release|ARM64.ActiveCfg = Release|Win32
		{19D21522-3A73-4795-8312-5E219442610C}.Release|x64.ActiveCfg = Release|x64
		{19D21522-3A73-4795-8312-5E219442610C}.Release|x64.Build.0 = Release|x64
		{19D21522-3A73-4795-8312-5E219442610C}.Release|x86.ActiveCfg = Release|Win32
		{19D21522-3A73-4795-8312-5E219442610C}.Release|x86.Build.0 = Release|Win32
		{80CC7344-3F10-4AB2-BD51-4A9EAB8F5122}.Debug|ARM64.ActiveCfg = Debug|Win32
		{80CC7344-3F10-4AB2-BD51-4A9EAB8F5122}.Debug|x64.ActiveCfg = Debug|x64
		{80CC7344-3F10-4AB2-BD51-4A9EAB8F5122}.Debug|x64.Build.0 = Debug|x64
		{80CC7344-3F10-4AB2-BD51-4A9EAB8F5122}.Debug|x86.ActiveCfg = Debug|Win32
		{80CC7344-3F10-4AB2-BD51-4A9EAB8F5122}.Debug|x86.Build.0 = Debug|Win32
		{80CC7344-3F10-4AB2-BD51-4A9EAB8F5122}.Release|ARM64.ActiveCfg = Release|Win32
		{80CC7344-3F10-4AB2-BD51-4A9EAB8F5122}.Release|x64.ActiveCfg = Release|x64
		{80CC7344-3F10-4AB2-BD51-4A9EAB8F5122}.Release|x64.Build.0 = Release|x64
		{80CC7344-3F10-4AB2-BD51-4A9EAB8F5122}.Release|x86.ActiveCfg = Release|Win32
		{80CC7344-3F10-4AB2-BD51-4A9EAB8F5122}.Release|x86.Build.0 = Release|Win32
		{7B44864B-B2B4-40C6-9231-1529DC83E8C4}.Debug|ARM64.ActiveCfg = Debug|Win32
		{7B44864B-B2B4-40C6-9231-1529DC83E8C4}.Debug|x64.ActiveCfg = Debug|x64
		{7B44864B-B2B4-40C6-9231-1529DC83E8C4}.Debug|x64.Build.0 = Debug|x64
		{7B44864B-B2B4-40C6-9231-1529DC83E8C4}.Debug|x86.ActiveCfg = Debug|Win32
		{7B44864B-B2B4-40C6-9231-1529DC83E8C4}.Debug|x86.Build.0 = Debug|Win32
		{7B44864B-B2B4-40C6-9231-1529DC83E8C4}.Release|ARM64.ActiveCfg = Release|Win32
		{7B44864B-B2B4-40C6-9231-1529DC83E8C4}.Release|x64.ActiveCfg = Release|x64
		{7B44864B-B2B4-40C6-9231-1529DC83E8C4}.Release|x64.Build.0 = Release|x64
		{7B44864B-B2B4-40C6-9231-1529DC83E8C4}.Release|x86.ActiveCfg = Release|Win32
		{7B44864B-B2B4-40C6-9231-1529DC83E8C4}.Release|x86.Build.0 = Release|Win32
		{90961399-D015-4CD4-9AC2-B87C744E99BE}.Debug|ARM64.ActiveCfg = Debug|Win32
		{90961399-D015-4CD4-9AC2-B87C744E99BE}.Debug|x64.ActiveCfg = Debug|x64
		{90961399-D015-4CD4-9AC2-B87C744E99BE}.Debug|x64.Build.0 = Debug|x64
		{90961399-D015-4CD4-9AC2-B87C744E99BE}.Debug|x86.ActiveCfg = Debug|Win32
		{90961399-D015-4CD4-9AC2-B87C744E99BE}.Debug|x86.Build.0 = Debug|Win32
		{90961399-D015-4CD4-9AC2-B87C744E99BE}.Release|ARM64.ActiveCfg = Release|Win32
		{90961399-D015-4CD4-9AC2-B87C744E99BE}.Release|x64.ActiveCfg = Release|x64
		{90961399-D015-4CD4-9AC2-B87C744E99BE}.Release|x64.Build.0 = Release|x64
		{90961399-D015-4CD4-9AC2-B87C744E99BE}.Release|x86.ActiveCfg = Release|Win32
		{90961399-D015-4CD4-9AC2-B87C744E99BE}.Release|x86.Build.0 = Release|Win32
		{AB8F6D24-E174-4C34-A873-092BE7665247}.Debug|ARM64.ActiveCfg = Debug|Win32
		{AB8F6D24-E174-4C34-A873-092BE7665247}.Debug|x64.ActiveCfg = Debug|x64
		{AB8F6D24-E174-4C34-A873-092BE7665247}.Debug|x64.Build.0 = Debug|x64
		{AB8F6D24-E174-4C34-A873-092BE7665247}.Debug|x86.ActiveCfg = Debug|Win32
		{AB8F6D24-E174-4C34-A873-092BE7665247}.Debug|x86.Build.0 = Debug|Win32
		{AB8F6D24-E174-4C34-A873-092BE7665247}.Release|ARM64.ActiveCfg = Release|Win32
		{AB8F6D24-E174-4C34-A873-092BE7665247}.Release|x64.ActiveCfg = Release|x64
		{AB8F6D24-E174-4C34-A873-092BE7665247}.Release|x64.Build.0 = Release|x64
		{AB8F6D24-E174-4C34-A873-092BE7665247}.Release|x86.ActiveCfg = Release|Win32
		{AB8F6D24-E174-4C34-A873-092BE7665247}.Release|x86.Build.0 = Release|Win32
		{9F130A1F-D23F-44D2-9B85-7A66BB2D4F34}.Debug|ARM64.ActiveCfg = Debug|Win32
		{9F130A1F-D23F-44D2-9B85-7A66BB2D4F34}.Debug|x64.ActiveCfg = Debug|x64
		{9F130A1F-D23F-44D2-9B85-7A66BB2D4F34}.Debug|x64.Build.0 = Debug|x64
		{9F130A1F-D23F-44D2-9B85-7A66BB2D4F34}.Debug|x86.ActiveCfg = Debug|Win32
		{9F130A1F-D23F-44D2-9B85-7A66BB2D4F34}.Debug|x86.Build.0 = Debug|Win32
		{9F130A1F-D23F-44D2-9B85-7A66BB2D4F34}.Release|ARM64.ActiveCfg = Release|Win32
		{9F130A1F-D23F-44D2-9B85-7A66BB2D4F34}.Release|x64.ActiveCfg = Release|x64
		{9F130A1F-D23F-44D2-9B85-7A66BB2D4F34}.Release|x64.Build.0 = Release|x64
		{9F130A1F-D23F-44D2-9B85-7A66BB2D4F34}.Release|x86.ActiveCfg = Release|Win32
		{9F130A1F-D23F-44D2-9B85-7A66BB2D4F34}.Release|x86.Build.0 = Release|Win32
		{1DC5F81F-7CF2-423A-B998-DA9B4F2D120C}.Debug|ARM64.ActiveCfg = Debug|Win32
		{1DC5F81F-7CF2-423A-B998-DA9B4F2D120C}.Debug|x64.ActiveCfg = Debug|x64
		{1DC5F81F-7CF2-423A-B998-DA9B4F2D120C}.Debug|x64.Build.0 = Debug|x64
		{1DC5F81F-7CF2-423A-B998-DA9B4F2D120C}.Debug|x86.ActiveCfg = Debug|Win32
		{1DC5F81F-7CF2-423A-B998-DA9B4F2D120C}.Debug|x86.Build.0 = Debug|Win32
		{1DC5F81F-7CF2-423A-B998-DA9B4F2D120C}.Release|ARM64.ActiveCfg = Release|Win32
		{1DC5F81F-7CF2-423A-B998-DA9B4F2D120C}.Release|x64.ActiveCfg = Release|x64
		{1DC5F81F-7CF2-423A-B998-DA9B4F2D120C}.Release|x64.Build.0 = Release|x64
		{1DC5F81F-7CF2-423A-B998-DA9B4F2D120C}.Release|x86.ActiveCfg = Release|Win32
		{1DC5F81F-7CF2-423A-B998-DA9B4F2D120C}.Release|x86.Build.0 = Release|Win32
		{A2EB2359-627B-4A86-8EA4-7CDA9AC59F10}.Debug|ARM64.ActiveCfg = Debug|Win32
		{A2EB2359-627B-4A86-8EA4-7CDA9AC59F10}.Debug|x64.ActiveCfg = Debug|x64
		{A2EB2359-627B-4A86-8EA4-7CDA9AC59F10}.Debug|x64.Build.0 = Debug|x64
		{A2EB2359-627B-4A86-8EA4-7CDA9AC59F10}.Debug|x86.ActiveCfg = Debug|Win32
		{A2EB2359-627B-4A86-8EA4-7CDA9AC59F10}.Debug|x86.Build.0 = Debug|Win32
		{A2EB2359-627B-4A86-8EA4-7CDA9AC59F10}.Release|ARM64.ActiveCfg = Release|Win32
		{A2EB2359-627B-4A86-8EA4-7CDA9AC59F10}.Release|x64.ActiveCfg = Release|x64
		{A2EB2359-627B-4A86-8EA4-7CDA9AC59F10}.Release|x64.Build.0 = Release|x64
		{A2EB2359-627B-4A86-8EA4-7CDA9AC59F10}.Release|x86.ActiveCfg = Release|Win32
		{A2EB2359-627B-4A86-8EA4-7CDA9AC59F10}.Release|x86.Build.0 = Release|Win32
		{9A5C2566-F39E-42A1-BE19-8C9B7EECF6C8}.Debug|ARM64.ActiveCfg = Debug|Win32
		{9A5C2566-F39E-42A1-BE19-8C9B7EECF6C8}.Debug|x64.ActiveCfg = Debug|x64
		{9A5C2566-F39E-42A1-BE19-8C9B7EECF6C8}.Debug|x64.Build.0 = Debug|x64
		{9A5C2566-F39E-42A1-BE19-8C9B7EECF6C8}.Debug|x86.ActiveCfg = Debug|Win32
		{9A5C2566-F39E-42A1-BE19-8C9B7EECF6C8}.Debug|x86.Build.0 = Debug|Win32
		{9A5C2566-F39E-42A1-BE19-8C9B7EECF6C8}.Release|ARM64.ActiveCfg = Release|Win32
		{9A5C2566-F39E-42A1-BE19-8C9B7EECF6C8}.Release|x64.ActiveCfg = Release|x64
		{9A5C2566-F39E-42A1-BE19-8C9B7EECF6C8}.Release|x64.Build.0 = Release|x64
		{9A5C2566-F39E-42A1-BE19-8C9B7EECF6C8}.Release|x86.ActiveCfg = Release|Win32
		{9A5C2566-F39E-42A1-BE19-8C9B7EECF6C8}.Release|x86.Build.0 = Release|Win32
		{E0B52AE7-E160-4D32-BF3F-910B785E5A8E}.Debug|ARM64.ActiveCfg = Debug|Win32
		{E0B52AE7-E160-4D32-BF3F-910B785E5A8E}.Debug|x64.ActiveCfg = Debug|x64
		{E0B52AE7-E160-4D32-BF3F-910B785E5A8E}.Debug|x64.Build.0 = Debug|x64
		{E0B52AE7-E160-4D32-BF3F-910B785E5A8E}.Debug|x86.ActiveCfg = Debug|Win32
		{E0B52AE7-E160-4D32-BF3F-910B785E5A8E}.Debug|x86.Build.0 = Debug|Win32
		{E0B52AE7-E160-4D32-BF3F-910B785E5A8E}.Release|ARM64.ActiveCfg = Release|Win32
		{E0B52AE7-E160-4D32-BF3F-910B785E5A8E}.Release|x64.ActiveCfg = Release|x64
		{E0B52AE7-E160-4D32-BF3F-910B785E5A8E}.Release|x64.Build.0 = Release|x64
		{E0B52AE7-E160-4D32-BF3F-910B785E5A8E}.Release|x86.ActiveCfg = Release|Win32
		{E0B52AE7-E160-4D32-BF3F-910B785E5A8E}.Release|x86.Build.0 = Release|Win32
		{B753DA50-CA23-4D63-801B-0928D7563140}.Debug|ARM64.ActiveCfg = Debug|Win32
		{B753DA50-CA23-4D63-801B-0928D7563140}.Debug|x64.ActiveCfg = Debug|x64
		{B753DA50-CA23-4D63-801B-0928D7563140}.Debug|x64.Build.0 = Debug|x64
		{B753DA50-CA23-4D63-801B-0928D7563140}.Debug|x86.ActiveCfg = Debug|Win32
		{B753DA50-CA23-4D63-801B-0928D7563140}.Debug|x86.Build.0 = Debug|Win32
		{B753DA50-CA23-4D63-801B-0928D7563140}.Release|ARM64.ActiveCfg = Release|Win32
		{B753DA50-CA23-4D63-801B-0928D7563140}.Release|x64.ActiveCfg = Release|x64
		{B753DA50-CA23-4D63-801B-0928D7563140}.Release|x64.Build.0 = Release|x64
		{B753DA50-CA23-4D63-801B-0928D7563140}.Release|x86.ActiveCfg = Release|Win32
		{B753DA50-CA23-4D63-801B-0928D7563140}.Release|x86.Build.0 = Release|Win32
		{B0350F84-1C2B-48D8-A4D8-112EA31D150C}.Debug|ARM64.ActiveCfg = Debug|Win32
		{B0350F84-1C2B-48D8-A4D8-112EA31D150C}.Debug|x64.ActiveCfg = Debug|x64
		{B0350F84-1C2B-48D8-A4D8-112EA31D150C}.Debug|x64.Build.0 = Debug|x64
		{B0350F84-1C2B-48D8-A4D8-112EA31D150C}.Debug|x86.ActiveCfg = Debug|Win32
		{B0350F84-1C2B-48D8-A4D8-112EA31D150C}.Debug|x86.Build.0 = Debug|Win32
		{B0350F84-1C2B-48D8-A4D8-112EA31D150C}.Release|ARM64.ActiveCfg = Release|Win32
		{B0350F84-1C2B-48D8-A4D8-112EA31D150C}.Release|x64.ActiveCfg = Release|x64
		{B0350F84-1C2B-48D8-A4D8-112EA31D150C}.Release|x64.Build.0 = Release|x64
		{B0350F84-1C2B-48D8-A4D8-112EA31D150C}.Release|x86.ActiveCfg = Release|Win32
		{B0350F84-1C2B-48D8-A4D8-112EA31D150C}.Release|x86.Build.0 = Release|Win32
		{2497E3F9-BDB3-44FF-B5D9-9CA08AC638F5}.Debug|ARM64.ActiveCfg = Debug|Win32
		{2497E3F9-BDB3-44FF-B5D9-9CA08AC638F5}.Debug|x64.ActiveCfg = Debug|x64
		{2497E3F9-BDB3-44FF-B5D9-9CA08AC638F5}.Debug|x64.Build.0 = Debug|x64
		{2497E3F9-BDB3-44FF-B5D9-9CA08AC638F5}.Debug|x86.ActiveCfg = Debug|Win32
		{2497E3F9-BDB3-44FF-B5D9-9CA08AC638F5}.Debug|x86.Build.0 = Debug|Win32
		{2497E3F9-BDB3-44FF-B5D9-9CA08AC638F5}.Release|ARM64.ActiveCfg = Release|Win32
		{2497E3F9-BDB3-44FF-B5D9-9CA08AC638F5}.Release|x64.ActiveCfg = Release|x64
		{2497E3F9-BDB3-44FF-B5D9-9CA08AC638F5}.Release|x64.Build.0 = Release|x64
		{2497E3F9-BDB3-44FF-B5D9-9CA08AC638F5}.Release|x86.ActiveCfg = Release|Win32
		{2497E3F9-BDB3-44FF-B5D9-9CA08AC638F5}.Release|x86.Build.0 = Release|Win32
		{3B25BC25-EEE6-4B95-B0B4-5D332E65E422}.Debug|ARM64.ActiveCfg = Debug|Win32
		{3B25BC25-EEE6-4B95-B0B4-5D332E65E422}.Debug|x64.ActiveCfg = Debug|x64
		{3B25BC25-EEE6-4B95-B0B4-5D332E65E422}.Debug|x64.Build.0 = Debug|x64
		{3B25BC25-EEE6-4B95-B0B4-5D332E65E422}.Debug|x86.ActiveCfg = Debug|Win32
		{3B25BC25-EEE6-4B95-B0B4-5D332E65E422}.Debug|x86.Build.0 = Debug|Win32
		{3B25BC25-EEE6-4B95-B0B4-5D332E65E422}.Release|ARM64.ActiveCfg = Release|Win32
		{3B25BC25-EEE6-4B95-B0B4-5D332E65E422}.Release|x64.ActiveCfg = Release|x64
		{3B25BC25-EEE6-4B95-B0B4-5D332E65E422}.Release|x64.Build.0 = Release|x64
		{3B25BC25-EEE6-4B95-B0B4-5D332E65E422}.Release|x86.ActiveCfg = Release|Win32
		{3B25BC25-EEE6-4B95-B0B4-5D332E65E422}.Release|x86.Build.0 = Release|Win32
		{DA566032-4499-49D3-9B29-68BDE16E16FF}.Debug|ARM64.ActiveCfg = Debug|Win32
		{DA566032-4499-49D3-9B29-68BDE16E16FF}.Debug|x64.ActiveCfg = Debug|x64
		{DA566032-4499-49D3-9B29-68BDE16E16FF}.Debug|x64.Build.0 = Debug|x64
		{DA566032-4499-49D3-9B29-68BDE16E16FF}.Debug|x86.ActiveCfg = Debug|Win32
		{DA566032-4499-49D3-9B29-68BDE16E16FF}.Debug|x86.Build.0 = Debug|Win32
		{DA566032-4499-49D3-9B29-68BDE16E16FF}.Release|ARM64.ActiveCfg = Release|Win32
		{DA566032-4499-49D3-9B29-68BDE16E16FF}.Release|x64.ActiveCfg = Release|x64
		{DA566032-4499-49D3-9B29-68BDE16E16FF}.Release|x64.Build.0 = Release|x64
		{DA566032-4499-49D3-9B29-68BDE16E16FF}.Release|x86.ActiveCfg = Release|Win32
		{DA566032-4499-49D3-9B29-68BDE16E16FF}.Release|x86.Build.0 = Release|Win32
		{241139F8-F0D9-4D44-9EE6-322BFBD32E37}.Debug|ARM64.ActiveCfg = Debug|Win32
		{241139F8-F0D9-4D44-9EE6-322BFBD32E37}.Debug|x64.ActiveCfg = Debug|x64
		{241139F8-F0D9-4D44-9EE6-322BFBD32E37}.Debug|x64.Build.0 = Debug|x64
		{241139F8-F0D9-4D44-9EE6-322BFBD32E37}.Debug|x86.ActiveCfg = Debug|Win32
		{241139F8-F0D9-4D44-9EE6-322BFBD32E37}.Debug|x86.Build.0 = Debug|Win32
		{241139F8-F0D9-4D44-9EE6-322BFBD32E37}.Release|ARM64.ActiveCfg = Release|Win32
		{241139F8-F0D9-4D44-9EE6-322BFBD32E37}.Release|x64.ActiveCfg = Release|x64
		{241139F8-F0D9-4D44-9EE6-322BFBD32E37}.Release|x64.Build.0 = Release|x64
		{241139F8-F0D9-4D44-9EE6-322BFBD32E37}.Release|x86.ActiveCfg = Release|Win32
		{241139F8-F0D9-4D44-9EE6-322BFBD32E37}.Release|x86.Build.0 = Release|Win32
		{D7409C23-F899-4089-8CB3-8BAAF95CAD7B}.Debug|ARM64.ActiveCfg = Debug|Win32
		{D7409C23-F899-4089-8CB3-8BAAF95CAD7B}.Debug|x64.ActiveCfg = Debug|x64
		{D7409C23-F899-4089-8CB3-8BAAF95CAD7B}.Debug|x64.Build.0 = Debug|x64
		{D7409C23-F899-4089-8CB3-8BAAF95CAD7B}.Debug|x86.ActiveCfg = Debug|Win32
		{D7409C23-F899-4089-8CB3-8BAAF95CAD7B}.Debug|x86.Build.0 = Debug|Win32
		{D7409C23-F899-4089-8CB3-8BAAF95CAD7B}.Release|ARM64.ActiveCfg = Release|Win32
		{D7409C23-F899-4089-8CB3-8BAAF95CAD7B}.Release|x64.ActiveCfg = Release|x64
		{D7409C23-F899-4089-8CB3-8BAAF95CAD7B}.Release|x64.Build.0 = Release|x64
		{D7409C23-F899-4089-8CB3-8BAAF95CAD7B}.Release|x86.ActiveCfg = Release|Win32
		{D7409C23-F899-4089-8CB3-8BAAF95CAD7B}.Release|x86.Build.0 = Release|Win32
		{2045821B-99D1-4876-81C9-BB4E9DF8321C}.Debug|ARM64.ActiveCfg = Debug|Win32
		{2045821B-99D1-4876-81C9-BB4E9DF8321C}.Debug|x64.ActiveCfg = Debug|x64
		{2045821B-99D1-4876-81C9-BB4E9DF8321C}.Debug|x64.Build.0 = Debug|x64
		{2045821B-99D1-4876-81C9-BB4E9DF8321C}.Debug|x86.ActiveCfg = Debug|Win32
		{2045821B-99D1-4876-81C9-BB4E9DF8321C}.Debug|x86.Build.0 = Debug|Win32
		{2045821B-99D1-4876-81C9-BB4E9DF8321C}.Release|ARM64.ActiveCfg = Release|Win32
		{2045821B-99D1-4876-81C9-BB4E9DF8321C}.Release|x64.ActiveCfg = Release|x64
		{2045821B-99D1-4876-81C9-BB4E9DF8321C}.Release|x64.Build.0 = Release|x64
		{2045821B-99D1-4876-81C9-BB4E9DF8321C}.Release|x86.ActiveCfg = Release|Win32
		{2045821B-99D1-4876-81C9-BB4E9DF8321C}.Release|x86.Build.0 = Release|Win32
		{9AF45099-E585-4229-B06C-095E0228D148}.Debug|ARM64.ActiveCfg = Debug|Win32
		{9AF45099-E585-4229-B06C-095E0228D148}.Debug|x64.ActiveCfg = Debug|x64
		{9AF45099-E585-4229-B06C-095E0228D148}.Debug|x64.Build.0 = Debug|x64
		{9AF45099-E585-4229-B06C-095E0228D148}.Debug|x86.ActiveCfg = Debug|Win32
		{9AF45099-E585-4229-B06C-095E0228D148}.Debug|x86.Build.0 = Debug|Win32
		{9AF45099-E585-4229-B06C-095E0228D148}.Release|ARM64.ActiveCfg = Release|Win32
		{9AF45099-E585-4229-B06C-095E0228D148}.Release|x64.ActiveCfg = Release|x64
		{9AF45099-E585-4229-B06C-095E0228D148}.Release|x64.Build.0 = Release|x64
		{9AF45099-E585-4229-B06C-095E0228D148}.Release|x86.ActiveCfg = Release|Win32
		{9AF45099-E585-4229-B06C-095E0228D148}.Release|x86.Build.0 = Release|Win32
		{9BC860F3-2BF2-4104-BBB9-DFE61B4E9523}.Debug|ARM64.ActiveCfg = Debug|Win32
		{9BC860F3-2BF2-4104-BBB9-DFE61B4E9523}.Debug|x64.ActiveCfg = Debug|x64
		{9BC860F3-2BF2-4104-BBB9-DFE61B4E9523}.Debug|x64.Build.0 = Debug|x64
		{9BC860F3-2BF2-4104-BBB9-DFE61B4E9523}.Debug|x86.ActiveCfg = Debug|Win32
		{9BC860F3-2BF2-4104-BBB9-DFE61B4E9523}.Debug|x86.Build.0 = Debug|Win32
		{9BC860F3-2BF2-4104-BBB9-DFE61B4E9523}.Release|ARM64.ActiveCfg = Release|Win32
		{9BC860F3-2BF2-4104-BBB9-DFE61B4E9523}.Release|x64.ActiveCfg = Release|x64
		{9BC860F3-2BF2-4104-BBB9-DFE61B4E9523}.Release|x64.Build.0 = Release|x64
		{9BC860F3-2BF2-4104-BBB9-DFE61B4E9523}.Release|x86.ActiveCfg = Release|Win32
		{9BC860F3-2BF2-4104-BBB9-DFE61B4E9523}.Release|x86.Build.0 = Release|Win32
		{D2BEBB5C-4C09-4A90-8204-5507EE1E5F56}.Debug|ARM64.ActiveCfg = Debug|Win32
		{D2BEBB5C-4C09-4A90-8204-5507EE1E5F56}.Debug|x64.ActiveCfg = Debug|x64
		{D2BEBB5C-4C09-4A90-8204-5507EE1E5F56}.Debug|x64.Build.0 = Debug|x64
		{D2BEBB5C-4C09-4A90-8204-5507EE1E5F56}.Debug|x86.ActiveCfg = Debug|Win32
		{D2BEBB5C-4C09-4A90-8204-5507EE1E5F56}.Debug|x86.Build.0 = Debug|Win32
		{D2BEBB5C-4C09-4A90-8204-5507EE1E5F56}.Release|ARM64.ActiveCfg = Release|Win32
		{D2BEBB5C-4C09-4A90-8204-5507EE1E5F56}.Release|x64.ActiveCfg = Release|x64
		{D2BEBB5C-4C09-4A90-8204-5507EE1E5F56}.Release|x64.Build.0 = Release|x64
		{D2BEBB5C-4C09-4A90-8204-5507EE1E5F56}.Release|x86.ActiveCfg = Release|Win32
		{D2BEBB5C-4C09-4A90-8204-5507EE1E5F56}.Release|x86.Build.0 = Release|Win32
		{E08CC12B-4047-4375-8553-A0DB9E472255}.Debug|ARM64.ActiveCfg = Debug|Win32
		{E08CC12B-4047-4375-8553-A0DB9E472255}.Debug|x64.ActiveCfg = Debug|x64
		{E08CC12B-4047-4375-8553-A0DB9E472255}.Debug|x64.Build.0 = Debug|x64
		{E08CC12B-4047-4375-8553-A0DB9E472255}.Debug|x86.ActiveCfg = Debug|Win32
		{E08CC12B-4047-4375-8553-A0DB9E472255}.Debug|x86.Build.0 = Debug|Win32
		{E08CC12B-4047-4375-8553-A0DB9E472255}.Release|ARM64.ActiveCfg = Release|Win32
		{E08CC12B-4047-4375-8553-A0DB9E472255}.Release|x64.ActiveCfg = Release|x64
		{E08CC12B-4047-4375-8553-A0DB9E472255}.Release|x64.Build.0 = Release|x64
		{E08CC12B-4047-4375-8553-A0DB9E472255}.Release|x86.ActiveCfg = Release|Win32
		{E08CC12B-4047-4375-8553-A0DB9E472255}.Release|x86.Build.0 = Release|Win32
		{2D8EF391-A354-40FB-A2D8-4DFCB087F4F7}.Debug|ARM64.ActiveCfg = Debug|Win32
		{2D8EF391-A354-40FB-A2D8-4DFCB087F4F7}.Debug|x64.ActiveCfg = Debug|x64
		{2D8EF391-A354-40FB-A2D8-4DFCB087F4F7}.Debug|x64.Build.0 = Debug|x64
		{2D8EF391-A354-40FB-A2D8-4DFCB087F4F7}.Debug|x86.ActiveCfg = Debug|Win32
		{2D8EF391-A354-40FB-A2D8-4DFCB087F4F7}.Debug|x86.Build.0 = Debug|Win32
		{2D8EF391-A354-40FB-A2D8-4DFCB087F4F7}.Release|ARM64.ActiveCfg = Release|Win32
		{2D8EF391-A354-40FB-A2D8-4DFCB087F4F7}.Release|x64.ActiveCfg = Release|x64
		{2D8EF391-A354-40FB-A2D8-4DFCB087F4F7}.Release|x64.Build.0 = Release|x64
		{2D8EF391-A354-40FB-A2D8-4DFCB087F4F7}.Release|x86.ActiveCfg = Release|Win32
		{2D8EF391-A354-40FB-A2D8-4DFCB087F4F7}.Release|x86.Build.0 = Release|Win32
		{446083D8-41B9-4D4C-96CF-D81D741F8DDF}.Debug|ARM64.ActiveCfg = Debug|Win32
		{446083D8-41B9-4D4C-96CF-D81D741F8DDF}.Debug|x64.ActiveCfg = Debug|x64
		{446083D8-41B9-4D4C-96CF-D81D741F8DDF}.Debug|x64.Build.0 = Debug|x64
		{446083D8-41B9-4D4C-96CF-D81D741F8DDF}.Debug|x86.ActiveCfg = Debug|Win32
		{446083D8-41B9-4D4C-96CF-D81D741F8DDF}.Debug|x86.Build.0 = Debug|Win32
		{446083D8-41B9-4D4C-96CF-D81D741F8DDF}.Release|ARM64.ActiveCfg = Release|Win32
		{446083D8-41B9-4D4C-96CF-D81D741F8DDF}.Release|x64.ActiveCfg = Release|x64
		{446083D8-41B9-4D4C-96CF-D81D741F8DDF}.Release|x64.Build.0 = Release|x64
		{446083D8-41B9-4D4C-96CF-D81D741F8DDF}.Release|x86.ActiveCfg = Release|Win32
		{446083D8-41B9-4D4C-96CF-D81D741F8DDF}.Release|x86.Build.0 = Release|Win32
		{0F101401-E395-41A3-90B3-0309F390C6C5}.Debug|ARM64.ActiveCfg = Debug|Win32
		{0F101401-E395-41A3-90B3-0309F390C6C5}.Debug|x64.ActiveCfg = Debug|x64
		{0F101401-E395-41A3-90B3-0309F390C6C5}.Debug|x64.Build.0 = Debug|x64
		{0F101401-E395-41A3-90B3-0309F390C6C5}.Debug|x86.ActiveCfg = Debug|Win32
		{0F101401-E395-41A3-90B3-0309F390C6C5}.Debug|x86.Build.0 = Debug|Win32
		{0F101401-E395-41A3-90B3-0309F390C6C5}.Release|ARM64.ActiveCfg = Release|Win32
		{0F101401-E395-41A3-90B3-0309F390C6C5}.Release|x64.ActiveCfg = Release|x64
		{0F101401-E395-41A3-90B3-0309F390C6C5}.Release|x64.Build.0 = Release|x64
		{0F101401-E395-41A3-90B3-0309F390C6C5}.Release|x86.ActiveCfg = Release|Win32
		{0F101401-E395-41A3-90B3-0309F390C6C5}.Release|x86.Build.0 = Release|Win32
		{CBC70C5B-A916-47AE-8FDA-89562DCBA5F5}.Debug|ARM64.ActiveCfg = Debug|Win32
		{CBC70C5B-A916-47AE-8FDA-89562DCBA5F5}.Debug|x64.ActiveCfg = Debug|x64
		{CBC70C5B-A916-47AE-8FDA-89562DCBA5F5}.Debug|x64.Build.0 = Debug|x64
		{CBC70C5B-A916-47AE-8FDA-89562DCBA5F5}.Debug|x86.ActiveCfg = Debug|Win32
		{CBC70C5B-A916-47AE-8FDA-89562DCBA5F5}.Debug|x86.Build.0 = Debug|Win32
		{CBC70C5B-A916-47AE-8FDA-89562DCBA5F5}.Release|ARM64.ActiveCfg = Release|Win32
		{CBC70C5B-A916-47AE-8FDA-89562DCBA5F5}.Release|x64.ActiveCfg = Release|x64
		{CBC70C5B-A916-47AE-8FDA-89562DCBA5F5}.Release|x64.Build.0 = Release|x64
		{CBC70C5B-A916-47AE-8FDA-89562DCBA5F5}.Release|x86.ActiveCfg = Release|Win32
		{CBC70C5B-A916-47AE-8FDA-89562DCBA5F5}.Release|x86.Build.0 = Release|Win32
		{AF8AE729-8DFE-4295-8504-16121F5E924C}.Debug|ARM64.ActiveCfg = Debug|Win32
		{AF8AE729-8DFE-4295-8504-16121F5E924C}.Debug|x64.ActiveCfg = Debug|x64
		{AF8AE729-8DFE-4295-8504-16121F5E924C}.Debug|x64.Build.0 = Debug|x64
		{AF8AE729-8DFE-4295-8504-16121F5E924C}.Debug|x86.ActiveCfg = Debug|Win32
		{AF8AE729-8DFE-4295-8504-16121F5E924C}.Debug|x86.Build.0 = Debug|Win32
		{AF8AE729-8DFE-4295-8504-16121F5E924C}.Release|ARM64.ActiveCfg = Release|Win32
		{AF8AE729-8DFE-4295-8504-16121F5E924C}.Release|x64.ActiveCfg = Release|x64
		{AF8AE729-8DFE-4295-8504-16121F5E924C}.Release|x64.Build.0 = Release|x64
		{AF8AE729-8DFE-4295-8504-16121F5E924C}.Release|x86.ActiveCfg = Release|Win32
		{AF8AE729-8DFE-4295-8504-16121F5E924C}.Release|x86.Build.0 = Release|Win32
		{6C19F161-0C6B-407E-91D6-BFBB3A36330C}.Debug|ARM64.ActiveCfg = Debug|Win32
		{6C19F161-0C6B-407E-91D6-BFBB3A36330C}.Debug|x64.ActiveCfg = Debug|x64
		{6C19F161-0C6B-407E-91D6-BFBB3A36330C}.Debug|x64.Build.0 = Debug|x64
		{6C19F161-0C6B-407E-91D6-BFBB3A36330C}.Debug|x86.ActiveCfg = Debug|Win32
		{6C19F161-0C6B-407E-91D6-BFBB3A36330C}.Debug|x86.Build.0 = Debug|Win32
		{6C19F161-0C6B-407E-91D6-BFBB3A36330C}.Release|ARM64.ActiveCfg = Release|Win32
		{6C19F161-0C6B-407E-91D6-BFBB3A36330C}.Release|x64.ActiveCfg = Release|x64
		{6C19F161-0C6B-407E-91D6-BFBB3A36330C}.Release|x64.Build.0 = Release|x64
		{6C19F161-0C6B-407E-91D6-BFBB3A36330C}.Release|x86.ActiveCfg = Release|Win32
		{6C19F161-0C6B-407E-91D6-BFBB3A36330C}.Release|x86.Build.0 = Release|Win32
		{C2F3F54A-A9F8-47E1-880E-350E0D2818D6}.Debug|ARM64.ActiveCfg = Debug|Win32
		{C2F3F54A-A9F8-47E1-880E-350E0D2818D6}.Debug|x64.ActiveCfg = Debug|x64
		{C2F3F54A-A9F8-47E1-880E-350E0D2818D6}.Debug|x64.Build.0 = Debug|x64
		{C2F3F54A-A9F8-47E1-880E-350E0D2818D6}.Debug|x86.ActiveCfg = Debug|Win32
		{C2F3F54A-A9F8-47E1-880E-350E0D2818D6}.Debug|x86.Build.0 = Debug|Win32
		{C2F3F54A-A9F8-47E1-880E-350E0D2818D6}.Release|ARM64.ActiveCfg = Release|Win32
		{C2F3F54A-A9F8-47E1-880E-350E0D2818D6}.Release|x64.ActiveCfg = Release|x64
		{C2F3F54A-A9F8-47E1-880E-350E0D2818D6}.Release|x64.Build.0 = Release|x64
		{C2F3F54A-A9F8-47E1-880E-350E0D2818D6}.Release|x86.ActiveCfg = Release|Win32
		{C2F3F54A-A9F8-47E1-880E-350E0D2818D6}.Release|x86.Build.0 = Release|Win32
		{27339ADC-110A-49D2-A4EB-97AB9DD8AE1F}.Debug|ARM64.ActiveCfg = Debug|Win32
		{27339ADC-110A-49D2-A4EB-97AB9DD8AE1F}.Debug|x64.ActiveCfg = Debug|x64
		{27339ADC-110A-49D2-A4EB-97AB9DD8AE1F}.Debug|x64.Build.0 = Debug|x64
		{27339ADC-110A-49D2-A4EB-97AB9DD8AE1F}.Debug|x86.ActiveCfg = Debug|Win32
		{27339ADC-110A-49D2-A4EB-97AB9DD8AE1F}.Debug|x86.Build.0 = Debug|Win32
		{27339ADC-110A-49D2-A4EB-97AB9DD8AE1F}.Release|ARM64.ActiveCfg = Release|Win32
		{27339ADC-110A-49D2-A4EB-97AB9DD8AE1F}.Release|x64.ActiveCfg = Release|x64
		{27339ADC-110A-49D2-A4EB-97AB9DD8AE1F}.Release|x64.Build.0 = Release|x64
		{27339ADC-110A-49D2-A4EB-97AB9DD8AE1F}.Release|x86.ActiveCfg = Release|Win32
		{27339ADC-110A-49D2-A4EB-97AB9DD8AE1F}.Release|x86.Build.0 = Release|Win32
		{975639CA-E7A7-4187-9CBF-7D97266E0DDE}.Debug|ARM64.ActiveCfg = Debug|Win32
		{975639CA-E7A7-4187-9CBF-7D97266E0DDE}.Debug|x64.ActiveCfg = Debug|x64
		{975639CA-E7A7-4187-9CBF-7D97266E0DDE}.Debug|x64.Build.0 = Debug|x64
		{975639CA-E7A7-4187-9CBF-7D97266E0DDE}.Debug|x86.ActiveCfg = Debug|Win32
		{975639CA-E7A7-4187-9CBF-7D97266E0DDE}.Debug|x86.Build.0 = Debug|Win32
		{975639CA-E7A7-4187-9CBF-7D97266E0DDE}.Release|ARM64.ActiveCfg = Release|Win32
		{975639CA-E7A7-4187-9CBF-7D97266E0DDE}.Release|x64.ActiveCfg = Release|x64
		{975639CA-E7A7-4187-9CBF-7D97266E0DDE}.Release|x64.Build.0 = Release|x64
		{975639CA-E7A7-4187-9CBF-7D97266E0DDE}.Release|x86.ActiveCfg = Release|Win32
		{975639CA-E7A7-4187-9CBF-7D97266E0DDE}.Release|x86.Build.0 = Release|Win32
		{19F63CCA-3EF2-4579-8BA3-E321B554C16F}.Debug|ARM64.ActiveCfg = Debug|Win32
		{19F63CCA-3EF2-4579-8BA3-E321B554C16F}.Debug|x64.ActiveCfg = Debug|x64
		{19F63CCA-3EF2-4579-8BA3-E321B554C16F}.Debug|x64.Build.0 = Debug|x64
		{19F63CCA-3EF2-4579-8BA3-E321B554C16F}.Debug|x86.ActiveCfg = Debug|Win32
		{19F63CCA-3EF2-4579-8BA3-E321B554C16F}.Debug|x86.Build.0 = Debug|Win32
		{19F63CCA-3EF2-4579-8BA3-E321B554C16F}.Release|ARM64.ActiveCfg = Release|Win32
		{19F63CCA-3EF2-4579-8BA3-E321B554C16F}.Release|x64.ActiveCfg = Release|x64
		{19F63CCA-3EF2-4579-8BA3-E321B554C16F}.Release|x64.Build.0 = Release|x64
		{19F63CCA-3EF2-4579-8BA3-E321B554C16F}.Release|x86.ActiveCfg = Release|Win32
		{19F63CCA-3EF2-4579-8BA3-E321B554C16F}.Release|x86.Build.0 = Release|Win32
		{66B8EB18-39BC-415D-8B36-EAB49A029872}.Debug|ARM64.ActiveCfg = Debug|Win32
		{66B8EB18-39BC-415D-8B36-EAB49A029872}.Debug|x64.ActiveCfg = Debug|x64
		{66B8EB18-39BC-415D-8B36-EAB49A029872}.Debug|x64.Build.0 = Debug|x64
		{66B8EB18-39BC-415D-8B36-EAB49A029872}.Debug|x86.ActiveCfg = Debug|Win32
		{66B8EB18-39BC-415D-8B36-EAB49A029872}.Debug|x86.Build.0 = Debug|Win32
		{66B8EB18-39BC-415D-8B36-EAB49A029872}.Release|ARM64.ActiveCfg = Release|Win32
		{66B8EB18-39BC-415D-8B36-EAB49A029872}.Release|x64.ActiveCfg = Release|x64
		{66B8EB18-39BC-415D-8B36-EAB49A029872}.Release|x64.Build.0 = Release|x64
		{66B8EB18-39BC-415D-8B36-EAB49A029872}.Release|x86.ActiveCfg = Release|Win32
		{66B8EB18-39BC-415D-8B36-EAB49A029872}.Release|x86.Build.0 = Release|Win32
		{A3EA171A-C629-4C41-9C55-5A14CDCED643}.Debug|ARM64.ActiveCfg = Debug|Win32
		{A3EA171A-C629-4C41-9C55-5A14CDCED643}.Debug|x64.ActiveCfg = Debug|x64
		{A3EA171A-C629-4C41-9C55-5A14CDCED643}.Debug|x64.Build.0 = Debug|x64
		{A3EA171A-C629-4C41-9C55-5A14CDCED643}.Debug|x86.ActiveCfg = Debug|Win32
		{A3EA171A-C629-4C41-9C55-5A14CDCED643}.Debug|x86.Build.0 = Debug|Win32
		{A3EA171A-C629-4C41-9C55-5A14CDCED643}.Release|ARM64.ActiveCfg = Release|Win32
		{A3EA171A-C629-4C41-9C55-5A14CDCED643}.Release|x64.ActiveCfg = Release|x64
		{A3EA171A-C629-4C41-9C55-5A14CDCED643}.Release|x64.Build.0 = Release|x64
		{A3EA171A-C629-4C41-9C55-5A14CDCED643}.Release|x86.ActiveCfg = Release|Win32
		{A3EA171A-C629-4C41-9C55-5A14CDCED643}.Release|x86.Build.0 = Release|Win32
		{E88CE145-58A1-459F-934D-7DE8E0D0FC41}.Debug|ARM64.ActiveCfg = Debug|Win32
		{E88CE145-58A1-459F-934D-7DE8E0D0FC41}.Debug|x64.ActiveCfg = Debug|x64
		{E88CE145-58A1-459F-934D-7DE8E0D0FC41}.Debug|x64.Build.0 = Debug|x64
		{E88CE145-58A1-459F-934D-7DE8E0D0FC41}.Debug|x86.ActiveCfg = Debug|Win32
		{E88CE145-58A1-459F-934D-7DE8E0D0FC41}.Debug|x86.Build.0 = Debug|Win32
		{E88CE145-58A1-459F-934D-7DE8E0D0FC41}.Release|ARM64.ActiveCfg = Release|Win32
		{E88CE145-58A1-459F-934D-7DE8E0D0FC41}.Release|x64.ActiveCfg = Release|x64
		{E88CE145-58A1-459F-934D-7DE8E0D0FC41}.Release|x64.Build.0 = Release|x64
		{E88CE145-58A1-459F-934D-7DE8E0D0FC41}.Release|x86.ActiveCfg = Release|Win32
		{E88CE145-58A1-459F-934D-7DE8E0D0FC41}.Release|x86.Build.0 = Release|Win32
		{C95766DD-957A-4485-A3D1-B297B567EE8A}.Debug|ARM64.ActiveCfg = Debug|Win32
		{C95766DD-957A-4485-A3D1-B297B567EE8A}.Debug|x64.ActiveCfg = Debug|x64
		{C95766DD-957A-4485-A3D1-B297B567EE8A}.Debug|x64.Build.0 = Debug|x64
		{C95766DD-957A-4485-A3D1-B297B567EE8A}.Debug|x86.ActiveCfg = Debug|Win32
		{C95766DD-957A-4485-A3D1-B297B567EE8A}.Debug|x86.Build.0 = Debug|Win32
		{C95766DD-957A-4485-A3D1-B297B567EE8A}.Release|ARM64.ActiveCfg = Release|Win32
		{C95766DD-957A-4485-A3D1-B297B567EE8A}.Release|x64.ActiveCfg = Release|x64
		{C95766DD-957A-4485-A3D1-B297B567EE8A}.Release|x64.Build.0 = Release|x64
		{C95766DD-957A-4485-A3D1-B297B567EE8A}.Release|x86.ActiveCfg = Release|Win32
		{C95766DD-957A-4485-A3D1-B297B567EE8A}.Release|x86.Build.0 = Release|Win32
		{EFA08A64-DBC8-42DA-BEA1-D9C06A7745DD}.Debug|ARM64.ActiveCfg = Debug|Win32
		{EFA08A64-DBC8-42DA-BEA1-D9C06A7745DD}.Debug|x64.ActiveCfg = Debug|x64
		{EFA08A64-DBC8-42DA-BEA1-D9C06A7745DD}.Debug|x64.Build.0 = Debug|x64
		{EFA08A64-DBC8-42DA-BEA1-D9C06A7745DD}.Debug|x86.ActiveCfg = Debug|Win32
		{EFA08A64-DBC8-42DA-BEA1-D9C06A7745DD}.Debug|x86.Build.0 = Debug|Win32
		{EFA08A64-DBC8-42DA-BEA1-D9C06A7745DD}.Release|ARM64.ActiveCfg = Release|Win32
		{EFA08A64-DBC8-42DA-BEA1-D9C06A7745DD}.Release|x64.ActiveCfg = Release|x64
		{EFA08A64-DBC8-42DA-BEA1-D9C06A7745DD}.Release|x64.Build.0 = Release|x64
		{EFA08A64-DBC8-42DA-BEA1-D9C06A7745DD}.Release|x86.ActiveCfg = Release|Win32
		{EFA08A64-DBC8-42DA-BEA1-D9C06A7745DD}.Release|x86.Build.0 = Release|Win32
		{68CD5CF4-9175-4DC6-8670-4794978218F8}.Debug|ARM64.ActiveCfg = Debug|Win32
		{68CD5CF4-9175-4DC6-8670-4794978218F8}.Debug|x64.ActiveCfg = Debug|x64
		{68CD5CF4-9175-4DC6-8670-4794978218F8}.Debug|x64.Build.0 = Debug|x64
		{68CD5CF4-9175-4DC6-8670-4794978218F8}.Debug|x86.ActiveCfg = Debug|Win32
		{68CD5CF4-9175-4DC6-8670-4794978218F8}.Debug|x86.Build.0 = Debug|Win32
		{68CD5CF4-9175-4DC6-8670-4794978218F8}.Release|ARM64.ActiveCfg = Release|Win32
		{68CD5CF4-9175-4DC6-8670-4794978218F8}.Release|x64.ActiveCfg = Release|x64
		{68CD5CF4-9175-4DC6-8670-4794978218F8}.Release|x64.Build.0 = Release|x64
		{68CD5CF4-9175-4DC6-8670-4794978218F8}.Release|x86.ActiveCfg = Release|Win32
		{68CD5CF4-9175-4DC6-8670-4794978218F8}.Release|x86.Build.0 = Release|Win32
		{1684B16E-49C6-4FDA-9F2D-4328C54B098F}.Debug|ARM64.ActiveCfg = Debug|Win32
		{1684B16E-49C6-4FDA-9F2D-4328C54B098F}.Debug|x64.ActiveCfg = Debug|x64
		{1684B16E-49C6-4FDA-9F2D-4328C54B098F}.Debug|x64.Build.0 = Debug|x64
		{1684B16E-49C6-4FDA-9F2D-4328C54B098F}.Debug|x86.ActiveCfg = Debug|Win32
		{1684B16E-49C6-4FDA-9F2D-4328C54B098F}.Debug|x86.Build.0 = Debug|Win32
		{1684B16E-49C6-4FDA-9F2D-4328C54B098F}.Release|ARM64.ActiveCfg = Release|Win32
		{1684B16E-49C6-4FDA-9F2D-4328C54B098F}.Release|x64.ActiveCfg = Release|x64
		{1684B16E-49C6-4FDA-9F2D-4328C54B098F}.Release|x64.Build.0 = Release|x64
		{1684B16E-49C6-4FDA-9F2D-4328C54B098F}.Release|x86.ActiveCfg = Release|Win32
		{1684B16E-49C6-4FDA-9F2D-4328C54B098F}.Release|x86.Build.0 = Release|Win32
		{9FAF937E-9421-4E50-9D67-F99EA231671A}.Debug|ARM64.ActiveCfg = Debug|Win32
		{9FAF937E-9421-4E50-9D67-F99EA231671A}.Debug|x64.ActiveCfg = Debug|x64
		{9FAF937E-9421-4E50-9D67-F99EA231671A}.Debug|x64.Build.0 = Debug|x64
		{9FAF937E-9421-4E50-9D67-F99EA231671A}.Debug|x86.ActiveCfg = Debug|Win32
		{9FAF937E-9421-4E50-9D67-F99EA231671A}.Debug|x86.Build.0 = Debug|Win32
		{9FAF937E-9421-4E50-9D67-F99EA231671A}.Release|ARM64.ActiveCfg = Release|Win32
		{9FAF937E-9421-4E50-9D67-F99EA231671A}.Release|x64.ActiveCfg = Release|x64
		{9FAF937E-9421-4E50-9D67-F99EA231671A}.Release|x64.Build.0 = Release|x64
		{9FAF937E-9421-4E50-9D67-F99EA231671A}.Release|x86.ActiveCfg = Release|Win32
		{9FAF937E-9421-4E50-9D67-F99EA231671A}.Release|x86.Build.0 = Release|Win32
		{4050C09B-1CBE-4DCC-BB26-05E86544DB0E}.Debug|ARM64.ActiveCfg = Debug|Win32
		{4050C09B-1CBE-4DCC-BB26-05E86544DB0E}.Debug|x64.ActiveCfg = Debug|x64
		{4050C09B-1CBE-4DCC-BB26-05E86544DB0E}.Debug|x64.Build.0 = Debug|x64
		{4050C09B-1CBE-4DCC-BB26-05E86544DB0E}.Debug|x86.ActiveCfg = Debug|Win32
		{4050C09B-1CBE-4DCC-BB26-05E86544DB0E}.Debug|x86.Build.0 = Debug|Win32
		{4050C09B-1CBE-4DCC-BB26-05E86544DB0E}.Release|ARM64.ActiveCfg = Release|Win32
		{4050C09B-1CBE-4DCC-BB26-05E86544DB0E}.Release|x64.ActiveCfg = Release|x64
		{4050C09B-1CBE-4DCC-BB26-05E86544DB0E}.Release|x64.Build.0 = Release|x64
		{4050C09B-1CBE-4DCC-BB26-05E86544DB0E}.Release|x86.ActiveCfg = Release|Win32
		{4050C09B-1CBE-4DCC-BB26-05E86544DB0E}.Release|x86.Build.0 = Release|Win32
		{6EC06FC9-3C8F-4AA1-8A67-B172D0A0C844}.Debug|ARM64.ActiveCfg = Debug|Win32
		{6EC06FC9-3C8F-4AA1-8A67-B172D0A0C844}.Debug|x64.ActiveCfg = Debug|x64
		{6EC06FC9-3C8F-4AA1-8A67-B172D0A0C844}.Debug|x64.Build.0 = Debug|x64
		{6EC06FC9-3C8F-4AA1-8A67-B172D0A0C844}.Debug|x86.ActiveCfg = Debug|Win32
		{6EC06FC9-3C8F-4AA1-8A67-B172D0A0C844}.Debug|x86.Build.0 = Debug|Win32
		{6EC06FC9-3C8F-4AA1-8A67-B172D0A0C844}.Release|ARM64.ActiveCfg = Release|Win32
		{6EC06FC9-3C8F-4AA1-8A67-B172D0A0C844}.Release|x64.ActiveCfg = Release|x64
		{6EC06FC9-3C8F-4AA1-8A67-B172D0A0C844}.Release|x64.Build.0 = Release|x64
		{6EC06FC9-3C8F-4AA1-8A67-B172D0A0C844}.Release|x86.ActiveCfg = Release|Win32
		{6EC06FC9-3C8F-4AA1-8A67-B172D0A0C844}.Release|x86.Build.0 = Release|Win32
		{85DE47F9-8D7B-4C91-A64C-FF4793EE6210}.Debug|ARM64.ActiveCfg = Debug|Win32
		{85DE47F9-8D7B-4C91-A64C-FF4793EE6210}.Debug|x64.ActiveCfg = Debug|x64
		{85DE47F9-8D7B-4C91-A64C-FF4793EE6210}.Debug|x64.Build.0 = Debug|x64
		{85DE47F9-8D7B-4C91-A64C-FF4793EE6210}.Debug|x86.ActiveCfg = Debug|Win32
		{85DE47F9-8D7B-4C91-A64C-FF4793EE6210}.Debug|x86.Build.0 = Debug|Win32
		{85DE47F9-8D7B-4C91-A64C-FF4793EE6210}.Release|ARM64.ActiveCfg = Release|Win32
		{85DE47F9-8D7B-4C91-A64C-FF4793EE6210}.Release|x64.ActiveCfg = Release|x64
		{85DE47F9-8D7B-4C91-A64C-FF4793EE6210}.Release|x64.Build.0 = Release|x64
		{85DE47F9-8D7B-4C91-A64C-FF4793EE6210}.Release|x86.ActiveCfg = Release|Win32
		{85DE47F9-8D7B-4C91-A64C-FF4793EE6210}.Release|x86.Build.0 = Release|Win32
		{A2E47488-35E5-4F27-8E67-93A10CFF4D23}.Debug|ARM64.ActiveCfg = Debug|Win32
		{A2E47488-35E5-4F27-8E67-93A10CFF4D23}.Debug|x64.ActiveCfg = Debug|x64
		{A2E47488-35E5-4F27-8E67-93A10CFF4D23}.Debug|x64.Build.0 = Debug|x64
		{A2E47488-35E5-4F27-8E67-93A10CFF4D23}.Debug|x86.ActiveCfg = Debug|Win32
		{A2E47488-35E5-4F27-8E67-93A10CFF4D23}.Debug|x86.Build.0 = Debug|Win32
		{A2E47488-35E5-4F27-8E67-93A10CFF4D23}.Release|ARM64.ActiveCfg = Release|Win32
		{A2E47488-35E5-4F27-8E67-93A10CFF4D23}.Release|x64.ActiveCfg = Release|x64
		{A2E47488-35E5-4F27-8E67-93A10CFF4D23}.Release|x64.Build.0 = Release|x64
		{A2E47488-35E5-4F27-8E67-93A10CFF4D23}.Release|x86.ActiveCfg = Release|Win32
		{A2E47488-35E5-4F27-8E67-93A10CFF4D23}.Release|x86.Build.0 = Release|Win32
		{AB1C86B9-16E3-4790-9DFD-2CDEE532D29A}.Debug|ARM64.ActiveCfg = Debug|Win32
		{AB1C86B9-16E3-4790-9DFD-2CDEE532D29A}.Debug|x64.ActiveCfg = Debug|x64
		{AB1C86B9-16E3-4790-9DFD-2CDEE532D29A}.Debug|x64.Build.0 = Debug|x64
		{AB1C86B9-16E3-4790-9DFD-2CDEE532D29A}.Debug|x86.ActiveCfg = Debug|Win32
		{AB1C86B9-16E3-4790-9DFD-2CDEE532D29A}.Debug|x86.Build.0 = Debug|Win32
		{AB1C86B9-16E3-4790-9DFD-2CDEE532D29A}.Release|ARM64.ActiveCfg = Release|Win32
		{AB1C86B9-16E3-4790-9DFD-2CDEE532D29A}.Release|x64.ActiveCfg = Release|x64
		{AB1C86B9-16E3-4790-9DFD-2CDEE532D29A}.Release|x64.Build.0 = Release|x64
		{AB1C86B9-16E3-4790-9DFD-2CDEE532D29A}.Release|x86.ActiveCfg = Release|Win32
		{AB1C86B9-16E3-4790-9DFD-2CDEE532D29A}.Release|x86.Build.0 = Release|Win32
		{EA427DAB-0F85-46E3-89C9-62C3E06ACF63}.Debug|ARM64.ActiveCfg = Debug|Win32
		{EA427DAB-0F85-46E3-89C9-62C3E06ACF63}.Debug|x64.ActiveCfg = Debug|x64
		{EA427DAB-0F85-46E3-89C9-62C3E06ACF63}.Debug|x64.Build.0 = Debug|x64
		{EA427DAB-0F85-46E3-89C9-62C3E06ACF63}.Debug|x86.ActiveCfg = Debug|Win32
		{EA427DAB-0F85-46E3-89C9-62C3E06ACF63}.Debug|x86.Build.0 = Debug|Win32
		{EA427DAB-0F85-46E3-89C9-62C3E06ACF63}.Release|ARM64.ActiveCfg = Release|Win32
		{EA427DAB-0F85-46E3-89C9-62C3E06ACF63}.Release|x64.ActiveCfg = Release|x64
		{EA427DAB-0F85-46E3-89C9-62C3E06ACF63}.Release|x64.Build.0 = Release|x64
		{EA427DAB-0F85-46E3-89C9-62C3E06ACF63}.Release|x86.ActiveCfg = Release|Win32
		{EA427DAB-0F85-46E3-89C9-62C3E06ACF63}.Release|x86.Build.0 = Release|Win32
		{3A8ABA83-7515-4CA3-84AE-DB4968584903}.Debug|ARM64.ActiveCfg = Debug|Win32
		{3A8ABA83-7515-4CA3-84AE-DB4968584903}.Debug|x64.ActiveCfg = Debug|x64
		{3A8ABA83-7515-4CA3-84AE-DB4968584903}.Debug|x64.Build.0 = Debug|x64
		{3A8ABA83-7515-4CA3-84AE-DB4968584903}.Debug|x86.ActiveCfg = Debug|Win32
		{3A8ABA83-7515-4CA3-84AE-DB4968584903}.Debug|x86.Build.0 = Debug|Win32
		{3A8ABA83-7515-4CA3-84AE-DB4968584903}.Release|ARM64.ActiveCfg = Release|Win32
		{3A8ABA83-7515-4CA3-84AE-DB4968584903}.Release|x64.ActiveCfg = Release|x64
		{3A8ABA83-7515-4CA3-84AE-DB4968584903}.Release|x64.Build.0 = Release|x64
		{3A8ABA83-7515-4CA3-84AE-DB4968584903}.Release|x86.ActiveCfg = Release|Win32
		{3A8ABA83-7515-4CA3-84AE-DB4968584903}.Release|x86.Build.0 = Release|Win32
		{598B0F47-F47A-4E95-80B6-30E730321D03}.Debug|ARM64.ActiveCfg = Debug|Win32
		{598B0F47-F47A-4E95-80B6-30E730321D03}.Debug|x64.ActiveCfg = Debug|x64
		{598B0F47-F47A-4E95-80B6-30E730321D03}.Debug|x64.Build.0 = Debug|x64
		{598B0F47-F47A-4E95-80B6-30E730321D03}.Debug|x86.ActiveCfg = Debug|Win32
		{598B0F47-F47A-4E95-80B6-30E730321D03}.Debug|x86.Build.0 = Debug|Win32
		{598B0F47-F47A-4E95-80B6-30E730321D03}.Release|ARM64.ActiveCfg = Release|Win32
		{598B0F47-F47A-4E95-80B6-30E730321D03}.Release|x64.ActiveCfg = Release|x64
		{598B0F47-F47A-4E95-80B6-30E730321D03}.Release|x64.Build.0 = Release|x64
		{598B0F47-F47A-4E95-80B6-30E730321D03}.Release|x86.ActiveCfg = Release|Win32
		{598B0F47-F47A-4E95-80B6-30E730321D03}.Release|x86.Build.0 = Release|Win32
		{BE737B39-50F7-4EAD-AC37-7E33CE6F76FB}.Debug|ARM64.ActiveCfg = Debug|Win32
		{BE737B39-50F7-4EAD-AC37-7E33CE6F76FB}.Debug|x64.ActiveCfg = Debug|x64
		{BE737B39-50F7-4EAD-AC37-7E33CE6F76FB}.Debug|x64.Build.0 = Debug|x64
		{BE737B39-50F7-4EAD-AC37-7E33CE6F76FB}.Debug|x86.ActiveCfg = Debug|Win32
		{BE737B39-50F7-4EAD-AC37-7E33CE6F76FB}.Debug|x86.Build.0 = Debug|Win32
		{BE737B39-50F7-4EAD-AC37-7E33CE6F76FB}.Release|ARM64.ActiveCfg = Release|Win32
		{BE737B39-50F7-4EAD-AC37-7E33CE6F76FB}.Release|x64.ActiveCfg = Release|x64
		{BE737B39-50F7-4EAD-AC37-7E33CE6F76FB}.Release|x64.Build.0 = Release|x64
		{BE737B39-50F7-4EAD-AC37-7E33CE6F76FB}.Release|x86.ActiveCfg = Release|Win32
		{BE737B39-50F7-4EAD-AC37-7E33CE6F76FB}.Release|x86.Build.0 = Release|Win32
		{84BF9154-7C0E-4E4A-B6DC-92C01A30BC92}.Debug|ARM64.ActiveCfg = Debug|Win32
		{84BF9154-7C0E-4E4A-B6DC-92C01A30BC92}.Debug|x64.ActiveCfg = Debug|x64
		{84BF9154-7C0E-4E4A-B6DC-92C01A30BC92}.Debug|x64.Build.0 = Debug|x64
		{84BF9154-7C0E-4E4A-B6DC-92C01A30BC92}.Debug|x86.ActiveCfg = Debug|Win32
		{84BF9154-7C0E-4E4A-B6DC-92C01A30BC92}.Debug|x86.Build.0 = Debug|Win32
		{84BF9154-7C0E-4E4A-B6DC-92C01A30BC92}.Release|ARM64.ActiveCfg = Release|Win32
		{84BF9154-7C0E-4E4A-B6DC-92C01A30BC92}.Release|x64.ActiveCfg = Release|x64
		{84BF9154-7C0E-4E4A-B6DC-92C01A30BC92}.Release|x64.Build.0 = Release|x64
		{84BF9154-7C0E-4E4A-B6DC-92C01A30BC92}.Release|x86.ActiveCfg = Release|Win32
		{84BF9154-7C0E-4E4A-B6DC-92C01A30BC92}.Release|x86.Build.0 = Release|Win32
		{095D2852-0CE8-460A-B99B-340622C65157}.Debug|ARM64.ActiveCfg = Debug|Win32
		{095D2852-0CE8-460A-B99B-340622C65157}.Debug|x64.ActiveCfg = Debug|x64
		{095D2852-0CE8-460A-B99B-340622C65157}.Debug|x64.Build.0 = Debug|x64
		{095D2852-0CE8-460A-B99B-340622C65157}.Debug|x86.ActiveCfg = Debug|Win32
		{095D2852-0CE8-460A-B99B-340622C65157}.Debug|x86.Build.0 = Debug|Win32
		{095D2852-0CE8-460A-B99B-340622C65157}.Release|ARM64.ActiveCfg = Release|Win32
		{095D2852-0CE8-460A-B99B-340622C65157}.Release|x64.ActiveCfg = Release|x64
		{095D2852-0CE8-460A-B99B-340622C65157}.Release|x64.Build.0 = Release|x64
		{095D2852-0CE8-460A-B99B-340622C65157}.Release|x86.ActiveCfg = Release|Win32
		{095D2852-0CE8-460A-B99B-340622C65157}.Release|x86.Build.0 = Release|Win32
		{7EB3C7DF-E4A0-4091-A093-142028225A47}.Debug|ARM64.ActiveCfg = Debug|Win32
		{7EB3C7DF-E4A0-4091-A093-142028225A47}.Debug|x64.ActiveCfg = Debug|x64
		{7EB3C7DF-E4A0-4091-A093-142028225A47}.Debug|x64.Build.0 = Debug|x64
		{7EB3C7DF-E4A0-4091-A093-142028225A47}.Debug|x86.ActiveCfg = Debug|Win32
		{7EB3C7DF-E4A0-4091-A093-142028225A47}.Debug|x86.Build.0 = Debug|Win32
		{7EB3C7DF-E4A0-4091-A093-142028225A47}.Release|ARM64.ActiveCfg = Release|Win32
		{7EB3C7DF-E4A0-4091-A093-142028225A47}.Release|x64.ActiveCfg = Release|x64
		{7EB3C7DF-E4A0-4091-A093-142028225A47}.Release|x64.Build.0 = Release|x64
		{7EB3C7DF-E4A0-4091-A093-142028225A47}.Release|x86.ActiveCfg = Release|Win32
		{7EB3C7DF-E4A0-4091-A093-142028225A47}.Release|x86.Build.0 = Release|Win32
		{849ADDE4-6726-42AB-A6E2-60DF88562A97}.Debug|ARM64.ActiveCfg = Debug|Win32
		{849ADDE4-6726-42AB-A6E2-60DF88562A97}.Debug|x64.ActiveCfg = Debug|x64
		{849ADDE4-6726-42AB-A6E2-60DF88562A97}.Debug|x64.Build.0 = Debug|x64
		{849ADDE4-6726-42AB-A6E2-60DF88562A97}.Debug|x86.ActiveCfg = Debug|Win32
		{849ADDE4-6726-42AB-A6E2-60DF88562A97}.Debug|x86.Build.0 = Debug|Win32
		{849ADDE4-6726-42AB-A6E2-60DF88562A97}.Release|ARM64.ActiveCfg = Release|Win32
		{849ADDE4-6726-42AB-A6E2-60DF88562A97}.Release|x64.ActiveCfg = Release|x64
		{849ADDE4-6726-42AB-A6E2-60DF88562A97}.Release|x64.Build.0 = Release|x64
		{849ADDE4-6726-42AB-A6E2-60DF88562A97}.Release|x86.ActiveCfg = Release|Win32
		{849ADDE4-6726-42AB-A6E2-60DF88562A97}.Release|x86.Build.0 = Release|Win32
		{BA6DD01D-7C53-4DE9-9E0B-36376DA33FDA}.Debug|ARM64.ActiveCfg = Debug|Win32
		{BA6DD01D-7C53-4DE9-9E0B-36376DA33FDA}.Debug|x64.ActiveCfg = Debug|x64
		{BA6DD01D-7C53-4DE9-9E0B-36376DA33FDA}.Debug|x64.Build.0 = Debug|x64
		{BA6DD01D-7C53-4DE9-9E0B-36376DA33FDA}.Debug|x86.ActiveCfg = Debug|Win32
		{BA6DD01D-7C53-4DE9-9E0B-36376DA33FDA}.Debug|x86.Build.0 = Debug|Win32
		{BA6DD01D-7C53-4DE9-9E0B-36376DA33FDA}.Release|ARM64.ActiveCfg = Release|Win32
		{BA6DD01D-7C53-4DE9-9E0B-36376DA33FDA}.Release|x64.ActiveCfg = Release|x64
		{BA6DD01D-7C53-4DE9-9E0B-36376DA33FDA}.Release|x64.Build.0 = Release|x64
		{BA6DD01D-7C53-4DE9-9E0B-36376DA33FDA}.Release|x86.ActiveCfg = Release|Win32
		{BA6DD01D-7C53-4DE9-9E0B-36376DA33FDA}.Release|x86.Build.0 = Release|Win32
	EndGlobalSection
	GlobalSection(SolutionProperties) = preSolution
		HideSolutionNode = FALSE
	EndGlobalSection
	GlobalSection(NestedProjects) = preSolution
		{334DC338-D257-402F-81E5-A42D44E32FF0} = {FD0F7367-617D-47DB-9726-DF95EEAB38DF}
		{82299792-B6E0-4445-8A06-8857610D90FC} = {FD0F7367-617D-47DB-9726-DF95EEAB38DF}
		{759ED052-067F-42D0-915C-0E8DCC5DF90C} = {FD0F7367-617D-47DB-9726-DF95EEAB38DF}
		{B7823C89-702C-48E5-8911-B5AF93B40956} = {FD0F7367-617D-47DB-9726-DF95EEAB38DF}
		{03D11F8D-F3C7-46A7-8665-FDF46AB06F37} = {FD0F7367-617D-47DB-9726-DF95EEAB38DF}
		{948CB0DF-463E-416D-A235-FCFF408BF66D} = {4988A4FC-3407-4659-B747-7398DA807898}
		{5C8E77C3-1287-4F78-8A16-6D0E3CCF42AE} = {4988A4FC-3407-4659-B747-7398DA807898}
		{FA0BEEEE-C231-4A96-974D-DCE58F33C263} = {4988A4FC-3407-4659-B747-7398DA807898}
		{0A472ABB-BFE5-4A51-BCC7-93C4BAA48DEF} = {4988A4FC-3407-4659-B747-7398DA807898}
		{901B3707-71AA-4E22-9715-9A93B7E5EAAF} = {4988A4FC-3407-4659-B747-7398DA807898}
		{B67FC869-68C7-4C25-93DB-9DF31FAFC957} = {4988A4FC-3407-4659-B747-7398DA807898}
		{DE388CA8-230B-47AB-9650-7DBE5F24C0C8} = {3912E685-DB5B-4178-96C9-E2EF7BFCE97F}
		{A7622A8C-3397-4A64-BF5A-8562CB244601} = {3912E685-DB5B-4178-96C9-E2EF7BFCE97F}
		{41C07B6A-5220-4511-A134-1CA0212460F2} = {6B388571-1AB3-4905-8343-FA0826A9F262}
		{FBFC265A-211E-4BEF-A3EB-E5C750033D67} = {6B388571-1AB3-4905-8343-FA0826A9F262}
		{D07ACAD8-71B7-4810-8DBC-3551AFF52BB2} = {6B388571-1AB3-4905-8343-FA0826A9F262}
		{C60E8DE7-3C78-4FBF-B526-87F14CEE9299} = {6B388571-1AB3-4905-8343-FA0826A9F262}
		{69A13B4A-8AFE-421F-B5E5-52401B708CBE} = {6B388571-1AB3-4905-8343-FA0826A9F262}
		{2160AB11-4CC6-4B0A-B756-F2E144BD7DB3} = {6B388571-1AB3-4905-8343-FA0826A9F262}
		{EA0182D8-4198-4C93-BD87-7FC98D67B580} = {905597E5-F6B7-4767-B711-30D5185CA05E}
		{F5AF9B20-A4A4-4135-B3C1-B9F716BBC04B} = {3912E685-DB5B-4178-96C9-E2EF7BFCE97F}
		{2AADBF0C-5FF2-4A85-8864-08BBE6D408BA} = {3912E685-DB5B-4178-96C9-E2EF7BFCE97F}
		{DD2F1FF9-3672-4F58-9A10-44315D1A6525} = {3912E685-DB5B-4178-96C9-E2EF7BFCE97F}
		{F7CCCBBD-B859-45C4-B2AC-0BA0456E4DB4} = {3912E685-DB5B-4178-96C9-E2EF7BFCE97F}
		{AE62EB9F-8D66-4246-91F5-A0A258AA788B} = {3912E685-DB5B-4178-96C9-E2EF7BFCE97F}
		{FD1E3A9E-FBF5-43D2-99B0-5EFBD04CD34D} = {30B2C237-EE13-4706-9593-F63703CDEDF4}
		{5C08A2B2-F03D-41F7-AB79-038EDC0C8BB8} = {30B2C237-EE13-4706-9593-F63703CDEDF4}
		{EBC2B6D4-5181-4A66-BBD9-8C14D82DAD32} = {4260139F-B5AA-4BD7-82BC-F71EF99B18DD}
		{0F5DB9AE-BF34-4BED-9408-85947F8704FA} = {30B2C237-EE13-4706-9593-F63703CDEDF4}
		{19D21522-3A73-4795-8312-5E219442610C} = {30B2C237-EE13-4706-9593-F63703CDEDF4}
		{80CC7344-3F10-4AB2-BD51-4A9EAB8F5122} = {4819DCE4-380E-43B0-BB3A-4E6EC7A95169}
		{7B44864B-B2B4-40C6-9231-1529DC83E8C4} = {4819DCE4-380E-43B0-BB3A-4E6EC7A95169}
		{90961399-D015-4CD4-9AC2-B87C744E99BE} = {3912E685-DB5B-4178-96C9-E2EF7BFCE97F}
		{AB8F6D24-E174-4C34-A873-092BE7665247} = {4260139F-B5AA-4BD7-82BC-F71EF99B18DD}
		{9F130A1F-D23F-44D2-9B85-7A66BB2D4F34} = {4260139F-B5AA-4BD7-82BC-F71EF99B18DD}
		{1DC5F81F-7CF2-423A-B998-DA9B4F2D120C} = {4819DCE4-380E-43B0-BB3A-4E6EC7A95169}
		{A2EB2359-627B-4A86-8EA4-7CDA9AC59F10} = {F9B712CA-840C-4A23-8F08-3FA054DA45DB}
		{9A5C2566-F39E-42A1-BE19-8C9B7EECF6C8} = {F9B712CA-840C-4A23-8F08-3FA054DA45DB}
		{4260139F-B5AA-4BD7-82BC-F71EF99B18DD} = {D29CB3BD-5048-4E81-AF24-D603497D7616}
		{F9B712CA-840C-4A23-8F08-3FA054DA45DB} = {D29CB3BD-5048-4E81-AF24-D603497D7616}
		{4819DCE4-380E-43B0-BB3A-4E6EC7A95169} = {D29CB3BD-5048-4E81-AF24-D603497D7616}
		{B753DA50-CA23-4D63-801B-0928D7563140} = {F9B712CA-840C-4A23-8F08-3FA054DA45DB}
		{B0350F84-1C2B-48D8-A4D8-112EA31D150C} = {F9B712CA-840C-4A23-8F08-3FA054DA45DB}
		{2497E3F9-BDB3-44FF-B5D9-9CA08AC638F5} = {201FE5AE-BE8C-405A-98E6-D68526444E7E}
		{3B25BC25-EEE6-4B95-B0B4-5D332E65E422} = {201FE5AE-BE8C-405A-98E6-D68526444E7E}
		{DA566032-4499-49D3-9B29-68BDE16E16FF} = {201FE5AE-BE8C-405A-98E6-D68526444E7E}
		{201FE5AE-BE8C-405A-98E6-D68526444E7E} = {D29CB3BD-5048-4E81-AF24-D603497D7616}
		{DA3D1D54-D1DC-4FF6-897F-79CE53B89F4E} = {D29CB3BD-5048-4E81-AF24-D603497D7616}
		{241139F8-F0D9-4D44-9EE6-322BFBD32E37} = {DA3D1D54-D1DC-4FF6-897F-79CE53B89F4E}
		{D7409C23-F899-4089-8CB3-8BAAF95CAD7B} = {1DACE1C1-29AB-4377-B06C-453105086B25}
		{2045821B-99D1-4876-81C9-BB4E9DF8321C} = {1DACE1C1-29AB-4377-B06C-453105086B25}
		{9AF45099-E585-4229-B06C-095E0228D148} = {1DACE1C1-29AB-4377-B06C-453105086B25}
		{9BC860F3-2BF2-4104-BBB9-DFE61B4E9523} = {1DACE1C1-29AB-4377-B06C-453105086B25}
		{D2BEBB5C-4C09-4A90-8204-5507EE1E5F56} = {1DACE1C1-29AB-4377-B06C-453105086B25}
		{BDFF30A8-0D19-4B7E-BA13-2051159EBF4E} = {D29CB3BD-5048-4E81-AF24-D603497D7616}
		{E08CC12B-4047-4375-8553-A0DB9E472255} = {BDFF30A8-0D19-4B7E-BA13-2051159EBF4E}
		{2D8EF391-A354-40FB-A2D8-4DFCB087F4F7} = {1DACE1C1-29AB-4377-B06C-453105086B25}
		{446083D8-41B9-4D4C-96CF-D81D741F8DDF} = {1DACE1C1-29AB-4377-B06C-453105086B25}
		{1DACE1C1-29AB-4377-B06C-453105086B25} = {DA3D1D54-D1DC-4FF6-897F-79CE53B89F4E}
		{0F101401-E395-41A3-90B3-0309F390C6C5} = {1DACE1C1-29AB-4377-B06C-453105086B25}
		{CBC70C5B-A916-47AE-8FDA-89562DCBA5F5} = {BDFF30A8-0D19-4B7E-BA13-2051159EBF4E}
		{AF8AE729-8DFE-4295-8504-16121F5E924C} = {BDFF30A8-0D19-4B7E-BA13-2051159EBF4E}
		{6C19F161-0C6B-407E-91D6-BFBB3A36330C} = {BDFF30A8-0D19-4B7E-BA13-2051159EBF4E}
		{C2F3F54A-A9F8-47E1-880E-350E0D2818D6} = {BDFF30A8-0D19-4B7E-BA13-2051159EBF4E}
		{27339ADC-110A-49D2-A4EB-97AB9DD8AE1F} = {BDFF30A8-0D19-4B7E-BA13-2051159EBF4E}
		{975639CA-E7A7-4187-9CBF-7D97266E0DDE} = {BDFF30A8-0D19-4B7E-BA13-2051159EBF4E}
		{54A5663B-11F4-47BB-8686-DF52F73E6853} = {7032B1C9-E19E-45E1-B8B1-C35CE2E054BE}
		{19F63CCA-3EF2-4579-8BA3-E321B554C16F} = {54A5663B-11F4-47BB-8686-DF52F73E6853}
		{DECAD148-DF08-42FC-A3F5-D79D0D5CF42E} = {34A3124B-4CAB-4C5A-AC9E-9A329E96D2E1}
		{66B8EB18-39BC-415D-8B36-EAB49A029872} = {DECAD148-DF08-42FC-A3F5-D79D0D5CF42E}
		{A3EA171A-C629-4C41-9C55-5A14CDCED643} = {DECAD148-DF08-42FC-A3F5-D79D0D5CF42E}
		{E88CE145-58A1-459F-934D-7DE8E0D0FC41} = {DECAD148-DF08-42FC-A3F5-D79D0D5CF42E}
		{C95766DD-957A-4485-A3D1-B297B567EE8A} = {54A5663B-11F4-47BB-8686-DF52F73E6853}
		{7032B1C9-E19E-45E1-B8B1-C35CE2E054BE} = {34A3124B-4CAB-4C5A-AC9E-9A329E96D2E1}
		{EFA08A64-DBC8-42DA-BEA1-D9C06A7745DD} = {DECAD148-DF08-42FC-A3F5-D79D0D5CF42E}
		{68CD5CF4-9175-4DC6-8670-4794978218F8} = {DECAD148-DF08-42FC-A3F5-D79D0D5CF42E}
		{1684B16E-49C6-4FDA-9F2D-4328C54B098F} = {DECAD148-DF08-42FC-A3F5-D79D0D5CF42E}
		{9FAF937E-9421-4E50-9D67-F99EA231671A} = {DECAD148-DF08-42FC-A3F5-D79D0D5CF42E}
		{4050C09B-1CBE-4DCC-BB26-05E86544DB0E} = {7032B1C9-E19E-45E1-B8B1-C35CE2E054BE}
		{6EC06FC9-3C8F-4AA1-8A67-B172D0A0C844} = {7032B1C9-E19E-45E1-B8B1-C35CE2E054BE}
		{85DE47F9-8D7B-4C91-A64C-FF4793EE6210} = {7032B1C9-E19E-45E1-B8B1-C35CE2E054BE}
		{A2E47488-35E5-4F27-8E67-93A10CFF4D23} = {7032B1C9-E19E-45E1-B8B1-C35CE2E054BE}
		{AB1C86B9-16E3-4790-9DFD-2CDEE532D29A} = {7032B1C9-E19E-45E1-B8B1-C35CE2E054BE}
		{EA427DAB-0F85-46E3-89C9-62C3E06ACF63} = {7032B1C9-E19E-45E1-B8B1-C35CE2E054BE}
		{3A8ABA83-7515-4CA3-84AE-DB4968584903} = {7032B1C9-E19E-45E1-B8B1-C35CE2E054BE}
		{598B0F47-F47A-4E95-80B6-30E730321D03} = {3912E685-DB5B-4178-96C9-E2EF7BFCE97F}
		{BE737B39-50F7-4EAD-AC37-7E33CE6F76FB} = {6DC56D91-2B1E-48B4-AC41-6AD520EEFFC8}
		{84BF9154-7C0E-4E4A-B6DC-92C01A30BC92} = {EA922ABE-10FC-4AE8-9F88-1F2F2AE2C133}
		{095D2852-0CE8-460A-B99B-340622C65157} = {EA922ABE-10FC-4AE8-9F88-1F2F2AE2C133}
		{7EB3C7DF-E4A0-4091-A093-142028225A47} = {6DC56D91-2B1E-48B4-AC41-6AD520EEFFC8}
		{849ADDE4-6726-42AB-A6E2-60DF88562A97} = {6DC56D91-2B1E-48B4-AC41-6AD520EEFFC8}
		{BA6DD01D-7C53-4DE9-9E0B-36376DA33FDA} = {6DC56D91-2B1E-48B4-AC41-6AD520EEFFC8}
	EndGlobalSection
	GlobalSection(ExtensibilityGlobals) = postSolution
		SolutionGuid = {6DE561A5-9334-4A92-946E-FFC4B2309276}
	EndGlobalSection
EndGlobal
